// !$*UTF8*$!
{
	archiveVersion = 1;
	classes = {
	};
	objectVersion = 46;
	objects = {

/* Begin PBXBuildFile section */
		A305F2A91945EAB800B62C6C /* iTunesArtwork in Resources */ = {isa = PBXBuildFile; fileRef = A305F2A81945EAB800B62C6C /* iTunesArtwork */; };
		A305F2B71945F0DB00B62C6C /* KKGameStateManager.m in Sources */ = {isa = PBXBuildFile; fileRef = A305F2B61945F0DB00B62C6C /* KKGameStateManager.m */; };
		A314CCE2194F2B620002BECC /* KKStageSelectController.m in Sources */ = {isa = PBXBuildFile; fileRef = A314CCE1194F2B620002BECC /* KKStageSelectController.m */; };
		A3335FBE1955F09A000AA5B7 /* TTCarrot.m in Sources */ = {isa = PBXBuildFile; fileRef = A3335FBD1955F09A000AA5B7 /* TTCarrot.m */; };
		A3335FC21956C2D1000AA5B7 /* KKLevelModal.m in Sources */ = {isa = PBXBuildFile; fileRef = A3335FC11956C2D1000AA5B7 /* KKLevelModal.m */; };
		A3335FC51956C96F000AA5B7 /* KKItemModal.m in Sources */ = {isa = PBXBuildFile; fileRef = A3335FC41956C96F000AA5B7 /* KKItemModal.m */; };
		A36A12E7195495ED007F6355 /* TTDisc.m in Sources */ = {isa = PBXBuildFile; fileRef = A36A12E6195495ED007F6355 /* TTDisc.m */; };
		A36A12EA1954BB89007F6355 /* TTCandy.m in Sources */ = {isa = PBXBuildFile; fileRef = A36A12E91954BB89007F6355 /* TTCandy.m */; };
		A36A12ED1954C090007F6355 /* TTChoc.m in Sources */ = {isa = PBXBuildFile; fileRef = A36A12EC1954C090007F6355 /* TTChoc.m */; };
		A36A12F01955510B007F6355 /* TTFish.m in Sources */ = {isa = PBXBuildFile; fileRef = A36A12EF1955510B007F6355 /* TTFish.m */; };
		A36A12F319556DD6007F6355 /* TTApple.m in Sources */ = {isa = PBXBuildFile; fileRef = A36A12F219556DD6007F6355 /* TTApple.m */; };
		A3A67E791902B67700BFAF7B /* Foundation.framework in Frameworks */ = {isa = PBXBuildFile; fileRef = A3A67E781902B67700BFAF7B /* Foundation.framework */; };
		A3A67E7B1902B67700BFAF7B /* CoreGraphics.framework in Frameworks */ = {isa = PBXBuildFile; fileRef = A3A67E7A1902B67700BFAF7B /* CoreGraphics.framework */; };
		A3A67E7D1902B67700BFAF7B /* UIKit.framework in Frameworks */ = {isa = PBXBuildFile; fileRef = A3A67E7C1902B67700BFAF7B /* UIKit.framework */; };
		A3A67E851902B67700BFAF7B /* main.m in Sources */ = {isa = PBXBuildFile; fileRef = A3A67E841902B67700BFAF7B /* main.m */; };
		A3A67E891902B67700BFAF7B /* AppDelegate.m in Sources */ = {isa = PBXBuildFile; fileRef = A3A67E881902B67700BFAF7B /* AppDelegate.m */; };
		A3A67E8C1902B67700BFAF7B /* Main_iPhone.storyboard in Resources */ = {isa = PBXBuildFile; fileRef = A3A67E8A1902B67700BFAF7B /* Main_iPhone.storyboard */; };
		A3A67E8F1902B67700BFAF7B /* Main_iPad.storyboard in Resources */ = {isa = PBXBuildFile; fileRef = A3A67E8D1902B67700BFAF7B /* Main_iPad.storyboard */; };
		A3A67E941902B67700BFAF7B /* Images.xcassets in Resources */ = {isa = PBXBuildFile; fileRef = A3A67E931902B67700BFAF7B /* Images.xcassets */; };
		A3A67E9B1902B67800BFAF7B /* XCTest.framework in Frameworks */ = {isa = PBXBuildFile; fileRef = A3A67E9A1902B67800BFAF7B /* XCTest.framework */; };
		A3A67E9C1902B67800BFAF7B /* Foundation.framework in Frameworks */ = {isa = PBXBuildFile; fileRef = A3A67E781902B67700BFAF7B /* Foundation.framework */; };
		A3A67E9D1902B67800BFAF7B /* UIKit.framework in Frameworks */ = {isa = PBXBuildFile; fileRef = A3A67E7C1902B67700BFAF7B /* UIKit.framework */; };
		A3A67EB71902BE7E00BFAF7B /* KKGameSceneController.m in Sources */ = {isa = PBXBuildFile; fileRef = A3A67EB61902BE7E00BFAF7B /* KKGameSceneController.m */; };
		A3A67EB91902C79B00BFAF7B /* GameData.plist in Resources */ = {isa = PBXBuildFile; fileRef = A3A67EB81902C79B00BFAF7B /* GameData.plist */; };
		A3A67EBF1902C95D00BFAF7B /* KKGameConfigManager.m in Sources */ = {isa = PBXBuildFile; fileRef = A3A67EBE1902C95D00BFAF7B /* KKGameConfigManager.m */; };
		A3A67ED11902E3D300BFAF7B /* TTBase.m in Sources */ = {isa = PBXBuildFile; fileRef = A3A67ECE1902E3D300BFAF7B /* TTBase.m */; };
		A3A67ED21902E3D300BFAF7B /* TTPencil.m in Sources */ = {isa = PBXBuildFile; fileRef = A3A67ED01902E3D300BFAF7B /* TTPencil.m */; };
		A3B3C4EC1961B52700B62BD4 /* InfoPlist.strings in Resources */ = {isa = PBXBuildFile; fileRef = A3B3C4EA1961B52700B62BD4 /* InfoPlist.strings */; };
		A3B3C4F11961C24400B62BD4 /* libFlurry_5.1.0.a in Frameworks */ = {isa = PBXBuildFile; fileRef = A3B3C4F01961C24400B62BD4 /* libFlurry_5.1.0.a */; };
		A3B3C4F71961C4C100B62BD4 /* SystemConfiguration.framework in Frameworks */ = {isa = PBXBuildFile; fileRef = A3B3C4F61961C4C100B62BD4 /* SystemConfiguration.framework */; };
		A3B97D6B1930F7AD0049DCEB /* SoundManager.m in Sources */ = {isa = PBXBuildFile; fileRef = A3B97D6A1930F7AD0049DCEB /* SoundManager.m */; };
		A3B97D751930F9130049DCEB /* track1.caf in Resources */ = {isa = PBXBuildFile; fileRef = A3B97D731930F9130049DCEB /* track1.caf */; };
		A3B97D761930F9130049DCEB /* track2.caf in Resources */ = {isa = PBXBuildFile; fileRef = A3B97D741930F9130049DCEB /* track2.caf */; };
		A3B97D771930F91C0049DCEB /* sound2.caf in Resources */ = {isa = PBXBuildFile; fileRef = A3B97D721930F9000049DCEB /* sound2.caf */; };
		A3B97D781930F91F0049DCEB /* sound1.caf in Resources */ = {isa = PBXBuildFile; fileRef = A3B97D711930F9000049DCEB /* sound1.caf */; };
		A3BE4D7B195329EF00C466ED /* TTLeave.m in Sources */ = {isa = PBXBuildFile; fileRef = A3BE4D7A195329EF00C466ED /* TTLeave.m */; };
		A3D832C4194315ED00C0908C /* TTKite.m in Sources */ = {isa = PBXBuildFile; fileRef = A3D832C3194315ED00C0908C /* TTKite.m */; };
		A3E9E96E1944BA0A00898279 /* TTBalloon.m in Sources */ = {isa = PBXBuildFile; fileRef = A3E9E96D1944BA0A00898279 /* TTBalloon.m */; };
		A3F1005019546B080002CA97 /* KKMailComposerManager.m in Sources */ = {isa = PBXBuildFile; fileRef = A3F1004F19546B080002CA97 /* KKMailComposerManager.m */; };
		A3FB4F4719125D070039585F /* Utility.m in Sources */ = {isa = PBXBuildFile; fileRef = A3FB4F4619125D070039585F /* Utility.m */; };
		A3FF1532195B0796007CE275 /* KKLevelSelectViewController.m in Sources */ = {isa = PBXBuildFile; fileRef = A3FF1531195B0796007CE275 /* KKLevelSelectViewController.m */; };
		A3FF1535195B07B8007CE275 /* KKCollectionViewCell.m in Sources */ = {isa = PBXBuildFile; fileRef = A3FF1534195B07B8007CE275 /* KKCollectionViewCell.m */; };
		A3FF1538195B2191007CE275 /* TTBall.m in Sources */ = {isa = PBXBuildFile; fileRef = A3FF1537195B2191007CE275 /* TTBall.m */; };
		A3FF153B195C4F48007CE275 /* TTBird.m in Sources */ = {isa = PBXBuildFile; fileRef = A3FF153A195C4F48007CE275 /* TTBird.m */; };
		A3FF153E195C791E007CE275 /* TTCandle.m in Sources */ = {isa = PBXBuildFile; fileRef = A3FF153D195C791E007CE275 /* TTCandle.m */; };
		A3FF1541195DDC2D007CE275 /* TTDvd.m in Sources */ = {isa = PBXBuildFile; fileRef = A3FF1540195DDC2D007CE275 /* TTDvd.m */; };
		A3FF1544195E6711007CE275 /* TTStar.m in Sources */ = {isa = PBXBuildFile; fileRef = A3FF1543195E6711007CE275 /* TTStar.m */; };
		A3FF1547195E6720007CE275 /* TTUmbrella.m in Sources */ = {isa = PBXBuildFile; fileRef = A3FF1546195E6720007CE275 /* TTUmbrella.m */; };
		A3FF154A195E672C007CE275 /* TTKey.m in Sources */ = {isa = PBXBuildFile; fileRef = A3FF1549195E672C007CE275 /* TTKey.m */; };
		A3FF154D195E6737007CE275 /* TTBrush.m in Sources */ = {isa = PBXBuildFile; fileRef = A3FF154C195E6737007CE275 /* TTBrush.m */; };
/* End PBXBuildFile section */

/* Begin PBXContainerItemProxy section */
		A3A67E9E1902B67800BFAF7B /* PBXContainerItemProxy */ = {
			isa = PBXContainerItemProxy;
			containerPortal = A3A67E6D1902B67700BFAF7B /* Project object */;
			proxyType = 1;
			remoteGlobalIDString = A3A67E741902B67700BFAF7B;
			remoteInfo = KachiKachi;
		};
/* End PBXContainerItemProxy section */

/* Begin PBXFileReference section */
		A305F2A81945EAB800B62C6C /* iTunesArtwork */ = {isa = PBXFileReference; lastKnownFileType = file; path = iTunesArtwork; sourceTree = "<group>"; };
		A305F2B51945F0DB00B62C6C /* KKGameStateManager.h */ = {isa = PBXFileReference; fileEncoding = 4; lastKnownFileType = sourcecode.c.h; path = KKGameStateManager.h; sourceTree = "<group>"; };
		A305F2B61945F0DB00B62C6C /* KKGameStateManager.m */ = {isa = PBXFileReference; fileEncoding = 4; lastKnownFileType = sourcecode.c.objc; path = KKGameStateManager.m; sourceTree = "<group>"; };
		A314CCE0194F2B620002BECC /* KKStageSelectController.h */ = {isa = PBXFileReference; fileEncoding = 4; lastKnownFileType = sourcecode.c.h; path = KKStageSelectController.h; sourceTree = "<group>"; };
		A314CCE1194F2B620002BECC /* KKStageSelectController.m */ = {isa = PBXFileReference; fileEncoding = 4; lastKnownFileType = sourcecode.c.objc; path = KKStageSelectController.m; sourceTree = "<group>"; };
		A3335FBC1955F09A000AA5B7 /* TTCarrot.h */ = {isa = PBXFileReference; fileEncoding = 4; lastKnownFileType = sourcecode.c.h; path = TTCarrot.h; sourceTree = "<group>"; };
		A3335FBD1955F09A000AA5B7 /* TTCarrot.m */ = {isa = PBXFileReference; fileEncoding = 4; lastKnownFileType = sourcecode.c.objc; path = TTCarrot.m; sourceTree = "<group>"; };
		A3335FC01956C2D1000AA5B7 /* KKLevelModal.h */ = {isa = PBXFileReference; fileEncoding = 4; lastKnownFileType = sourcecode.c.h; path = KKLevelModal.h; sourceTree = "<group>"; };
		A3335FC11956C2D1000AA5B7 /* KKLevelModal.m */ = {isa = PBXFileReference; fileEncoding = 4; lastKnownFileType = sourcecode.c.objc; path = KKLevelModal.m; sourceTree = "<group>"; };
		A3335FC31956C96F000AA5B7 /* KKItemModal.h */ = {isa = PBXFileReference; fileEncoding = 4; lastKnownFileType = sourcecode.c.h; path = KKItemModal.h; sourceTree = "<group>"; };
		A3335FC41956C96F000AA5B7 /* KKItemModal.m */ = {isa = PBXFileReference; fileEncoding = 4; lastKnownFileType = sourcecode.c.objc; path = KKItemModal.m; sourceTree = "<group>"; };
		A36A12E5195495ED007F6355 /* TTDisc.h */ = {isa = PBXFileReference; fileEncoding = 4; lastKnownFileType = sourcecode.c.h; path = TTDisc.h; sourceTree = "<group>"; };
		A36A12E6195495ED007F6355 /* TTDisc.m */ = {isa = PBXFileReference; fileEncoding = 4; lastKnownFileType = sourcecode.c.objc; path = TTDisc.m; sourceTree = "<group>"; };
		A36A12E81954BB89007F6355 /* TTCandy.h */ = {isa = PBXFileReference; fileEncoding = 4; lastKnownFileType = sourcecode.c.h; path = TTCandy.h; sourceTree = "<group>"; };
		A36A12E91954BB89007F6355 /* TTCandy.m */ = {isa = PBXFileReference; fileEncoding = 4; lastKnownFileType = sourcecode.c.objc; path = TTCandy.m; sourceTree = "<group>"; };
		A36A12EB1954C090007F6355 /* TTChoc.h */ = {isa = PBXFileReference; fileEncoding = 4; lastKnownFileType = sourcecode.c.h; path = TTChoc.h; sourceTree = "<group>"; };
		A36A12EC1954C090007F6355 /* TTChoc.m */ = {isa = PBXFileReference; fileEncoding = 4; lastKnownFileType = sourcecode.c.objc; path = TTChoc.m; sourceTree = "<group>"; };
		A36A12EE1955510B007F6355 /* TTFish.h */ = {isa = PBXFileReference; fileEncoding = 4; lastKnownFileType = sourcecode.c.h; path = TTFish.h; sourceTree = "<group>"; };
		A36A12EF1955510B007F6355 /* TTFish.m */ = {isa = PBXFileReference; fileEncoding = 4; lastKnownFileType = sourcecode.c.objc; path = TTFish.m; sourceTree = "<group>"; };
		A36A12F119556DD6007F6355 /* TTApple.h */ = {isa = PBXFileReference; fileEncoding = 4; lastKnownFileType = sourcecode.c.h; path = TTApple.h; sourceTree = "<group>"; };
		A36A12F219556DD6007F6355 /* TTApple.m */ = {isa = PBXFileReference; fileEncoding = 4; lastKnownFileType = sourcecode.c.objc; path = TTApple.m; sourceTree = "<group>"; };
		A3A67E751902B67700BFAF7B /* KachiKachi.app */ = {isa = PBXFileReference; explicitFileType = wrapper.application; includeInIndex = 0; path = KachiKachi.app; sourceTree = BUILT_PRODUCTS_DIR; };
		A3A67E781902B67700BFAF7B /* Foundation.framework */ = {isa = PBXFileReference; lastKnownFileType = wrapper.framework; name = Foundation.framework; path = System/Library/Frameworks/Foundation.framework; sourceTree = SDKROOT; };
		A3A67E7A1902B67700BFAF7B /* CoreGraphics.framework */ = {isa = PBXFileReference; lastKnownFileType = wrapper.framework; name = CoreGraphics.framework; path = System/Library/Frameworks/CoreGraphics.framework; sourceTree = SDKROOT; };
		A3A67E7C1902B67700BFAF7B /* UIKit.framework */ = {isa = PBXFileReference; lastKnownFileType = wrapper.framework; name = UIKit.framework; path = System/Library/Frameworks/UIKit.framework; sourceTree = SDKROOT; };
		A3A67E801902B67700BFAF7B /* KachiKachi-Info.plist */ = {isa = PBXFileReference; lastKnownFileType = text.plist.xml; path = "KachiKachi-Info.plist"; sourceTree = "<group>"; };
		A3A67E821902B67700BFAF7B /* en */ = {isa = PBXFileReference; lastKnownFileType = text.plist.strings; name = en; path = en.lproj/InfoPlist.strings; sourceTree = "<group>"; };
		A3A67E841902B67700BFAF7B /* main.m */ = {isa = PBXFileReference; lastKnownFileType = sourcecode.c.objc; path = main.m; sourceTree = "<group>"; };
		A3A67E861902B67700BFAF7B /* KachiKachi-Prefix.pch */ = {isa = PBXFileReference; lastKnownFileType = sourcecode.c.h; path = "KachiKachi-Prefix.pch"; sourceTree = "<group>"; };
		A3A67E871902B67700BFAF7B /* AppDelegate.h */ = {isa = PBXFileReference; lastKnownFileType = sourcecode.c.h; path = AppDelegate.h; sourceTree = "<group>"; };
		A3A67E881902B67700BFAF7B /* AppDelegate.m */ = {isa = PBXFileReference; lastKnownFileType = sourcecode.c.objc; path = AppDelegate.m; sourceTree = "<group>"; };
		A3A67E8B1902B67700BFAF7B /* Base */ = {isa = PBXFileReference; lastKnownFileType = file.storyboard; name = Base; path = Base.lproj/Main_iPhone.storyboard; sourceTree = "<group>"; };
		A3A67E8E1902B67700BFAF7B /* Base */ = {isa = PBXFileReference; lastKnownFileType = file.storyboard; name = Base; path = Base.lproj/Main_iPad.storyboard; sourceTree = "<group>"; };
		A3A67E931902B67700BFAF7B /* Images.xcassets */ = {isa = PBXFileReference; lastKnownFileType = folder.assetcatalog; path = Images.xcassets; sourceTree = "<group>"; };
		A3A67E991902B67800BFAF7B /* KachiKachiTests.xctest */ = {isa = PBXFileReference; explicitFileType = wrapper.cfbundle; includeInIndex = 0; path = KachiKachiTests.xctest; sourceTree = BUILT_PRODUCTS_DIR; };
		A3A67E9A1902B67800BFAF7B /* XCTest.framework */ = {isa = PBXFileReference; lastKnownFileType = wrapper.framework; name = XCTest.framework; path = Library/Frameworks/XCTest.framework; sourceTree = DEVELOPER_DIR; };
		A3A67EB51902BE7E00BFAF7B /* KKGameSceneController.h */ = {isa = PBXFileReference; fileEncoding = 4; lastKnownFileType = sourcecode.c.h; name = KKGameSceneController.h; path = ../../KKGameSceneController.h; sourceTree = "<group>"; };
		A3A67EB61902BE7E00BFAF7B /* KKGameSceneController.m */ = {isa = PBXFileReference; fileEncoding = 4; lastKnownFileType = sourcecode.c.objc; name = KKGameSceneController.m; path = ../../KKGameSceneController.m; sourceTree = "<group>"; };
		A3A67EB81902C79B00BFAF7B /* GameData.plist */ = {isa = PBXFileReference; fileEncoding = 4; lastKnownFileType = text.plist.xml; path = GameData.plist; sourceTree = "<group>"; };
		A3A67EBD1902C95D00BFAF7B /* KKGameConfigManager.h */ = {isa = PBXFileReference; fileEncoding = 4; lastKnownFileType = sourcecode.c.h; name = KKGameConfigManager.h; path = ../KKGameConfigManager.h; sourceTree = "<group>"; };
		A3A67EBE1902C95D00BFAF7B /* KKGameConfigManager.m */ = {isa = PBXFileReference; fileEncoding = 4; lastKnownFileType = sourcecode.c.objc; name = KKGameConfigManager.m; path = ../KKGameConfigManager.m; sourceTree = "<group>"; };
		A3A67ECD1902E3D300BFAF7B /* TTBase.h */ = {isa = PBXFileReference; fileEncoding = 4; lastKnownFileType = sourcecode.c.h; path = TTBase.h; sourceTree = "<group>"; };
		A3A67ECE1902E3D300BFAF7B /* TTBase.m */ = {isa = PBXFileReference; fileEncoding = 4; lastKnownFileType = sourcecode.c.objc; path = TTBase.m; sourceTree = "<group>"; };
		A3A67ECF1902E3D300BFAF7B /* TTPencil.h */ = {isa = PBXFileReference; fileEncoding = 4; lastKnownFileType = sourcecode.c.h; path = TTPencil.h; sourceTree = "<group>"; };
		A3A67ED01902E3D300BFAF7B /* TTPencil.m */ = {isa = PBXFileReference; fileEncoding = 4; lastKnownFileType = sourcecode.c.objc; path = TTPencil.m; sourceTree = "<group>"; };
		A3B3C4EB1961B52700B62BD4 /* en */ = {isa = PBXFileReference; lastKnownFileType = text.plist.strings; name = en; path = InfoPlist.strings; sourceTree = "<group>"; };
		A3B3C4EF1961C24400B62BD4 /* Flurry.h */ = {isa = PBXFileReference; fileEncoding = 4; lastKnownFileType = sourcecode.c.h; path = Flurry.h; sourceTree = "<group>"; };
		A3B3C4F01961C24400B62BD4 /* libFlurry_5.1.0.a */ = {isa = PBXFileReference; lastKnownFileType = archive.ar; path = libFlurry_5.1.0.a; sourceTree = "<group>"; };
		A3B3C4F21961C2F600B62BD4 /* CFNetwork.framework */ = {isa = PBXFileReference; lastKnownFileType = wrapper.framework; name = CFNetwork.framework; path = System/Library/Frameworks/CFNetwork.framework; sourceTree = SDKROOT; };
		A3B3C4F41961C31C00B62BD4 /* libsystem_network.dylib */ = {isa = PBXFileReference; lastKnownFileType = "compiled.mach-o.dylib"; name = libsystem_network.dylib; path = usr/lib/system/libsystem_network.dylib; sourceTree = SDKROOT; };
		A3B3C4F61961C4C100B62BD4 /* SystemConfiguration.framework */ = {isa = PBXFileReference; lastKnownFileType = wrapper.framework; name = SystemConfiguration.framework; path = System/Library/Frameworks/SystemConfiguration.framework; sourceTree = SDKROOT; };
		A3B97D691930F7AD0049DCEB /* SoundManager.h */ = {isa = PBXFileReference; fileEncoding = 4; lastKnownFileType = sourcecode.c.h; path = SoundManager.h; sourceTree = "<group>"; };
		A3B97D6A1930F7AD0049DCEB /* SoundManager.m */ = {isa = PBXFileReference; fileEncoding = 4; lastKnownFileType = sourcecode.c.objc; path = SoundManager.m; sourceTree = "<group>"; };
		A3B97D711930F9000049DCEB /* sound1.caf */ = {isa = PBXFileReference; lastKnownFileType = file; name = sound1.caf; path = Sounds/sound1.caf; sourceTree = "<group>"; };
		A3B97D721930F9000049DCEB /* sound2.caf */ = {isa = PBXFileReference; lastKnownFileType = file; name = sound2.caf; path = Sounds/sound2.caf; sourceTree = "<group>"; };
		A3B97D731930F9130049DCEB /* track1.caf */ = {isa = PBXFileReference; lastKnownFileType = file; name = track1.caf; path = Sounds/track1.caf; sourceTree = "<group>"; };
		A3B97D741930F9130049DCEB /* track2.caf */ = {isa = PBXFileReference; lastKnownFileType = file; name = track2.caf; path = Sounds/track2.caf; sourceTree = "<group>"; };
		A3BE4D79195329EF00C466ED /* TTLeave.h */ = {isa = PBXFileReference; fileEncoding = 4; lastKnownFileType = sourcecode.c.h; path = TTLeave.h; sourceTree = "<group>"; };
		A3BE4D7A195329EF00C466ED /* TTLeave.m */ = {isa = PBXFileReference; fileEncoding = 4; lastKnownFileType = sourcecode.c.objc; path = TTLeave.m; sourceTree = "<group>"; };
		A3D832C2194315ED00C0908C /* TTKite.h */ = {isa = PBXFileReference; fileEncoding = 4; lastKnownFileType = sourcecode.c.h; path = TTKite.h; sourceTree = "<group>"; };
		A3D832C3194315ED00C0908C /* TTKite.m */ = {isa = PBXFileReference; fileEncoding = 4; lastKnownFileType = sourcecode.c.objc; path = TTKite.m; sourceTree = "<group>"; };
		A3E9E96C1944BA0A00898279 /* TTBalloon.h */ = {isa = PBXFileReference; fileEncoding = 4; lastKnownFileType = sourcecode.c.h; path = TTBalloon.h; sourceTree = "<group>"; };
		A3E9E96D1944BA0A00898279 /* TTBalloon.m */ = {isa = PBXFileReference; fileEncoding = 4; lastKnownFileType = sourcecode.c.objc; path = TTBalloon.m; sourceTree = "<group>"; };
		A3F1004E19546B080002CA97 /* KKMailComposerManager.h */ = {isa = PBXFileReference; fileEncoding = 4; lastKnownFileType = sourcecode.c.h; path = KKMailComposerManager.h; sourceTree = "<group>"; };
		A3F1004F19546B080002CA97 /* KKMailComposerManager.m */ = {isa = PBXFileReference; fileEncoding = 4; lastKnownFileType = sourcecode.c.objc; path = KKMailComposerManager.m; sourceTree = "<group>"; };
		A3FB4F4519125D070039585F /* Utility.h */ = {isa = PBXFileReference; fileEncoding = 4; lastKnownFileType = sourcecode.c.h; path = Utility.h; sourceTree = "<group>"; };
		A3FB4F4619125D070039585F /* Utility.m */ = {isa = PBXFileReference; fileEncoding = 4; lastKnownFileType = sourcecode.c.objc; path = Utility.m; sourceTree = "<group>"; };
		A3FF1530195B0796007CE275 /* KKLevelSelectViewController.h */ = {isa = PBXFileReference; fileEncoding = 4; lastKnownFileType = sourcecode.c.h; path = KKLevelSelectViewController.h; sourceTree = "<group>"; };
		A3FF1531195B0796007CE275 /* KKLevelSelectViewController.m */ = {isa = PBXFileReference; fileEncoding = 4; lastKnownFileType = sourcecode.c.objc; path = KKLevelSelectViewController.m; sourceTree = "<group>"; };
		A3FF1533195B07B8007CE275 /* KKCollectionViewCell.h */ = {isa = PBXFileReference; fileEncoding = 4; lastKnownFileType = sourcecode.c.h; path = KKCollectionViewCell.h; sourceTree = "<group>"; };
		A3FF1534195B07B8007CE275 /* KKCollectionViewCell.m */ = {isa = PBXFileReference; fileEncoding = 4; lastKnownFileType = sourcecode.c.objc; path = KKCollectionViewCell.m; sourceTree = "<group>"; };
		A3FF1536195B2191007CE275 /* TTBall.h */ = {isa = PBXFileReference; fileEncoding = 4; lastKnownFileType = sourcecode.c.h; path = TTBall.h; sourceTree = "<group>"; };
		A3FF1537195B2191007CE275 /* TTBall.m */ = {isa = PBXFileReference; fileEncoding = 4; lastKnownFileType = sourcecode.c.objc; path = TTBall.m; sourceTree = "<group>"; };
		A3FF1539195C4F48007CE275 /* TTBird.h */ = {isa = PBXFileReference; fileEncoding = 4; lastKnownFileType = sourcecode.c.h; path = TTBird.h; sourceTree = "<group>"; };
		A3FF153A195C4F48007CE275 /* TTBird.m */ = {isa = PBXFileReference; fileEncoding = 4; lastKnownFileType = sourcecode.c.objc; path = TTBird.m; sourceTree = "<group>"; };
		A3FF153C195C791E007CE275 /* TTCandle.h */ = {isa = PBXFileReference; fileEncoding = 4; lastKnownFileType = sourcecode.c.h; path = TTCandle.h; sourceTree = "<group>"; };
		A3FF153D195C791E007CE275 /* TTCandle.m */ = {isa = PBXFileReference; fileEncoding = 4; lastKnownFileType = sourcecode.c.objc; path = TTCandle.m; sourceTree = "<group>"; };
		A3FF153F195DDC2D007CE275 /* TTDvd.h */ = {isa = PBXFileReference; fileEncoding = 4; lastKnownFileType = sourcecode.c.h; path = TTDvd.h; sourceTree = "<group>"; };
		A3FF1540195DDC2D007CE275 /* TTDvd.m */ = {isa = PBXFileReference; fileEncoding = 4; lastKnownFileType = sourcecode.c.objc; path = TTDvd.m; sourceTree = "<group>"; };
		A3FF1542195E6711007CE275 /* TTStar.h */ = {isa = PBXFileReference; fileEncoding = 4; lastKnownFileType = sourcecode.c.h; path = TTStar.h; sourceTree = "<group>"; };
		A3FF1543195E6711007CE275 /* TTStar.m */ = {isa = PBXFileReference; fileEncoding = 4; lastKnownFileType = sourcecode.c.objc; path = TTStar.m; sourceTree = "<group>"; };
		A3FF1545195E6720007CE275 /* TTUmbrella.h */ = {isa = PBXFileReference; fileEncoding = 4; lastKnownFileType = sourcecode.c.h; path = TTUmbrella.h; sourceTree = "<group>"; };
		A3FF1546195E6720007CE275 /* TTUmbrella.m */ = {isa = PBXFileReference; fileEncoding = 4; lastKnownFileType = sourcecode.c.objc; path = TTUmbrella.m; sourceTree = "<group>"; };
		A3FF1548195E672C007CE275 /* TTKey.h */ = {isa = PBXFileReference; fileEncoding = 4; lastKnownFileType = sourcecode.c.h; path = TTKey.h; sourceTree = "<group>"; };
		A3FF1549195E672C007CE275 /* TTKey.m */ = {isa = PBXFileReference; fileEncoding = 4; lastKnownFileType = sourcecode.c.objc; path = TTKey.m; sourceTree = "<group>"; };
		A3FF154B195E6737007CE275 /* TTBrush.h */ = {isa = PBXFileReference; fileEncoding = 4; lastKnownFileType = sourcecode.c.h; path = TTBrush.h; sourceTree = "<group>"; };
		A3FF154C195E6737007CE275 /* TTBrush.m */ = {isa = PBXFileReference; fileEncoding = 4; lastKnownFileType = sourcecode.c.objc; path = TTBrush.m; sourceTree = "<group>"; };
/* End PBXFileReference section */

/* Begin PBXFrameworksBuildPhase section */
		A3A67E721902B67700BFAF7B /* Frameworks */ = {
			isa = PBXFrameworksBuildPhase;
			buildActionMask = 2147483647;
			files = (
				A3B3C4F71961C4C100B62BD4 /* SystemConfiguration.framework in Frameworks */,
				A3B3C4F11961C24400B62BD4 /* libFlurry_5.1.0.a in Frameworks */,
				A3A67E7B1902B67700BFAF7B /* CoreGraphics.framework in Frameworks */,
				A3A67E7D1902B67700BFAF7B /* UIKit.framework in Frameworks */,
				A3A67E791902B67700BFAF7B /* Foundation.framework in Frameworks */,
			);
			runOnlyForDeploymentPostprocessing = 0;
		};
		A3A67E961902B67800BFAF7B /* Frameworks */ = {
			isa = PBXFrameworksBuildPhase;
			buildActionMask = 2147483647;
			files = (
				A3A67E9B1902B67800BFAF7B /* XCTest.framework in Frameworks */,
				A3A67E9D1902B67800BFAF7B /* UIKit.framework in Frameworks */,
				A3A67E9C1902B67800BFAF7B /* Foundation.framework in Frameworks */,
			);
			runOnlyForDeploymentPostprocessing = 0;
		};
/* End PBXFrameworksBuildPhase section */

/* Begin PBXGroup section */
		A305F2B41945F0C100B62C6C /* Classes */ = {
			isa = PBXGroup;
			children = (
				A3A67EBD1902C95D00BFAF7B /* KKGameConfigManager.h */,
				A3A67EBE1902C95D00BFAF7B /* KKGameConfigManager.m */,
				A305F2B51945F0DB00B62C6C /* KKGameStateManager.h */,
				A305F2B61945F0DB00B62C6C /* KKGameStateManager.m */,
			);
			path = Classes;
			sourceTree = "<group>";
		};
		A314CCDF194F2ACF0002BECC /* controllers */ = {
			isa = PBXGroup;
			children = (
				A3FF152F195B0796007CE275 /* levelSelect */,
				A3335FBF1956C2BD000AA5B7 /* Models */,
				A314CCE0194F2B620002BECC /* KKStageSelectController.h */,
				A314CCE1194F2B620002BECC /* KKStageSelectController.m */,
				A3A67EB51902BE7E00BFAF7B /* KKGameSceneController.h */,
				A3A67EB61902BE7E00BFAF7B /* KKGameSceneController.m */,
			);
			name = controllers;
			path = Classes/controllers;
			sourceTree = "<group>";
		};
		A3335FBF1956C2BD000AA5B7 /* Models */ = {
			isa = PBXGroup;
			children = (
				A3335FC01956C2D1000AA5B7 /* KKLevelModal.h */,
				A3335FC11956C2D1000AA5B7 /* KKLevelModal.m */,
				A3335FC31956C96F000AA5B7 /* KKItemModal.h */,
				A3335FC41956C96F000AA5B7 /* KKItemModal.m */,
			);
			path = Models;
			sourceTree = "<group>";
		};
		A3A67E6C1902B67700BFAF7B = {
			isa = PBXGroup;
			children = (
				A3A67E7E1902B67700BFAF7B /* KachiKachi */,
				A3A67EA01902B67800BFAF7B /* KachiKachiTests */,
				A3A67E771902B67700BFAF7B /* Frameworks */,
				A3A67E761902B67700BFAF7B /* Products */,
			);
			sourceTree = "<group>";
		};
		A3A67E761902B67700BFAF7B /* Products */ = {
			isa = PBXGroup;
			children = (
				A3A67E751902B67700BFAF7B /* KachiKachi.app */,
				A3A67E991902B67800BFAF7B /* KachiKachiTests.xctest */,
			);
			name = Products;
			sourceTree = "<group>";
		};
		A3A67E771902B67700BFAF7B /* Frameworks */ = {
			isa = PBXGroup;
			children = (
				A3B3C4F61961C4C100B62BD4 /* SystemConfiguration.framework */,
				A3B3C4F41961C31C00B62BD4 /* libsystem_network.dylib */,
				A3B3C4F21961C2F600B62BD4 /* CFNetwork.framework */,
				A3A67E781902B67700BFAF7B /* Foundation.framework */,
				A3A67E7A1902B67700BFAF7B /* CoreGraphics.framework */,
				A3A67E7C1902B67700BFAF7B /* UIKit.framework */,
				A3A67E9A1902B67800BFAF7B /* XCTest.framework */,
			);
			name = Frameworks;
			sourceTree = "<group>";
		};
		A3A67E7E1902B67700BFAF7B /* KachiKachi */ = {
			isa = PBXGroup;
			children = (
				A3B3C4ED1961C24400B62BD4 /* Third Party */,
				A3F1004A1954699C0002CA97 /* mail */,
				A314CCDF194F2ACF0002BECC /* controllers */,
				A305F2B41945F0C100B62C6C /* Classes */,
				A3A67E871902B67700BFAF7B /* AppDelegate.h */,
				A3A67E881902B67700BFAF7B /* AppDelegate.m */,
				A3A67E8A1902B67700BFAF7B /* Main_iPhone.storyboard */,
				A3A67E8D1902B67700BFAF7B /* Main_iPad.storyboard */,
				A3A67EB81902C79B00BFAF7B /* GameData.plist */,
				A3B97D681930F7AD0049DCEB /* Sound */,
				A3A67ECC1902E3D300BFAF7B /* Elements */,
				A3A67E931902B67700BFAF7B /* Images.xcassets */,
				A3A67E7F1902B67700BFAF7B /* Supporting Files */,
				A3FB4F4519125D070039585F /* Utility.h */,
				A3FB4F4619125D070039585F /* Utility.m */,
			);
			path = KachiKachi;
			sourceTree = "<group>";
		};
		A3A67E7F1902B67700BFAF7B /* Supporting Files */ = {
			isa = PBXGroup;
			children = (
				A305F2A81945EAB800B62C6C /* iTunesArtwork */,
				A3B97D731930F9130049DCEB /* track1.caf */,
				A3B97D741930F9130049DCEB /* track2.caf */,
				A3B97D711930F9000049DCEB /* sound1.caf */,
				A3B97D721930F9000049DCEB /* sound2.caf */,
				A3A67E801902B67700BFAF7B /* KachiKachi-Info.plist */,
				A3A67E811902B67700BFAF7B /* InfoPlist.strings */,
				A3A67E841902B67700BFAF7B /* main.m */,
				A3A67E861902B67700BFAF7B /* KachiKachi-Prefix.pch */,
			);
			name = "Supporting Files";
			sourceTree = "<group>";
		};
		A3A67EA01902B67800BFAF7B /* KachiKachiTests */ = {
			isa = PBXGroup;
			children = (
				A3A67EA11902B67800BFAF7B /* Supporting Files */,
			);
			path = KachiKachiTests;
			sourceTree = "<group>";
		};
		A3A67EA11902B67800BFAF7B /* Supporting Files */ = {
			isa = PBXGroup;
			children = (
				A3B3C4E91961B52700B62BD4 /* en.lproj */,
			);
			name = "Supporting Files";
			sourceTree = "<group>";
		};
		A3A67ECC1902E3D300BFAF7B /* Elements */ = {
			isa = PBXGroup;
			children = (
				A3A67ECD1902E3D300BFAF7B /* TTBase.h */,
				A3A67ECE1902E3D300BFAF7B /* TTBase.m */,
				A3A67ECF1902E3D300BFAF7B /* TTPencil.h */,
				A3A67ED01902E3D300BFAF7B /* TTPencil.m */,
				A3D832C2194315ED00C0908C /* TTKite.h */,
				A3D832C3194315ED00C0908C /* TTKite.m */,
				A3E9E96C1944BA0A00898279 /* TTBalloon.h */,
				A3E9E96D1944BA0A00898279 /* TTBalloon.m */,
				A3BE4D79195329EF00C466ED /* TTLeave.h */,
				A3BE4D7A195329EF00C466ED /* TTLeave.m */,
				A36A12E5195495ED007F6355 /* TTDisc.h */,
				A36A12E6195495ED007F6355 /* TTDisc.m */,
				A36A12E81954BB89007F6355 /* TTCandy.h */,
				A36A12E91954BB89007F6355 /* TTCandy.m */,
				A36A12EB1954C090007F6355 /* TTChoc.h */,
				A36A12EC1954C090007F6355 /* TTChoc.m */,
				A36A12EE1955510B007F6355 /* TTFish.h */,
				A36A12EF1955510B007F6355 /* TTFish.m */,
				A36A12F119556DD6007F6355 /* TTApple.h */,
				A36A12F219556DD6007F6355 /* TTApple.m */,
				A3335FBC1955F09A000AA5B7 /* TTCarrot.h */,
				A3335FBD1955F09A000AA5B7 /* TTCarrot.m */,
				A3FF1536195B2191007CE275 /* TTBall.h */,
				A3FF1537195B2191007CE275 /* TTBall.m */,
				A3FF1539195C4F48007CE275 /* TTBird.h */,
				A3FF153A195C4F48007CE275 /* TTBird.m */,
				A3FF153C195C791E007CE275 /* TTCandle.h */,
				A3FF153D195C791E007CE275 /* TTCandle.m */,
				A3FF153F195DDC2D007CE275 /* TTDvd.h */,
				A3FF1540195DDC2D007CE275 /* TTDvd.m */,
				A3FF1542195E6711007CE275 /* TTStar.h */,
				A3FF1543195E6711007CE275 /* TTStar.m */,
				A3FF1545195E6720007CE275 /* TTUmbrella.h */,
				A3FF1546195E6720007CE275 /* TTUmbrella.m */,
				A3FF1548195E672C007CE275 /* TTKey.h */,
				A3FF1549195E672C007CE275 /* TTKey.m */,
				A3FF154B195E6737007CE275 /* TTBrush.h */,
				A3FF154C195E6737007CE275 /* TTBrush.m */,
			);
			path = Elements;
			sourceTree = "<group>";
		};
		A3B3C4E91961B52700B62BD4 /* en.lproj */ = {
			isa = PBXGroup;
			children = (
				A3B3C4EA1961B52700B62BD4 /* InfoPlist.strings */,
			);
			name = en.lproj;
			path = KachiKachi/en.lproj;
			sourceTree = SOURCE_ROOT;
		};
		A3B3C4ED1961C24400B62BD4 /* Third Party */ = {
			isa = PBXGroup;
			children = (
				A3B3C4EE1961C24400B62BD4 /* Flurry */,
			);
			path = "Third Party";
			sourceTree = "<group>";
		};
		A3B3C4EE1961C24400B62BD4 /* Flurry */ = {
			isa = PBXGroup;
			children = (
				A3B3C4EF1961C24400B62BD4 /* Flurry.h */,
				A3B3C4F01961C24400B62BD4 /* libFlurry_5.1.0.a */,
			);
			path = Flurry;
			sourceTree = "<group>";
		};
		A3B97D681930F7AD0049DCEB /* Sound */ = {
			isa = PBXGroup;
			children = (
				A3B97D691930F7AD0049DCEB /* SoundManager.h */,
				A3B97D6A1930F7AD0049DCEB /* SoundManager.m */,
			);
			path = Sound;
			sourceTree = "<group>";
		};
		A3F1004A1954699C0002CA97 /* mail */ = {
			isa = PBXGroup;
			children = (
				A3F1004E19546B080002CA97 /* KKMailComposerManager.h */,
				A3F1004F19546B080002CA97 /* KKMailComposerManager.m */,
			);
			name = mail;
			path = Classes/mail;
			sourceTree = "<group>";
		};
		A3FF152F195B0796007CE275 /* levelSelect */ = {
			isa = PBXGroup;
			children = (
				A3FF1530195B0796007CE275 /* KKLevelSelectViewController.h */,
				A3FF1531195B0796007CE275 /* KKLevelSelectViewController.m */,
				A3FF1533195B07B8007CE275 /* KKCollectionViewCell.h */,
				A3FF1534195B07B8007CE275 /* KKCollectionViewCell.m */,
			);
			name = levelSelect;
			path = KachiKachi/Classes/levelSelect;
			sourceTree = SOURCE_ROOT;
		};
/* End PBXGroup section */

/* Begin PBXNativeTarget section */
		A3A67E741902B67700BFAF7B /* KachiKachi */ = {
			isa = PBXNativeTarget;
			buildConfigurationList = A3A67EAA1902B67800BFAF7B /* Build configuration list for PBXNativeTarget "KachiKachi" */;
			buildPhases = (
				A3A67E711902B67700BFAF7B /* Sources */,
				A3A67E721902B67700BFAF7B /* Frameworks */,
				A3A67E731902B67700BFAF7B /* Resources */,
			);
			buildRules = (
			);
			dependencies = (
			);
			name = KachiKachi;
			productName = KachiKachi;
			productReference = A3A67E751902B67700BFAF7B /* KachiKachi.app */;
			productType = "com.apple.product-type.application";
		};
		A3A67E981902B67800BFAF7B /* KachiKachiTests */ = {
			isa = PBXNativeTarget;
			buildConfigurationList = A3A67EAD1902B67800BFAF7B /* Build configuration list for PBXNativeTarget "KachiKachiTests" */;
			buildPhases = (
				A3A67E951902B67800BFAF7B /* Sources */,
				A3A67E961902B67800BFAF7B /* Frameworks */,
				A3A67E971902B67800BFAF7B /* Resources */,
			);
			buildRules = (
			);
			dependencies = (
				A3A67E9F1902B67800BFAF7B /* PBXTargetDependency */,
			);
			name = KachiKachiTests;
			productName = KachiKachiTests;
			productReference = A3A67E991902B67800BFAF7B /* KachiKachiTests.xctest */;
			productType = "com.apple.product-type.bundle.unit-test";
		};
/* End PBXNativeTarget section */

/* Begin PBXProject section */
		A3A67E6D1902B67700BFAF7B /* Project object */ = {
			isa = PBXProject;
			attributes = {
				LastUpgradeCheck = 0510;
				ORGANIZATIONNAME = Chanddan;
				TargetAttributes = {
					A3A67E981902B67800BFAF7B = {
						TestTargetID = A3A67E741902B67700BFAF7B;
					};
				};
			};
			buildConfigurationList = A3A67E701902B67700BFAF7B /* Build configuration list for PBXProject "KachiKachi" */;
			compatibilityVersion = "Xcode 3.2";
			developmentRegion = English;
			hasScannedForEncodings = 0;
			knownRegions = (
				en,
				Base,
			);
			mainGroup = A3A67E6C1902B67700BFAF7B;
			productRefGroup = A3A67E761902B67700BFAF7B /* Products */;
			projectDirPath = "";
			projectRoot = "";
			targets = (
				A3A67E741902B67700BFAF7B /* KachiKachi */,
				A3A67E981902B67800BFAF7B /* KachiKachiTests */,
			);
		};
/* End PBXProject section */

/* Begin PBXResourcesBuildPhase section */
		A3A67E731902B67700BFAF7B /* Resources */ = {
			isa = PBXResourcesBuildPhase;
			buildActionMask = 2147483647;
			files = (
				A3B97D751930F9130049DCEB /* track1.caf in Resources */,
				A3B97D761930F9130049DCEB /* track2.caf in Resources */,
				A3A67E8F1902B67700BFAF7B /* Main_iPad.storyboard in Resources */,
				A305F2A91945EAB800B62C6C /* iTunesArtwork in Resources */,
				A3A67EB91902C79B00BFAF7B /* GameData.plist in Resources */,
				A3B97D781930F91F0049DCEB /* sound1.caf in Resources */,
				A3A67E941902B67700BFAF7B /* Images.xcassets in Resources */,
				A3B97D771930F91C0049DCEB /* sound2.caf in Resources */,
				A3A67E8C1902B67700BFAF7B /* Main_iPhone.storyboard in Resources */,
				A3B3C4EC1961B52700B62BD4 /* InfoPlist.strings in Resources */,
			);
			runOnlyForDeploymentPostprocessing = 0;
		};
		A3A67E971902B67800BFAF7B /* Resources */ = {
			isa = PBXResourcesBuildPhase;
			buildActionMask = 2147483647;
			files = (
			);
			runOnlyForDeploymentPostprocessing = 0;
		};
/* End PBXResourcesBuildPhase section */

/* Begin PBXSourcesBuildPhase section */
		A3A67E711902B67700BFAF7B /* Sources */ = {
			isa = PBXSourcesBuildPhase;
			buildActionMask = 2147483647;
			files = (
				A3D832C4194315ED00C0908C /* TTKite.m in Sources */,
				A3FF1544195E6711007CE275 /* TTStar.m in Sources */,
				A3FB4F4719125D070039585F /* Utility.m in Sources */,
				A3A67EB71902BE7E00BFAF7B /* KKGameSceneController.m in Sources */,
				A314CCE2194F2B620002BECC /* KKStageSelectController.m in Sources */,
				A3FF1547195E6720007CE275 /* TTUmbrella.m in Sources */,
				A3FF153B195C4F48007CE275 /* TTBird.m in Sources */,
				A3335FBE1955F09A000AA5B7 /* TTCarrot.m in Sources */,
				A3A67E891902B67700BFAF7B /* AppDelegate.m in Sources */,
				A3335FC51956C96F000AA5B7 /* KKItemModal.m in Sources */,
				A3FF1532195B0796007CE275 /* KKLevelSelectViewController.m in Sources */,
				A3FF153E195C791E007CE275 /* TTCandle.m in Sources */,
				A3A67E851902B67700BFAF7B /* main.m in Sources */,
				A3335FC21956C2D1000AA5B7 /* KKLevelModal.m in Sources */,
				A3E9E96E1944BA0A00898279 /* TTBalloon.m in Sources */,
				A36A12ED1954C090007F6355 /* TTChoc.m in Sources */,
				A3FF154D195E6737007CE275 /* TTBrush.m in Sources */,
				A305F2B71945F0DB00B62C6C /* KKGameStateManager.m in Sources */,
				A36A12F319556DD6007F6355 /* TTApple.m in Sources */,
				A3FF1535195B07B8007CE275 /* KKCollectionViewCell.m in Sources */,
				A3BE4D7B195329EF00C466ED /* TTLeave.m in Sources */,
				A36A12F01955510B007F6355 /* TTFish.m in Sources */,
				A3A67ED11902E3D300BFAF7B /* TTBase.m in Sources */,
				A3B97D6B1930F7AD0049DCEB /* SoundManager.m in Sources */,
				A3A67ED21902E3D300BFAF7B /* TTPencil.m in Sources */,
				A3A67EBF1902C95D00BFAF7B /* KKGameConfigManager.m in Sources */,
				A36A12E7195495ED007F6355 /* TTDisc.m in Sources */,
				A3FF1541195DDC2D007CE275 /* TTDvd.m in Sources */,
				A3FF154A195E672C007CE275 /* TTKey.m in Sources */,
				A3F1005019546B080002CA97 /* KKMailComposerManager.m in Sources */,
				A3FF1538195B2191007CE275 /* TTBall.m in Sources */,
				A36A12EA1954BB89007F6355 /* TTCandy.m in Sources */,
			);
			runOnlyForDeploymentPostprocessing = 0;
		};
		A3A67E951902B67800BFAF7B /* Sources */ = {
			isa = PBXSourcesBuildPhase;
			buildActionMask = 2147483647;
			files = (
			);
			runOnlyForDeploymentPostprocessing = 0;
		};
/* End PBXSourcesBuildPhase section */

/* Begin PBXTargetDependency section */
		A3A67E9F1902B67800BFAF7B /* PBXTargetDependency */ = {
			isa = PBXTargetDependency;
			target = A3A67E741902B67700BFAF7B /* KachiKachi */;
			targetProxy = A3A67E9E1902B67800BFAF7B /* PBXContainerItemProxy */;
		};
/* End PBXTargetDependency section */

/* Begin PBXVariantGroup section */
		A3A67E811902B67700BFAF7B /* InfoPlist.strings */ = {
			isa = PBXVariantGroup;
			children = (
				A3A67E821902B67700BFAF7B /* en */,
			);
			name = InfoPlist.strings;
			sourceTree = "<group>";
		};
		A3A67E8A1902B67700BFAF7B /* Main_iPhone.storyboard */ = {
			isa = PBXVariantGroup;
			children = (
				A3A67E8B1902B67700BFAF7B /* Base */,
			);
			name = Main_iPhone.storyboard;
			sourceTree = "<group>";
		};
		A3A67E8D1902B67700BFAF7B /* Main_iPad.storyboard */ = {
			isa = PBXVariantGroup;
			children = (
				A3A67E8E1902B67700BFAF7B /* Base */,
			);
			name = Main_iPad.storyboard;
			sourceTree = "<group>";
		};
		A3B3C4EA1961B52700B62BD4 /* InfoPlist.strings */ = {
			isa = PBXVariantGroup;
			children = (
				A3B3C4EB1961B52700B62BD4 /* en */,
			);
			name = InfoPlist.strings;
			sourceTree = "<group>";
		};
/* End PBXVariantGroup section */

/* Begin XCBuildConfiguration section */
		A3A67EA81902B67800BFAF7B /* Debug */ = {
			isa = XCBuildConfiguration;
			buildSettings = {
				ALWAYS_SEARCH_USER_PATHS = NO;
				CLANG_CXX_LANGUAGE_STANDARD = "gnu++0x";
				CLANG_CXX_LIBRARY = "libc++";
				CLANG_ENABLE_MODULES = YES;
				CLANG_ENABLE_OBJC_ARC = YES;
				CLANG_WARN_BOOL_CONVERSION = YES;
				CLANG_WARN_CONSTANT_CONVERSION = YES;
				CLANG_WARN_DIRECT_OBJC_ISA_USAGE = YES_ERROR;
				CLANG_WARN_EMPTY_BODY = YES;
				CLANG_WARN_ENUM_CONVERSION = YES;
				CLANG_WARN_INT_CONVERSION = YES;
				CLANG_WARN_OBJC_ROOT_CLASS = YES_ERROR;
				CLANG_WARN__DUPLICATE_METHOD_MATCH = YES;
				"CODE_SIGN_IDENTITY[sdk=iphoneos*]" = "iPhone Developer";
				COPY_PHASE_STRIP = NO;
				GCC_C_LANGUAGE_STANDARD = gnu99;
				GCC_DYNAMIC_NO_PIC = NO;
				GCC_OPTIMIZATION_LEVEL = 0;
				GCC_PREPROCESSOR_DEFINITIONS = (
					"DEBUG=1",
					"$(inherited)",
				);
				GCC_SYMBOLS_PRIVATE_EXTERN = NO;
				GCC_WARN_64_TO_32_BIT_CONVERSION = YES;
				GCC_WARN_ABOUT_RETURN_TYPE = YES_ERROR;
				GCC_WARN_UNDECLARED_SELECTOR = YES;
				GCC_WARN_UNINITIALIZED_AUTOS = YES_AGGRESSIVE;
				GCC_WARN_UNUSED_FUNCTION = YES;
				GCC_WARN_UNUSED_VARIABLE = YES;
				IPHONEOS_DEPLOYMENT_TARGET = 7.0;
				ONLY_ACTIVE_ARCH = YES;
				SDKROOT = iphoneos;
				TARGETED_DEVICE_FAMILY = "1,2";
			};
			name = Debug;
		};
		A3A67EA91902B67800BFAF7B /* Release */ = {
			isa = XCBuildConfiguration;
			buildSettings = {
				ALWAYS_SEARCH_USER_PATHS = NO;
				CLANG_CXX_LANGUAGE_STANDARD = "gnu++0x";
				CLANG_CXX_LIBRARY = "libc++";
				CLANG_ENABLE_MODULES = YES;
				CLANG_ENABLE_OBJC_ARC = YES;
				CLANG_WARN_BOOL_CONVERSION = YES;
				CLANG_WARN_CONSTANT_CONVERSION = YES;
				CLANG_WARN_DIRECT_OBJC_ISA_USAGE = YES_ERROR;
				CLANG_WARN_EMPTY_BODY = YES;
				CLANG_WARN_ENUM_CONVERSION = YES;
				CLANG_WARN_INT_CONVERSION = YES;
				CLANG_WARN_OBJC_ROOT_CLASS = YES_ERROR;
				CLANG_WARN__DUPLICATE_METHOD_MATCH = YES;
				"CODE_SIGN_IDENTITY[sdk=iphoneos*]" = "iPhone Developer";
				COPY_PHASE_STRIP = YES;
				ENABLE_NS_ASSERTIONS = NO;
				GCC_C_LANGUAGE_STANDARD = gnu99;
				GCC_WARN_64_TO_32_BIT_CONVERSION = YES;
				GCC_WARN_ABOUT_RETURN_TYPE = YES_ERROR;
				GCC_WARN_UNDECLARED_SELECTOR = YES;
				GCC_WARN_UNINITIALIZED_AUTOS = YES_AGGRESSIVE;
				GCC_WARN_UNUSED_FUNCTION = YES;
				GCC_WARN_UNUSED_VARIABLE = YES;
				IPHONEOS_DEPLOYMENT_TARGET = 7.0;
				SDKROOT = iphoneos;
				TARGETED_DEVICE_FAMILY = "1,2";
				VALIDATE_PRODUCT = YES;
			};
			name = Release;
		};
		A3A67EAB1902B67800BFAF7B /* Debug */ = {
			isa = XCBuildConfiguration;
			buildSettings = {
				ASSETCATALOG_COMPILER_APPICON_NAME = AppIcon;
				ASSETCATALOG_COMPILER_LAUNCHIMAGE_NAME = LaunchImage;
				GCC_PRECOMPILE_PREFIX_HEADER = YES;
				GCC_PREFIX_HEADER = "KachiKachi/KachiKachi-Prefix.pch";
				INFOPLIST_FILE = "KachiKachi/KachiKachi-Info.plist";
				IPHONEOS_DEPLOYMENT_TARGET = 6.0;
				LIBRARY_SEARCH_PATHS = (
					"$(inherited)",
					"$(PROJECT_DIR)/KachiKachi/Third",
					Party/Flurry,
					"$(SDKROOT)/usr/lib/system",
				);
				PRODUCT_NAME = "$(TARGET_NAME)";
				TARGETED_DEVICE_FAMILY = 2;
				WRAPPER_EXTENSION = app;
			};
			name = Debug;
		};
		A3A67EAC1902B67800BFAF7B /* Release */ = {
			isa = XCBuildConfiguration;
			buildSettings = {
				ASSETCATALOG_COMPILER_APPICON_NAME = AppIcon;
				ASSETCATALOG_COMPILER_LAUNCHIMAGE_NAME = LaunchImage;
				GCC_PRECOMPILE_PREFIX_HEADER = YES;
				GCC_PREFIX_HEADER = "KachiKachi/KachiKachi-Prefix.pch";
				INFOPLIST_FILE = "KachiKachi/KachiKachi-Info.plist";
				IPHONEOS_DEPLOYMENT_TARGET = 6.0;
				LIBRARY_SEARCH_PATHS = (
					"$(inherited)",
					"$(PROJECT_DIR)/KachiKachi/Third",
					Party/Flurry,
					"$(SDKROOT)/usr/lib/system",
				);
				PRODUCT_NAME = "$(TARGET_NAME)";
				TARGETED_DEVICE_FAMILY = 2;
				WRAPPER_EXTENSION = app;
			};
			name = Release;
		};
		A3A67EAE1902B67800BFAF7B /* Debug */ = {
			isa = XCBuildConfiguration;
			buildSettings = {
				BUNDLE_LOADER = "$(BUILT_PRODUCTS_DIR)/KachiKachi.app/KachiKachi";
				FRAMEWORK_SEARCH_PATHS = (
					"$(SDKROOT)/Developer/Library/Frameworks",
					"$(inherited)",
					"$(DEVELOPER_FRAMEWORKS_DIR)",
				);
				GCC_PRECOMPILE_PREFIX_HEADER = YES;
				GCC_PREFIX_HEADER = "KachiKachi/KachiKachi-Prefix.pch";
				GCC_PREPROCESSOR_DEFINITIONS = (
					"DEBUG=1",
					"$(inherited)",
				);
				INFOPLIST_FILE = "KachiKachiTests/KachiKachiTests-Info.plist";
				PRODUCT_NAME = "$(TARGET_NAME)";
				TEST_HOST = "$(BUNDLE_LOADER)";
				WRAPPER_EXTENSION = xctest;
			};
			name = Debug;
		};
		A3A67EAF1902B67800BFAF7B /* Release */ = {
			isa = XCBuildConfiguration;
			buildSettings = {
				BUNDLE_LOADER = "$(BUILT_PRODUCTS_DIR)/KachiKachi.app/KachiKachi";
				FRAMEWORK_SEARCH_PATHS = (
					"$(SDKROOT)/Developer/Library/Frameworks",
					"$(inherited)",
					"$(DEVELOPER_FRAMEWORKS_DIR)",
				);
				GCC_PRECOMPILE_PREFIX_HEADER = YES;
				GCC_PREFIX_HEADER = "KachiKachi/KachiKachi-Prefix.pch";
				INFOPLIST_FILE = "KachiKachiTests/KachiKachiTests-Info.plist";
				PRODUCT_NAME = "$(TARGET_NAME)";
				TEST_HOST = "$(BUNDLE_LOADER)";
				WRAPPER_EXTENSION = xctest;
			};
			name = Release;
		};
/* End XCBuildConfiguration section */

/* Begin XCConfigurationList section */
		A3A67E701902B67700BFAF7B /* Build configuration list for PBXProject "KachiKachi" */ = {
			isa = XCConfigurationList;
			buildConfigurations = (
				A3A67EA81902B67800BFAF7B /* Debug */,
				A3A67EA91902B67800BFAF7B /* Release */,
			);
			defaultConfigurationIsVisible = 0;
			defaultConfigurationName = Release;
		};
		A3A67EAA1902B67800BFAF7B /* Build configuration list for PBXNativeTarget "KachiKachi" */ = {
			isa = XCConfigurationList;
			buildConfigurations = (
				A3A67EAB1902B67800BFAF7B /* Debug */,
				A3A67EAC1902B67800BFAF7B /* Release */,
			);
			defaultConfigurationIsVisible = 0;
			defaultConfigurationName = Release;
		};
		A3A67EAD1902B67800BFAF7B /* Build configuration list for PBXNativeTarget "KachiKachiTests" */ = {
			isa = XCConfigurationList;
			buildConfigurations = (
				A3A67EAE1902B67800BFAF7B /* Debug */,
				A3A67EAF1902B67800BFAF7B /* Release */,
			);
			defaultConfigurationIsVisible = 0;
			defaultConfigurationName = Release;
		};
/* End XCConfigurationList section */
	};
	rootObject = A3A67E6D1902B67700BFAF7B /* Project object */;
}
