// !$*UTF8*$!
{
	archiveVersion = 1;
	classes = {
	};
	objectVersion = 46;
	objects = {

/* Begin PBXBuildFile section */
		A305F2A91945EAB800B62C6C /* iTunesArtwork in Resources */ = {isa = PBXBuildFile; fileRef = A305F2A81945EAB800B62C6C /* iTunesArtwork */; };
		A305F2B71945F0DB00B62C6C /* KKGameStateManager.m in Sources */ = {isa = PBXBuildFile; fileRef = A305F2B61945F0DB00B62C6C /* KKGameStateManager.m */; };
		A3A67E791902B67700BFAF7B /* Foundation.framework in Frameworks */ = {isa = PBXBuildFile; fileRef = A3A67E781902B67700BFAF7B /* Foundation.framework */; };
		A3A67E7B1902B67700BFAF7B /* CoreGraphics.framework in Frameworks */ = {isa = PBXBuildFile; fileRef = A3A67E7A1902B67700BFAF7B /* CoreGraphics.framework */; };
		A3A67E7D1902B67700BFAF7B /* UIKit.framework in Frameworks */ = {isa = PBXBuildFile; fileRef = A3A67E7C1902B67700BFAF7B /* UIKit.framework */; };
		A3A67E831902B67700BFAF7B /* InfoPlist.strings in Resources */ = {isa = PBXBuildFile; fileRef = A3A67E811902B67700BFAF7B /* InfoPlist.strings */; };
		A3A67E851902B67700BFAF7B /* main.m in Sources */ = {isa = PBXBuildFile; fileRef = A3A67E841902B67700BFAF7B /* main.m */; };
		A3A67E891902B67700BFAF7B /* AppDelegate.m in Sources */ = {isa = PBXBuildFile; fileRef = A3A67E881902B67700BFAF7B /* AppDelegate.m */; };
		A3A67E8C1902B67700BFAF7B /* Main_iPhone.storyboard in Resources */ = {isa = PBXBuildFile; fileRef = A3A67E8A1902B67700BFAF7B /* Main_iPhone.storyboard */; };
		A3A67E8F1902B67700BFAF7B /* Main_iPad.storyboard in Resources */ = {isa = PBXBuildFile; fileRef = A3A67E8D1902B67700BFAF7B /* Main_iPad.storyboard */; };
		A3A67E921902B67700BFAF7B /* ViewController.m in Sources */ = {isa = PBXBuildFile; fileRef = A3A67E911902B67700BFAF7B /* ViewController.m */; };
		A3A67E941902B67700BFAF7B /* Images.xcassets in Resources */ = {isa = PBXBuildFile; fileRef = A3A67E931902B67700BFAF7B /* Images.xcassets */; };
		A3A67E9B1902B67800BFAF7B /* XCTest.framework in Frameworks */ = {isa = PBXBuildFile; fileRef = A3A67E9A1902B67800BFAF7B /* XCTest.framework */; };
		A3A67E9C1902B67800BFAF7B /* Foundation.framework in Frameworks */ = {isa = PBXBuildFile; fileRef = A3A67E781902B67700BFAF7B /* Foundation.framework */; };
		A3A67E9D1902B67800BFAF7B /* UIKit.framework in Frameworks */ = {isa = PBXBuildFile; fileRef = A3A67E7C1902B67700BFAF7B /* UIKit.framework */; };
		A3A67EA51902B67800BFAF7B /* InfoPlist.strings in Resources */ = {isa = PBXBuildFile; fileRef = A3A67EA31902B67800BFAF7B /* InfoPlist.strings */; };
		A3A67EA71902B67800BFAF7B /* KachiKachiTests.m in Sources */ = {isa = PBXBuildFile; fileRef = A3A67EA61902B67800BFAF7B /* KachiKachiTests.m */; };
		A3A67EB71902BE7E00BFAF7B /* KKGameSceneController.m in Sources */ = {isa = PBXBuildFile; fileRef = A3A67EB61902BE7E00BFAF7B /* KKGameSceneController.m */; };
		A3A67EB91902C79B00BFAF7B /* GameData.plist in Resources */ = {isa = PBXBuildFile; fileRef = A3A67EB81902C79B00BFAF7B /* GameData.plist */; };
		A3A67EBF1902C95D00BFAF7B /* KKGameConfigManager.m in Sources */ = {isa = PBXBuildFile; fileRef = A3A67EBE1902C95D00BFAF7B /* KKGameConfigManager.m */; };
		A3A67ED11902E3D300BFAF7B /* TTBase.m in Sources */ = {isa = PBXBuildFile; fileRef = A3A67ECE1902E3D300BFAF7B /* TTBase.m */; };
		A3A67ED21902E3D300BFAF7B /* TTPencil.m in Sources */ = {isa = PBXBuildFile; fileRef = A3A67ED01902E3D300BFAF7B /* TTPencil.m */; };
		A3B97D6B1930F7AD0049DCEB /* SoundManager.m in Sources */ = {isa = PBXBuildFile; fileRef = A3B97D6A1930F7AD0049DCEB /* SoundManager.m */; };
		A3B97D751930F9130049DCEB /* track1.caf in Resources */ = {isa = PBXBuildFile; fileRef = A3B97D731930F9130049DCEB /* track1.caf */; };
		A3B97D761930F9130049DCEB /* track2.caf in Resources */ = {isa = PBXBuildFile; fileRef = A3B97D741930F9130049DCEB /* track2.caf */; };
		A3B97D771930F91C0049DCEB /* sound2.caf in Resources */ = {isa = PBXBuildFile; fileRef = A3B97D721930F9000049DCEB /* sound2.caf */; };
		A3B97D781930F91F0049DCEB /* sound1.caf in Resources */ = {isa = PBXBuildFile; fileRef = A3B97D711930F9000049DCEB /* sound1.caf */; };
		A3D832C4194315ED00C0908C /* TTKite.m in Sources */ = {isa = PBXBuildFile; fileRef = A3D832C3194315ED00C0908C /* TTKite.m */; };
		A3E9E96E1944BA0A00898279 /* TTBalloon.m in Sources */ = {isa = PBXBuildFile; fileRef = A3E9E96D1944BA0A00898279 /* TTBalloon.m */; };
		A3FB4F4719125D070039585F /* Utility.m in Sources */ = {isa = PBXBuildFile; fileRef = A3FB4F4619125D070039585F /* Utility.m */; };
/* End PBXBuildFile section */

/* Begin PBXContainerItemProxy section */
		A3A67E9E1902B67800BFAF7B /* PBXContainerItemProxy */ = {
			isa = PBXContainerItemProxy;
			containerPortal = A3A67E6D1902B67700BFAF7B /* Project object */;
			proxyType = 1;
			remoteGlobalIDString = A3A67E741902B67700BFAF7B;
			remoteInfo = KachiKachi;
		};
/* End PBXContainerItemProxy section */

/* Begin PBXFileReference section */
		A305F2A81945EAB800B62C6C /* iTunesArtwork */ = {isa = PBXFileReference; lastKnownFileType = file; path = iTunesArtwork; sourceTree = "<group>"; };
		A305F2AA1945EBCB00B62C6C /* Default.png */ = {isa = PBXFileReference; lastKnownFileType = image.png; name = Default.png; path = "../../../../../Users/chandanshettysp/Dropbox/kachi kachi/Images/Splash Pages/Default.png"; sourceTree = "<group>"; };
		A305F2B51945F0DB00B62C6C /* KKGameStateManager.h */ = {isa = PBXFileReference; fileEncoding = 4; lastKnownFileType = sourcecode.c.h; path = KKGameStateManager.h; sourceTree = "<group>"; };
		A305F2B61945F0DB00B62C6C /* KKGameStateManager.m */ = {isa = PBXFileReference; fileEncoding = 4; lastKnownFileType = sourcecode.c.objc; path = KKGameStateManager.m; sourceTree = "<group>"; };
		A3A67E751902B67700BFAF7B /* KachiKachi.app */ = {isa = PBXFileReference; explicitFileType = wrapper.application; includeInIndex = 0; path = KachiKachi.app; sourceTree = BUILT_PRODUCTS_DIR; };
		A3A67E781902B67700BFAF7B /* Foundation.framework */ = {isa = PBXFileReference; lastKnownFileType = wrapper.framework; name = Foundation.framework; path = System/Library/Frameworks/Foundation.framework; sourceTree = SDKROOT; };
		A3A67E7A1902B67700BFAF7B /* CoreGraphics.framework */ = {isa = PBXFileReference; lastKnownFileType = wrapper.framework; name = CoreGraphics.framework; path = System/Library/Frameworks/CoreGraphics.framework; sourceTree = SDKROOT; };
		A3A67E7C1902B67700BFAF7B /* UIKit.framework */ = {isa = PBXFileReference; lastKnownFileType = wrapper.framework; name = UIKit.framework; path = System/Library/Frameworks/UIKit.framework; sourceTree = SDKROOT; };
		A3A67E801902B67700BFAF7B /* KachiKachi-Info.plist */ = {isa = PBXFileReference; lastKnownFileType = text.plist.xml; path = "KachiKachi-Info.plist"; sourceTree = "<group>"; };
		A3A67E821902B67700BFAF7B /* en */ = {isa = PBXFileReference; lastKnownFileType = text.plist.strings; name = en; path = en.lproj/InfoPlist.strings; sourceTree = "<group>"; };
		A3A67E841902B67700BFAF7B /* main.m */ = {isa = PBXFileReference; lastKnownFileType = sourcecode.c.objc; path = main.m; sourceTree = "<group>"; };
		A3A67E861902B67700BFAF7B /* KachiKachi-Prefix.pch */ = {isa = PBXFileReference; lastKnownFileType = sourcecode.c.h; path = "KachiKachi-Prefix.pch"; sourceTree = "<group>"; };
		A3A67E871902B67700BFAF7B /* AppDelegate.h */ = {isa = PBXFileReference; lastKnownFileType = sourcecode.c.h; path = AppDelegate.h; sourceTree = "<group>"; };
		A3A67E881902B67700BFAF7B /* AppDelegate.m */ = {isa = PBXFileReference; lastKnownFileType = sourcecode.c.objc; path = AppDelegate.m; sourceTree = "<group>"; };
		A3A67E8B1902B67700BFAF7B /* Base */ = {isa = PBXFileReference; lastKnownFileType = file.storyboard; name = Base; path = Base.lproj/Main_iPhone.storyboard; sourceTree = "<group>"; };
		A3A67E8E1902B67700BFAF7B /* Base */ = {isa = PBXFileReference; lastKnownFileType = file.storyboard; name = Base; path = Base.lproj/Main_iPad.storyboard; sourceTree = "<group>"; };
		A3A67E901902B67700BFAF7B /* ViewController.h */ = {isa = PBXFileReference; lastKnownFileType = sourcecode.c.h; path = ViewController.h; sourceTree = "<group>"; };
		A3A67E911902B67700BFAF7B /* ViewController.m */ = {isa = PBXFileReference; lastKnownFileType = sourcecode.c.objc; path = ViewController.m; sourceTree = "<group>"; };
		A3A67E931902B67700BFAF7B /* Images.xcassets */ = {isa = PBXFileReference; lastKnownFileType = folder.assetcatalog; path = Images.xcassets; sourceTree = "<group>"; };
		A3A67E991902B67800BFAF7B /* KachiKachiTests.xctest */ = {isa = PBXFileReference; explicitFileType = wrapper.cfbundle; includeInIndex = 0; path = KachiKachiTests.xctest; sourceTree = BUILT_PRODUCTS_DIR; };
		A3A67E9A1902B67800BFAF7B /* XCTest.framework */ = {isa = PBXFileReference; lastKnownFileType = wrapper.framework; name = XCTest.framework; path = Library/Frameworks/XCTest.framework; sourceTree = DEVELOPER_DIR; };
		A3A67EA21902B67800BFAF7B /* KachiKachiTests-Info.plist */ = {isa = PBXFileReference; lastKnownFileType = text.plist.xml; path = "KachiKachiTests-Info.plist"; sourceTree = "<group>"; };
		A3A67EA41902B67800BFAF7B /* en */ = {isa = PBXFileReference; lastKnownFileType = text.plist.strings; name = en; path = en.lproj/InfoPlist.strings; sourceTree = "<group>"; };
		A3A67EA61902B67800BFAF7B /* KachiKachiTests.m */ = {isa = PBXFileReference; lastKnownFileType = sourcecode.c.objc; path = KachiKachiTests.m; sourceTree = "<group>"; };
		A3A67EB51902BE7E00BFAF7B /* KKGameSceneController.h */ = {isa = PBXFileReference; fileEncoding = 4; lastKnownFileType = sourcecode.c.h; path = KKGameSceneController.h; sourceTree = "<group>"; };
		A3A67EB61902BE7E00BFAF7B /* KKGameSceneController.m */ = {isa = PBXFileReference; fileEncoding = 4; lastKnownFileType = sourcecode.c.objc; path = KKGameSceneController.m; sourceTree = "<group>"; };
		A3A67EB81902C79B00BFAF7B /* GameData.plist */ = {isa = PBXFileReference; fileEncoding = 4; lastKnownFileType = text.plist.xml; path = GameData.plist; sourceTree = "<group>"; };
		A3A67EBD1902C95D00BFAF7B /* KKGameConfigManager.h */ = {isa = PBXFileReference; fileEncoding = 4; lastKnownFileType = sourcecode.c.h; path = KKGameConfigManager.h; sourceTree = "<group>"; };
		A3A67EBE1902C95D00BFAF7B /* KKGameConfigManager.m */ = {isa = PBXFileReference; fileEncoding = 4; lastKnownFileType = sourcecode.c.objc; path = KKGameConfigManager.m; sourceTree = "<group>"; };
		A3A67ECD1902E3D300BFAF7B /* TTBase.h */ = {isa = PBXFileReference; fileEncoding = 4; lastKnownFileType = sourcecode.c.h; path = TTBase.h; sourceTree = "<group>"; };
		A3A67ECE1902E3D300BFAF7B /* TTBase.m */ = {isa = PBXFileReference; fileEncoding = 4; lastKnownFileType = sourcecode.c.objc; path = TTBase.m; sourceTree = "<group>"; };
		A3A67ECF1902E3D300BFAF7B /* TTPencil.h */ = {isa = PBXFileReference; fileEncoding = 4; lastKnownFileType = sourcecode.c.h; path = TTPencil.h; sourceTree = "<group>"; };
		A3A67ED01902E3D300BFAF7B /* TTPencil.m */ = {isa = PBXFileReference; fileEncoding = 4; lastKnownFileType = sourcecode.c.objc; path = TTPencil.m; sourceTree = "<group>"; };
		A3B97D691930F7AD0049DCEB /* SoundManager.h */ = {isa = PBXFileReference; fileEncoding = 4; lastKnownFileType = sourcecode.c.h; path = SoundManager.h; sourceTree = "<group>"; };
		A3B97D6A1930F7AD0049DCEB /* SoundManager.m */ = {isa = PBXFileReference; fileEncoding = 4; lastKnownFileType = sourcecode.c.objc; path = SoundManager.m; sourceTree = "<group>"; };
		A3B97D711930F9000049DCEB /* sound1.caf */ = {isa = PBXFileReference; lastKnownFileType = file; name = sound1.caf; path = Sounds/sound1.caf; sourceTree = "<group>"; };
		A3B97D721930F9000049DCEB /* sound2.caf */ = {isa = PBXFileReference; lastKnownFileType = file; name = sound2.caf; path = Sounds/sound2.caf; sourceTree = "<group>"; };
		A3B97D731930F9130049DCEB /* track1.caf */ = {isa = PBXFileReference; lastKnownFileType = file; name = track1.caf; path = Sounds/track1.caf; sourceTree = "<group>"; };
		A3B97D741930F9130049DCEB /* track2.caf */ = {isa = PBXFileReference; lastKnownFileType = file; name = track2.caf; path = Sounds/track2.caf; sourceTree = "<group>"; };
		A3D832C2194315ED00C0908C /* TTKite.h */ = {isa = PBXFileReference; fileEncoding = 4; lastKnownFileType = sourcecode.c.h; path = TTKite.h; sourceTree = "<group>"; };
		A3D832C3194315ED00C0908C /* TTKite.m */ = {isa = PBXFileReference; fileEncoding = 4; lastKnownFileType = sourcecode.c.objc; path = TTKite.m; sourceTree = "<group>"; };
		A3E9E96C1944BA0A00898279 /* TTBalloon.h */ = {isa = PBXFileReference; fileEncoding = 4; lastKnownFileType = sourcecode.c.h; path = TTBalloon.h; sourceTree = "<group>"; };
		A3E9E96D1944BA0A00898279 /* TTBalloon.m */ = {isa = PBXFileReference; fileEncoding = 4; lastKnownFileType = sourcecode.c.objc; path = TTBalloon.m; sourceTree = "<group>"; };
		A3FB4F4519125D070039585F /* Utility.h */ = {isa = PBXFileReference; fileEncoding = 4; lastKnownFileType = sourcecode.c.h; path = Utility.h; sourceTree = "<group>"; };
		A3FB4F4619125D070039585F /* Utility.m */ = {isa = PBXFileReference; fileEncoding = 4; lastKnownFileType = sourcecode.c.objc; path = Utility.m; sourceTree = "<group>"; };
/* End PBXFileReference section */

/* Begin PBXFrameworksBuildPhase section */
		A3A67E721902B67700BFAF7B /* Frameworks */ = {
			isa = PBXFrameworksBuildPhase;
			buildActionMask = 2147483647;
			files = (
				A3A67E7B1902B67700BFAF7B /* CoreGraphics.framework in Frameworks */,
				A3A67E7D1902B67700BFAF7B /* UIKit.framework in Frameworks */,
				A3A67E791902B67700BFAF7B /* Foundation.framework in Frameworks */,
			);
			runOnlyForDeploymentPostprocessing = 0;
		};
		A3A67E961902B67800BFAF7B /* Frameworks */ = {
			isa = PBXFrameworksBuildPhase;
			buildActionMask = 2147483647;
			files = (
				A3A67E9B1902B67800BFAF7B /* XCTest.framework in Frameworks */,
				A3A67E9D1902B67800BFAF7B /* UIKit.framework in Frameworks */,
				A3A67E9C1902B67800BFAF7B /* Foundation.framework in Frameworks */,
			);
			runOnlyForDeploymentPostprocessing = 0;
		};
/* End PBXFrameworksBuildPhase section */

/* Begin PBXGroup section */
		A305F2B41945F0C100B62C6C /* Classes */ = {
			isa = PBXGroup;
			children = (
				A305F2B51945F0DB00B62C6C /* KKGameStateManager.h */,
				A305F2B61945F0DB00B62C6C /* KKGameStateManager.m */,
			);
			path = Classes;
			sourceTree = "<group>";
		};
		A3A67E6C1902B67700BFAF7B = {
			isa = PBXGroup;
			children = (
				A305F2AA1945EBCB00B62C6C /* Default.png */,
				A3A67E7E1902B67700BFAF7B /* KachiKachi */,
				A3A67EA01902B67800BFAF7B /* KachiKachiTests */,
				A3A67E771902B67700BFAF7B /* Frameworks */,
				A3A67E761902B67700BFAF7B /* Products */,
			);
			sourceTree = "<group>";
		};
		A3A67E761902B67700BFAF7B /* Products */ = {
			isa = PBXGroup;
			children = (
				A3A67E751902B67700BFAF7B /* KachiKachi.app */,
				A3A67E991902B67800BFAF7B /* KachiKachiTests.xctest */,
			);
			name = Products;
			sourceTree = "<group>";
		};
		A3A67E771902B67700BFAF7B /* Frameworks */ = {
			isa = PBXGroup;
			children = (
				A3A67E781902B67700BFAF7B /* Foundation.framework */,
				A3A67E7A1902B67700BFAF7B /* CoreGraphics.framework */,
				A3A67E7C1902B67700BFAF7B /* UIKit.framework */,
				A3A67E9A1902B67800BFAF7B /* XCTest.framework */,
			);
			name = Frameworks;
			sourceTree = "<group>";
		};
		A3A67E7E1902B67700BFAF7B /* KachiKachi */ = {
			isa = PBXGroup;
			children = (
				A305F2B41945F0C100B62C6C /* Classes */,
				A3A67E871902B67700BFAF7B /* AppDelegate.h */,
				A3A67E881902B67700BFAF7B /* AppDelegate.m */,
				A3A67E8A1902B67700BFAF7B /* Main_iPhone.storyboard */,
				A3A67E8D1902B67700BFAF7B /* Main_iPad.storyboard */,
				A3A67EB51902BE7E00BFAF7B /* KKGameSceneController.h */,
				A3A67EB61902BE7E00BFAF7B /* KKGameSceneController.m */,
				A3A67EB81902C79B00BFAF7B /* GameData.plist */,
				A3A67EBD1902C95D00BFAF7B /* KKGameConfigManager.h */,
				A3A67EBE1902C95D00BFAF7B /* KKGameConfigManager.m */,
				A3A67E901902B67700BFAF7B /* ViewController.h */,
				A3A67E911902B67700BFAF7B /* ViewController.m */,
				A3B97D681930F7AD0049DCEB /* Sound */,
				A3A67ECC1902E3D300BFAF7B /* Elements */,
				A3A67E931902B67700BFAF7B /* Images.xcassets */,
				A3A67E7F1902B67700BFAF7B /* Supporting Files */,
				A3FB4F4519125D070039585F /* Utility.h */,
				A3FB4F4619125D070039585F /* Utility.m */,
			);
			path = KachiKachi;
			sourceTree = "<group>";
		};
		A3A67E7F1902B67700BFAF7B /* Supporting Files */ = {
			isa = PBXGroup;
			children = (
				A305F2A81945EAB800B62C6C /* iTunesArtwork */,
				A3B97D731930F9130049DCEB /* track1.caf */,
				A3B97D741930F9130049DCEB /* track2.caf */,
				A3B97D711930F9000049DCEB /* sound1.caf */,
				A3B97D721930F9000049DCEB /* sound2.caf */,
				A3A67E801902B67700BFAF7B /* KachiKachi-Info.plist */,
				A3A67E811902B67700BFAF7B /* InfoPlist.strings */,
				A3A67E841902B67700BFAF7B /* main.m */,
				A3A67E861902B67700BFAF7B /* KachiKachi-Prefix.pch */,
			);
			name = "Supporting Files";
			sourceTree = "<group>";
		};
		A3A67EA01902B67800BFAF7B /* KachiKachiTests */ = {
			isa = PBXGroup;
			children = (
				A3A67EA61902B67800BFAF7B /* KachiKachiTests.m */,
				A3A67EA11902B67800BFAF7B /* Supporting Files */,
			);
			path = KachiKachiTests;
			sourceTree = "<group>";
		};
		A3A67EA11902B67800BFAF7B /* Supporting Files */ = {
			isa = PBXGroup;
			children = (
				A3A67EA21902B67800BFAF7B /* KachiKachiTests-Info.plist */,
				A3A67EA31902B67800BFAF7B /* InfoPlist.strings */,
			);
			name = "Supporting Files";
			sourceTree = "<group>";
		};
		A3A67ECC1902E3D300BFAF7B /* Elements */ = {
			isa = PBXGroup;
			children = (
				A3A67ECD1902E3D300BFAF7B /* TTBase.h */,
				A3A67ECE1902E3D300BFAF7B /* TTBase.m */,
				A3A67ECF1902E3D300BFAF7B /* TTPencil.h */,
				A3A67ED01902E3D300BFAF7B /* TTPencil.m */,
				A3D832C2194315ED00C0908C /* TTKite.h */,
				A3D832C3194315ED00C0908C /* TTKite.m */,
				A3E9E96C1944BA0A00898279 /* TTBalloon.h */,
				A3E9E96D1944BA0A00898279 /* TTBalloon.m */,
			);
			path = Elements;
			sourceTree = "<group>";
		};
		A3B97D681930F7AD0049DCEB /* Sound */ = {
			isa = PBXGroup;
			children = (
				A3B97D691930F7AD0049DCEB /* SoundManager.h */,
				A3B97D6A1930F7AD0049DCEB /* SoundManager.m */,
			);
			path = Sound;
			sourceTree = "<group>";
		};
/* End PBXGroup section */

/* Begin PBXNativeTarget section */
		A3A67E741902B67700BFAF7B /* KachiKachi */ = {
			isa = PBXNativeTarget;
			buildConfigurationList = A3A67EAA1902B67800BFAF7B /* Build configuration list for PBXNativeTarget "KachiKachi" */;
			buildPhases = (
				A3A67E711902B67700BFAF7B /* Sources */,
				A3A67E721902B67700BFAF7B /* Frameworks */,
				A3A67E731902B67700BFAF7B /* Resources */,
			);
			buildRules = (
			);
			dependencies = (
			);
			name = KachiKachi;
			productName = KachiKachi;
			productReference = A3A67E751902B67700BFAF7B /* KachiKachi.app */;
			productType = "com.apple.product-type.application";
		};
		A3A67E981902B67800BFAF7B /* KachiKachiTests */ = {
			isa = PBXNativeTarget;
			buildConfigurationList = A3A67EAD1902B67800BFAF7B /* Build configuration list for PBXNativeTarget "KachiKachiTests" */;
			buildPhases = (
				A3A67E951902B67800BFAF7B /* Sources */,
				A3A67E961902B67800BFAF7B /* Frameworks */,
				A3A67E971902B67800BFAF7B /* Resources */,
			);
			buildRules = (
			);
			dependencies = (
				A3A67E9F1902B67800BFAF7B /* PBXTargetDependency */,
			);
			name = KachiKachiTests;
			productName = KachiKachiTests;
			productReference = A3A67E991902B67800BFAF7B /* KachiKachiTests.xctest */;
			productType = "com.apple.product-type.bundle.unit-test";
		};
/* End PBXNativeTarget section */

/* Begin PBXProject section */
		A3A67E6D1902B67700BFAF7B /* Project object */ = {
			isa = PBXProject;
			attributes = {
				LastUpgradeCheck = 0510;
				ORGANIZATIONNAME = Chanddan;
				TargetAttributes = {
					A3A67E981902B67800BFAF7B = {
						TestTargetID = A3A67E741902B67700BFAF7B;
					};
				};
			};
			buildConfigurationList = A3A67E701902B67700BFAF7B /* Build configuration list for PBXProject "KachiKachi" */;
			compatibilityVersion = "Xcode 3.2";
			developmentRegion = English;
			hasScannedForEncodings = 0;
			knownRegions = (
				en,
				Base,
			);
			mainGroup = A3A67E6C1902B67700BFAF7B;
			productRefGroup = A3A67E761902B67700BFAF7B /* Products */;
			projectDirPath = "";
			projectRoot = "";
			targets = (
				A3A67E741902B67700BFAF7B /* KachiKachi */,
				A3A67E981902B67800BFAF7B /* KachiKachiTests */,
			);
		};
/* End PBXProject section */

/* Begin PBXResourcesBuildPhase section */
		A3A67E731902B67700BFAF7B /* Resources */ = {
			isa = PBXResourcesBuildPhase;
			buildActionMask = 2147483647;
			files = (
				A3B97D751930F9130049DCEB /* track1.caf in Resources */,
				A3B97D761930F9130049DCEB /* track2.caf in Resources */,
				A3A67E8F1902B67700BFAF7B /* Main_iPad.storyboard in Resources */,
				A305F2A91945EAB800B62C6C /* iTunesArtwork in Resources */,
				A3A67EB91902C79B00BFAF7B /* GameData.plist in Resources */,
				A3B97D781930F91F0049DCEB /* sound1.caf in Resources */,
				A3A67E941902B67700BFAF7B /* Images.xcassets in Resources */,
				A3B97D771930F91C0049DCEB /* sound2.caf in Resources */,
				A3A67E8C1902B67700BFAF7B /* Main_iPhone.storyboard in Resources */,
				A3A67E831902B67700BFAF7B /* InfoPlist.strings in Resources */,
			);
			runOnlyForDeploymentPostprocessing = 0;
		};
		A3A67E971902B67800BFAF7B /* Resources */ = {
			isa = PBXResourcesBuildPhase;
			buildActionMask = 2147483647;
			files = (
				A3A67EA51902B67800BFAF7B /* InfoPlist.strings in Resources */,
			);
			runOnlyForDeploymentPostprocessing = 0;
		};
/* End PBXResourcesBuildPhase section */

/* Begin PBXSourcesBuildPhase section */
		A3A67E711902B67700BFAF7B /* Sources */ = {
			isa = PBXSourcesBuildPhase;
			buildActionMask = 2147483647;
			files = (
				A3D832C4194315ED00C0908C /* TTKite.m in Sources */,
				A3FB4F4719125D070039585F /* Utility.m in Sources */,
				A3A67EB71902BE7E00BFAF7B /* KKGameSceneController.m in Sources */,
				A3A67E921902B67700BFAF7B /* ViewController.m in Sources */,
				A3A67E891902B67700BFAF7B /* AppDelegate.m in Sources */,
				A3A67E851902B67700BFAF7B /* main.m in Sources */,
				A3E9E96E1944BA0A00898279 /* TTBalloon.m in Sources */,
				A305F2B71945F0DB00B62C6C /* KKGameStateManager.m in Sources */,
				A3A67ED11902E3D300BFAF7B /* TTBase.m in Sources */,
				A3B97D6B1930F7AD0049DCEB /* SoundManager.m in Sources */,
				A3A67ED21902E3D300BFAF7B /* TTPencil.m in Sources */,
				A3A67EBF1902C95D00BFAF7B /* KKGameConfigManager.m in Sources */,
			);
			runOnlyForDeploymentPostprocessing = 0;
		};
		A3A67E951902B67800BFAF7B /* Sources */ = {
			isa = PBXSourcesBuildPhase;
			buildActionMask = 2147483647;
			files = (
				A3A67EA71902B67800BFAF7B /* KachiKachiTests.m in Sources */,
			);
			runOnlyForDeploymentPostprocessing = 0;
		};
/* End PBXSourcesBuildPhase section */

/* Begin PBXTargetDependency section */
		A3A67E9F1902B67800BFAF7B /* PBXTargetDependency */ = {
			isa = PBXTargetDependency;
			target = A3A67E741902B67700BFAF7B /* KachiKachi */;
			targetProxy = A3A67E9E1902B67800BFAF7B /* PBXContainerItemProxy */;
		};
/* End PBXTargetDependency section */

/* Begin PBXVariantGroup section */
		A3A67E811902B67700BFAF7B /* InfoPlist.strings */ = {
			isa = PBXVariantGroup;
			children = (
				A3A67E821902B67700BFAF7B /* en */,
			);
			name = InfoPlist.strings;
			sourceTree = "<group>";
		};
		A3A67E8A1902B67700BFAF7B /* Main_iPhone.storyboard */ = {
			isa = PBXVariantGroup;
			children = (
				A3A67E8B1902B67700BFAF7B /* Base */,
			);
			name = Main_iPhone.storyboard;
			sourceTree = "<group>";
		};
		A3A67E8D1902B67700BFAF7B /* Main_iPad.storyboard */ = {
			isa = PBXVariantGroup;
			children = (
				A3A67E8E1902B67700BFAF7B /* Base */,
			);
			name = Main_iPad.storyboard;
			sourceTree = "<group>";
		};
		A3A67EA31902B67800BFAF7B /* InfoPlist.strings */ = {
			isa = PBXVariantGroup;
			children = (
				A3A67EA41902B67800BFAF7B /* en */,
			);
			name = InfoPlist.strings;
			sourceTree = "<group>";
		};
/* End PBXVariantGroup section */

/* Begin XCBuildConfiguration section */
		A3A67EA81902B67800BFAF7B /* Debug */ = {
			isa = XCBuildConfiguration;
			buildSettings = {
				ALWAYS_SEARCH_USER_PATHS = NO;
				CLANG_CXX_LANGUAGE_STANDARD = "gnu++0x";
				CLANG_CXX_LIBRARY = "libc++";
				CLANG_ENABLE_MODULES = YES;
				CLANG_ENABLE_OBJC_ARC = YES;
				CLANG_WARN_BOOL_CONVERSION = YES;
				CLANG_WARN_CONSTANT_CONVERSION = YES;
				CLANG_WARN_DIRECT_OBJC_ISA_USAGE = YES_ERROR;
				CLANG_WARN_EMPTY_BODY = YES;
				CLANG_WARN_ENUM_CONVERSION = YES;
				CLANG_WARN_INT_CONVERSION = YES;
				CLANG_WARN_OBJC_ROOT_CLASS = YES_ERROR;
				CLANG_WARN__DUPLICATE_METHOD_MATCH = YES;
				"CODE_SIGN_IDENTITY[sdk=iphoneos*]" = "iPhone Developer";
				COPY_PHASE_STRIP = NO;
				GCC_C_LANGUAGE_STANDARD = gnu99;
				GCC_DYNAMIC_NO_PIC = NO;
				GCC_OPTIMIZATION_LEVEL = 0;
				GCC_PREPROCESSOR_DEFINITIONS = (
					"DEBUG=1",
					"$(inherited)",
				);
				GCC_SYMBOLS_PRIVATE_EXTERN = NO;
				GCC_WARN_64_TO_32_BIT_CONVERSION = YES;
				GCC_WARN_ABOUT_RETURN_TYPE = YES_ERROR;
				GCC_WARN_UNDECLARED_SELECTOR = YES;
				GCC_WARN_UNINITIALIZED_AUTOS = YES_AGGRESSIVE;
				GCC_WARN_UNUSED_FUNCTION = YES;
				GCC_WARN_UNUSED_VARIABLE = YES;
				IPHONEOS_DEPLOYMENT_TARGET = 7.0;
				ONLY_ACTIVE_ARCH = YES;
				SDKROOT = iphoneos;
				TARGETED_DEVICE_FAMILY = "1,2";
			};
			name = Debug;
		};
		A3A67EA91902B67800BFAF7B /* Release */ = {
			isa = XCBuildConfiguration;
			buildSettings = {
				ALWAYS_SEARCH_USER_PATHS = NO;
				CLANG_CXX_LANGUAGE_STANDARD = "gnu++0x";
				CLANG_CXX_LIBRARY = "libc++";
				CLANG_ENABLE_MODULES = YES;
				CLANG_ENABLE_OBJC_ARC = YES;
				CLANG_WARN_BOOL_CONVERSION = YES;
				CLANG_WARN_CONSTANT_CONVERSION = YES;
				CLANG_WARN_DIRECT_OBJC_ISA_USAGE = YES_ERROR;
				CLANG_WARN_EMPTY_BODY = YES;
				CLANG_WARN_ENUM_CONVERSION = YES;
				CLANG_WARN_INT_CONVERSION = YES;
				CLANG_WARN_OBJC_ROOT_CLASS = YES_ERROR;
				CLANG_WARN__DUPLICATE_METHOD_MATCH = YES;
				"CODE_SIGN_IDENTITY[sdk=iphoneos*]" = "iPhone Developer";
				COPY_PHASE_STRIP = YES;
				ENABLE_NS_ASSERTIONS = NO;
				GCC_C_LANGUAGE_STANDARD = gnu99;
				GCC_WARN_64_TO_32_BIT_CONVERSION = YES;
				GCC_WARN_ABOUT_RETURN_TYPE = YES_ERROR;
				GCC_WARN_UNDECLARED_SELECTOR = YES;
				GCC_WARN_UNINITIALIZED_AUTOS = YES_AGGRESSIVE;
				GCC_WARN_UNUSED_FUNCTION = YES;
				GCC_WARN_UNUSED_VARIABLE = YES;
				IPHONEOS_DEPLOYMENT_TARGET = 7.0;
				SDKROOT = iphoneos;
				TARGETED_DEVICE_FAMILY = "1,2";
				VALIDATE_PRODUCT = YES;
			};
			name = Release;
		};
		A3A67EAB1902B67800BFAF7B /* Debug */ = {
			isa = XCBuildConfiguration;
			buildSettings = {
				ASSETCATALOG_COMPILER_APPICON_NAME = AppIcon;
				ASSETCATALOG_COMPILER_LAUNCHIMAGE_NAME = LaunchImage;
				GCC_PRECOMPILE_PREFIX_HEADER = YES;
				GCC_PREFIX_HEADER = "KachiKachi/KachiKachi-Prefix.pch";
				INFOPLIST_FILE = "KachiKachi/KachiKachi-Info.plist";
				IPHONEOS_DEPLOYMENT_TARGET = 6.0;
				PRODUCT_NAME = "$(TARGET_NAME)";
				TARGETED_DEVICE_FAMILY = 2;
				WRAPPER_EXTENSION = app;
			};
			name = Debug;
		};
		A3A67EAC1902B67800BFAF7B /* Release */ = {
			isa = XCBuildConfiguration;
			buildSettings = {
				ASSETCATALOG_COMPILER_APPICON_NAME = AppIcon;
				ASSETCATALOG_COMPILER_LAUNCHIMAGE_NAME = LaunchImage;
				GCC_PRECOMPILE_PREFIX_HEADER = YES;
				GCC_PREFIX_HEADER = "KachiKachi/KachiKachi-Prefix.pch";
				INFOPLIST_FILE = "KachiKachi/KachiKachi-Info.plist";
				IPHONEOS_DEPLOYMENT_TARGET = 6.0;
				PRODUCT_NAME = "$(TARGET_NAME)";
				TARGETED_DEVICE_FAMILY = 2;
				WRAPPER_EXTENSION = app;
			};
			name = Release;
		};
		A3A67EAE1902B67800BFAF7B /* Debug */ = {
			isa = XCBuildConfiguration;
			buildSettings = {
				BUNDLE_LOADER = "$(BUILT_PRODUCTS_DIR)/KachiKachi.app/KachiKachi";
				FRAMEWORK_SEARCH_PATHS = (
					"$(SDKROOT)/Developer/Library/Frameworks",
					"$(inherited)",
					"$(DEVELOPER_FRAMEWORKS_DIR)",
				);
				GCC_PRECOMPILE_PREFIX_HEADER = YES;
				GCC_PREFIX_HEADER = "KachiKachi/KachiKachi-Prefix.pch";
				GCC_PREPROCESSOR_DEFINITIONS = (
					"DEBUG=1",
					"$(inherited)",
				);
				INFOPLIST_FILE = "KachiKachiTests/KachiKachiTests-Info.plist";
				PRODUCT_NAME = "$(TARGET_NAME)";
				TEST_HOST = "$(BUNDLE_LOADER)";
				WRAPPER_EXTENSION = xctest;
			};
			name = Debug;
		};
		A3A67EAF1902B67800BFAF7B /* Release */ = {
			isa = XCBuildConfiguration;
			buildSettings = {
				BUNDLE_LOADER = "$(BUILT_PRODUCTS_DIR)/KachiKachi.app/KachiKachi";
				FRAMEWORK_SEARCH_PATHS = (
					"$(SDKROOT)/Developer/Library/Frameworks",
					"$(inherited)",
					"$(DEVELOPER_FRAMEWORKS_DIR)",
				);
				GCC_PRECOMPILE_PREFIX_HEADER = YES;
				GCC_PREFIX_HEADER = "KachiKachi/KachiKachi-Prefix.pch";
				INFOPLIST_FILE = "KachiKachiTests/KachiKachiTests-Info.plist";
				PRODUCT_NAME = "$(TARGET_NAME)";
				TEST_HOST = "$(BUNDLE_LOADER)";
				WRAPPER_EXTENSION = xctest;
			};
			name = Release;
		};
/* End XCBuildConfiguration section */

/* Begin XCConfigurationList section */
		A3A67E701902B67700BFAF7B /* Build configuration list for PBXProject "KachiKachi" */ = {
			isa = XCConfigurationList;
			buildConfigurations = (
				A3A67EA81902B67800BFAF7B /* Debug */,
				A3A67EA91902B67800BFAF7B /* Release */,
			);
			defaultConfigurationIsVisible = 0;
			defaultConfigurationName = Release;
		};
		A3A67EAA1902B67800BFAF7B /* Build configuration list for PBXNativeTarget "KachiKachi" */ = {
			isa = XCConfigurationList;
			buildConfigurations = (
				A3A67EAB1902B67800BFAF7B /* Debug */,
				A3A67EAC1902B67800BFAF7B /* Release */,
			);
			defaultConfigurationIsVisible = 0;
			defaultConfigurationName = Release;
		};
		A3A67EAD1902B67800BFAF7B /* Build configuration list for PBXNativeTarget "KachiKachiTests" */ = {
			isa = XCConfigurationList;
			buildConfigurations = (
				A3A67EAE1902B67800BFAF7B /* Debug */,
				A3A67EAF1902B67800BFAF7B /* Release */,
			);
			defaultConfigurationIsVisible = 0;
			defaultConfigurationName = Release;
		};
/* End XCConfigurationList section */
	};
	rootObject = A3A67E6D1902B67700BFAF7B /* Project object */;
}
