// !$*UTF8*$!
{
	archiveVersion = 1;
	classes = {
	};
	objectVersion = 46;
	objects = {

/* Begin PBXBuildFile section */
		48E71B241979A81900A2E7E8 /* balloon.wav in Resources */ = {isa = PBXBuildFile; fileRef = 48E71B141979A81900A2E7E8 /* balloon.wav */; };
		48E71B251979A81900A2E7E8 /* bird.wav in Resources */ = {isa = PBXBuildFile; fileRef = 48E71B151979A81900A2E7E8 /* bird.wav */; };
		48E71B261979A81900A2E7E8 /* bottle.wav in Resources */ = {isa = PBXBuildFile; fileRef = 48E71B161979A81900A2E7E8 /* bottle.wav */; };
		48E71B271979A81900A2E7E8 /* candle.wav in Resources */ = {isa = PBXBuildFile; fileRef = 48E71B171979A81900A2E7E8 /* candle.wav */; };
		48E71B281979A81900A2E7E8 /* disc.wav in Resources */ = {isa = PBXBuildFile; fileRef = 48E71B181979A81900A2E7E8 /* disc.wav */; };
		48E71B291979A81900A2E7E8 /* dvd.wav in Resources */ = {isa = PBXBuildFile; fileRef = 48E71B191979A81900A2E7E8 /* dvd.wav */; };
		48E71B2A1979A81900A2E7E8 /* fish.wav in Resources */ = {isa = PBXBuildFile; fileRef = 48E71B1A1979A81900A2E7E8 /* fish.wav */; };
		48E71B2B1979A81900A2E7E8 /* FunkGameLoop.m4a in Resources */ = {isa = PBXBuildFile; fileRef = 48E71B1B1979A81900A2E7E8 /* FunkGameLoop.m4a */; };
		48E71B2C1979A81900A2E7E8 /* key.wav in Resources */ = {isa = PBXBuildFile; fileRef = 48E71B1C1979A81900A2E7E8 /* key.wav */; };
		48E71B2D1979A81900A2E7E8 /* kite.wav in Resources */ = {isa = PBXBuildFile; fileRef = 48E71B1D1979A81900A2E7E8 /* kite.wav */; };
		48E71B2E1979A81900A2E7E8 /* lovesong.mp3 in Resources */ = {isa = PBXBuildFile; fileRef = 48E71B1E1979A81900A2E7E8 /* lovesong.mp3 */; };
		48E71B2F1979A81900A2E7E8 /* pencil.wav in Resources */ = {isa = PBXBuildFile; fileRef = 48E71B1F1979A81900A2E7E8 /* pencil.wav */; };
		48E71B301979A81900A2E7E8 /* star.wav in Resources */ = {isa = PBXBuildFile; fileRef = 48E71B201979A81900A2E7E8 /* star.wav */; };
		48E71B311979A81900A2E7E8 /* tap.wav in Resources */ = {isa = PBXBuildFile; fileRef = 48E71B211979A81900A2E7E8 /* tap.wav */; };
		48E71B321979A81900A2E7E8 /* won.caf in Resources */ = {isa = PBXBuildFile; fileRef = 48E71B221979A81900A2E7E8 /* won.caf */; };
		48E71B331979A81900A2E7E8 /* wrong.wav in Resources */ = {isa = PBXBuildFile; fileRef = 48E71B231979A81900A2E7E8 /* wrong.wav */; };
		A305F2A91945EAB800B62C6C /* iTunesArtwork in Resources */ = {isa = PBXBuildFile; fileRef = A305F2A81945EAB800B62C6C /* iTunesArtwork */; };
		A305F2B71945F0DB00B62C6C /* KKGameStateManager.m in Sources */ = {isa = PBXBuildFile; fileRef = A305F2B61945F0DB00B62C6C /* KKGameStateManager.m */; };
		A314CCE2194F2B620002BECC /* KKStageSelectController.m in Sources */ = {isa = PBXBuildFile; fileRef = A314CCE1194F2B620002BECC /* KKStageSelectController.m */; };
		A31B47C41971A70B00EF6BF8 /* libUserVoice.a in Frameworks */ = {isa = PBXBuildFile; fileRef = A31B47C31971A70B00EF6BF8 /* libUserVoice.a */; };
		A31B484B1971A81D00EF6BF8 /* UserVoice.strings in Resources */ = {isa = PBXBuildFile; fileRef = A31B48241971A81D00EF6BF8 /* UserVoice.strings */; };
		A31B484C1971A81D00EF6BF8 /* uv_article.png in Resources */ = {isa = PBXBuildFile; fileRef = A31B48421971A81D00EF6BF8 /* uv_article.png */; };
		A31B484D1971A81D00EF6BF8 /* uv_article@2x.png in Resources */ = {isa = PBXBuildFile; fileRef = A31B48431971A81D00EF6BF8 /* uv_article@2x.png */; };
		A31B484E1971A81D00EF6BF8 /* uv_heart.png in Resources */ = {isa = PBXBuildFile; fileRef = A31B48441971A81D00EF6BF8 /* uv_heart.png */; };
		A31B484F1971A81D00EF6BF8 /* uv_heart@2x.png in Resources */ = {isa = PBXBuildFile; fileRef = A31B48451971A81D00EF6BF8 /* uv_heart@2x.png */; };
		A31B48501971A81D00EF6BF8 /* uv_idea.png in Resources */ = {isa = PBXBuildFile; fileRef = A31B48461971A81D00EF6BF8 /* uv_idea.png */; };
		A31B48511971A81D00EF6BF8 /* uv_idea@2x.png in Resources */ = {isa = PBXBuildFile; fileRef = A31B48471971A81D00EF6BF8 /* uv_idea@2x.png */; };
		A31D440F19AB757100A7F8B5 /* libAppsFlyerLib.a in Frameworks */ = {isa = PBXBuildFile; fileRef = A31D440E19AB757100A7F8B5 /* libAppsFlyerLib.a */; };
		A32F4E691987F79F009A20F9 /* iAdViewController.m in Sources */ = {isa = PBXBuildFile; fileRef = A32F4E681987F79F009A20F9 /* iAdViewController.m */; };
		A32F4E6B1987F7F8009A20F9 /* iAd.framework in Frameworks */ = {isa = PBXBuildFile; fileRef = A32F4E6A1987F7F8009A20F9 /* iAd.framework */; };
		A3335FBE1955F09A000AA5B7 /* TTCarrot.m in Sources */ = {isa = PBXBuildFile; fileRef = A3335FBD1955F09A000AA5B7 /* TTCarrot.m */; };
		A3335FC21956C2D1000AA5B7 /* KKLevelModal.m in Sources */ = {isa = PBXBuildFile; fileRef = A3335FC11956C2D1000AA5B7 /* KKLevelModal.m */; };
		A3335FC51956C96F000AA5B7 /* KKItemModal.m in Sources */ = {isa = PBXBuildFile; fileRef = A3335FC41956C96F000AA5B7 /* KKItemModal.m */; };
		A33D53D31966758A00D65131 /* TimerObject.m in Sources */ = {isa = PBXBuildFile; fileRef = A33D53D21966758A00D65131 /* TimerObject.m */; };
		A3429BA819A85826007184DD /* TTMagicStick.m in Sources */ = {isa = PBXBuildFile; fileRef = A3429BA719A85826007184DD /* TTMagicStick.m */; };
		A357D7A9196301350037C2B4 /* libFlurry_5.1.0.a in Frameworks */ = {isa = PBXBuildFile; fileRef = A357D7A7196301350037C2B4 /* libFlurry_5.1.0.a */; };
		A357D7AB196301A70037C2B4 /* Crashlytics.framework in Frameworks */ = {isa = PBXBuildFile; fileRef = A357D7AA196301A70037C2B4 /* Crashlytics.framework */; };
		A35C2EAA19B7728F003FBA1B /* GameData_iPhone.plist in Resources */ = {isa = PBXBuildFile; fileRef = A35C2EA919B7728F003FBA1B /* GameData_iPhone.plist */; };
		A35DD6F419644730008D445C /* TTBottle.m in Sources */ = {isa = PBXBuildFile; fileRef = A35DD6F319644730008D445C /* TTBottle.m */; };
		A360192B19B5FB44005DBD86 /* Images-2.xcassets in Resources */ = {isa = PBXBuildFile; fileRef = A360192A19B5FB44005DBD86 /* Images-2.xcassets */; };
		A36734C819ACE40B00F2818E /* FacebookSDK.framework in Frameworks */ = {isa = PBXBuildFile; fileRef = A36734C719ACE40B00F2818E /* FacebookSDK.framework */; };
		A36A12E7195495ED007F6355 /* TTDisc.m in Sources */ = {isa = PBXBuildFile; fileRef = A36A12E6195495ED007F6355 /* TTDisc.m */; };
		A36A12EA1954BB89007F6355 /* TTCandy.m in Sources */ = {isa = PBXBuildFile; fileRef = A36A12E91954BB89007F6355 /* TTCandy.m */; };
		A36A12ED1954C090007F6355 /* TTChoc.m in Sources */ = {isa = PBXBuildFile; fileRef = A36A12EC1954C090007F6355 /* TTChoc.m */; };
		A36A12F01955510B007F6355 /* TTFish.m in Sources */ = {isa = PBXBuildFile; fileRef = A36A12EF1955510B007F6355 /* TTFish.m */; };
		A36A12F319556DD6007F6355 /* TTApple.m in Sources */ = {isa = PBXBuildFile; fileRef = A36A12F219556DD6007F6355 /* TTApple.m */; };
		A36C8E3C199CFE9B0071142B /* KKCustomAlertViewController.m in Sources */ = {isa = PBXBuildFile; fileRef = A36C8E3B199CFE9B0071142B /* KKCustomAlertViewController.m */; };
		A38222D9197261AA00D7A856 /* NSData+MKBase64.m in Sources */ = {isa = PBXBuildFile; fileRef = A38222CE197261AA00D7A856 /* NSData+MKBase64.m */; };
		A38222DA197261AA00D7A856 /* SFHFKeychainUtils.m in Sources */ = {isa = PBXBuildFile; fileRef = A38222D0197261AA00D7A856 /* SFHFKeychainUtils.m */; };
		A38222DB197261AA00D7A856 /* MKSKProduct.m in Sources */ = {isa = PBXBuildFile; fileRef = A38222D2197261AA00D7A856 /* MKSKProduct.m */; };
		A38222DC197261AA00D7A856 /* MKSKSubscriptionProduct.m in Sources */ = {isa = PBXBuildFile; fileRef = A38222D4197261AA00D7A856 /* MKSKSubscriptionProduct.m */; };
		A38222DD197261AA00D7A856 /* MKStoreKitConfigs.plist in Resources */ = {isa = PBXBuildFile; fileRef = A38222D6197261AA00D7A856 /* MKStoreKitConfigs.plist */; };
		A38222DE197261AA00D7A856 /* MKStoreManager.m in Sources */ = {isa = PBXBuildFile; fileRef = A38222D8197261AA00D7A856 /* MKStoreManager.m */; };
		A38222E11974B95200D7A856 /* Localizable.strings in Resources */ = {isa = PBXBuildFile; fileRef = A38222E31974B95200D7A856 /* Localizable.strings */; };
		A38222E819756B5E00D7A856 /* iRate.bundle in Resources */ = {isa = PBXBuildFile; fileRef = A38222E519756B5E00D7A856 /* iRate.bundle */; };
		A38222E919756B5E00D7A856 /* iRate.m in Sources */ = {isa = PBXBuildFile; fileRef = A38222E719756B5E00D7A856 /* iRate.m */; };
		A3A67E791902B67700BFAF7B /* Foundation.framework in Frameworks */ = {isa = PBXBuildFile; fileRef = A3A67E781902B67700BFAF7B /* Foundation.framework */; };
		A3A67E7B1902B67700BFAF7B /* CoreGraphics.framework in Frameworks */ = {isa = PBXBuildFile; fileRef = A3A67E7A1902B67700BFAF7B /* CoreGraphics.framework */; };
		A3A67E7D1902B67700BFAF7B /* UIKit.framework in Frameworks */ = {isa = PBXBuildFile; fileRef = A3A67E7C1902B67700BFAF7B /* UIKit.framework */; };
		A3A67E851902B67700BFAF7B /* main.m in Sources */ = {isa = PBXBuildFile; fileRef = A3A67E841902B67700BFAF7B /* main.m */; };
		A3A67E891902B67700BFAF7B /* AppDelegate.m in Sources */ = {isa = PBXBuildFile; fileRef = A3A67E881902B67700BFAF7B /* AppDelegate.m */; };
		A3A67E8C1902B67700BFAF7B /* Main_iPhone.storyboard in Resources */ = {isa = PBXBuildFile; fileRef = A3A67E8A1902B67700BFAF7B /* Main_iPhone.storyboard */; };
		A3A67E8F1902B67700BFAF7B /* Main_iPad.storyboard in Resources */ = {isa = PBXBuildFile; fileRef = A3A67E8D1902B67700BFAF7B /* Main_iPad.storyboard */; };
		A3A67E941902B67700BFAF7B /* Images.xcassets in Resources */ = {isa = PBXBuildFile; fileRef = A3A67E931902B67700BFAF7B /* Images.xcassets */; };
		A3A67E9B1902B67800BFAF7B /* XCTest.framework in Frameworks */ = {isa = PBXBuildFile; fileRef = A3A67E9A1902B67800BFAF7B /* XCTest.framework */; };
		A3A67E9C1902B67800BFAF7B /* Foundation.framework in Frameworks */ = {isa = PBXBuildFile; fileRef = A3A67E781902B67700BFAF7B /* Foundation.framework */; };
		A3A67E9D1902B67800BFAF7B /* UIKit.framework in Frameworks */ = {isa = PBXBuildFile; fileRef = A3A67E7C1902B67700BFAF7B /* UIKit.framework */; };
		A3A67EB71902BE7E00BFAF7B /* KKGameSceneController.m in Sources */ = {isa = PBXBuildFile; fileRef = A3A67EB61902BE7E00BFAF7B /* KKGameSceneController.m */; };
		A3A67EB91902C79B00BFAF7B /* GameData.plist in Resources */ = {isa = PBXBuildFile; fileRef = A3A67EB81902C79B00BFAF7B /* GameData.plist */; };
		A3A67EBF1902C95D00BFAF7B /* KKGameConfigManager.m in Sources */ = {isa = PBXBuildFile; fileRef = A3A67EBE1902C95D00BFAF7B /* KKGameConfigManager.m */; };
		A3A67ED11902E3D300BFAF7B /* TTBase.m in Sources */ = {isa = PBXBuildFile; fileRef = A3A67ECE1902E3D300BFAF7B /* TTBase.m */; };
		A3A67ED21902E3D300BFAF7B /* TTPencil.m in Sources */ = {isa = PBXBuildFile; fileRef = A3A67ED01902E3D300BFAF7B /* TTPencil.m */; };
		A3A8DFF6199E5279001FF20D /* ILTranslucentView.m in Sources */ = {isa = PBXBuildFile; fileRef = A3A8DFF5199E5279001FF20D /* ILTranslucentView.m */; };
		A3A8DFFD19A07662001FF20D /* PushApps.framework in Frameworks */ = {isa = PBXBuildFile; fileRef = A3A8DFFC19A07662001FF20D /* PushApps.framework */; };
		A3B3C4EC1961B52700B62BD4 /* InfoPlist.strings in Resources */ = {isa = PBXBuildFile; fileRef = A3B3C4EA1961B52700B62BD4 /* InfoPlist.strings */; };
		A3B3C4F71961C4C100B62BD4 /* SystemConfiguration.framework in Frameworks */ = {isa = PBXBuildFile; fileRef = A3B3C4F61961C4C100B62BD4 /* SystemConfiguration.framework */; };
		A3B97D6B1930F7AD0049DCEB /* SoundManager.m in Sources */ = {isa = PBXBuildFile; fileRef = A3B97D6A1930F7AD0049DCEB /* SoundManager.m */; };
		A3BE4D7B195329EF00C466ED /* TTLeave.m in Sources */ = {isa = PBXBuildFile; fileRef = A3BE4D7A195329EF00C466ED /* TTLeave.m */; };
		A3D79A0819835ED40016DA23 /* StoreKit.framework in Frameworks */ = {isa = PBXBuildFile; fileRef = A3D79A0719835ED40016DA23 /* StoreKit.framework */; };
		A3D832C4194315ED00C0908C /* TTKite.m in Sources */ = {isa = PBXBuildFile; fileRef = A3D832C3194315ED00C0908C /* TTKite.m */; };
		A3E9E96E1944BA0A00898279 /* TTBalloon.m in Sources */ = {isa = PBXBuildFile; fileRef = A3E9E96D1944BA0A00898279 /* TTBalloon.m */; };
		A3F1005019546B080002CA97 /* KKMailComposerManager.m in Sources */ = {isa = PBXBuildFile; fileRef = A3F1004F19546B080002CA97 /* KKMailComposerManager.m */; };
		A3FB4F4719125D070039585F /* Utility.m in Sources */ = {isa = PBXBuildFile; fileRef = A3FB4F4619125D070039585F /* Utility.m */; };
		A3FF1532195B0796007CE275 /* KKLevelSelectViewController.m in Sources */ = {isa = PBXBuildFile; fileRef = A3FF1531195B0796007CE275 /* KKLevelSelectViewController.m */; };
		A3FF1535195B07B8007CE275 /* KKCollectionViewCell.m in Sources */ = {isa = PBXBuildFile; fileRef = A3FF1534195B07B8007CE275 /* KKCollectionViewCell.m */; };
		A3FF1538195B2191007CE275 /* TTBall.m in Sources */ = {isa = PBXBuildFile; fileRef = A3FF1537195B2191007CE275 /* TTBall.m */; };
		A3FF153B195C4F48007CE275 /* TTBird.m in Sources */ = {isa = PBXBuildFile; fileRef = A3FF153A195C4F48007CE275 /* TTBird.m */; };
		A3FF153E195C791E007CE275 /* TTCandle.m in Sources */ = {isa = PBXBuildFile; fileRef = A3FF153D195C791E007CE275 /* TTCandle.m */; };
		A3FF1541195DDC2D007CE275 /* TTDvd.m in Sources */ = {isa = PBXBuildFile; fileRef = A3FF1540195DDC2D007CE275 /* TTDvd.m */; };
		A3FF1544195E6711007CE275 /* TTStar.m in Sources */ = {isa = PBXBuildFile; fileRef = A3FF1543195E6711007CE275 /* TTStar.m */; };
		A3FF1547195E6720007CE275 /* TTUmbrella.m in Sources */ = {isa = PBXBuildFile; fileRef = A3FF1546195E6720007CE275 /* TTUmbrella.m */; };
		A3FF154A195E672C007CE275 /* TTKey.m in Sources */ = {isa = PBXBuildFile; fileRef = A3FF1549195E672C007CE275 /* TTKey.m */; };
		A3FF154D195E6737007CE275 /* TTBrush.m in Sources */ = {isa = PBXBuildFile; fileRef = A3FF154C195E6737007CE275 /* TTBrush.m */; };
/* End PBXBuildFile section */

/* Begin PBXContainerItemProxy section */
		A3A67E9E1902B67800BFAF7B /* PBXContainerItemProxy */ = {
			isa = PBXContainerItemProxy;
			containerPortal = A3A67E6D1902B67700BFAF7B /* Project object */;
			proxyType = 1;
			remoteGlobalIDString = A3A67E741902B67700BFAF7B;
			remoteInfo = KachiKachi;
		};
/* End PBXContainerItemProxy section */

/* Begin PBXFileReference section */
		48E71B141979A81900A2E7E8 /* balloon.wav */ = {isa = PBXFileReference; lastKnownFileType = audio.wav; path = balloon.wav; sourceTree = "<group>"; };
		48E71B151979A81900A2E7E8 /* bird.wav */ = {isa = PBXFileReference; lastKnownFileType = audio.wav; path = bird.wav; sourceTree = "<group>"; };
		48E71B161979A81900A2E7E8 /* bottle.wav */ = {isa = PBXFileReference; lastKnownFileType = audio.wav; path = bottle.wav; sourceTree = "<group>"; };
		48E71B171979A81900A2E7E8 /* candle.wav */ = {isa = PBXFileReference; lastKnownFileType = audio.wav; path = candle.wav; sourceTree = "<group>"; };
		48E71B181979A81900A2E7E8 /* disc.wav */ = {isa = PBXFileReference; lastKnownFileType = audio.wav; path = disc.wav; sourceTree = "<group>"; };
		48E71B191979A81900A2E7E8 /* dvd.wav */ = {isa = PBXFileReference; lastKnownFileType = audio.wav; path = dvd.wav; sourceTree = "<group>"; };
		48E71B1A1979A81900A2E7E8 /* fish.wav */ = {isa = PBXFileReference; lastKnownFileType = audio.wav; path = fish.wav; sourceTree = "<group>"; };
		48E71B1B1979A81900A2E7E8 /* FunkGameLoop.m4a */ = {isa = PBXFileReference; lastKnownFileType = file; path = FunkGameLoop.m4a; sourceTree = "<group>"; };
		48E71B1C1979A81900A2E7E8 /* key.wav */ = {isa = PBXFileReference; lastKnownFileType = audio.wav; path = key.wav; sourceTree = "<group>"; };
		48E71B1D1979A81900A2E7E8 /* kite.wav */ = {isa = PBXFileReference; lastKnownFileType = audio.wav; path = kite.wav; sourceTree = "<group>"; };
		48E71B1E1979A81900A2E7E8 /* lovesong.mp3 */ = {isa = PBXFileReference; lastKnownFileType = audio.mp3; path = lovesong.mp3; sourceTree = "<group>"; };
		48E71B1F1979A81900A2E7E8 /* pencil.wav */ = {isa = PBXFileReference; lastKnownFileType = audio.wav; path = pencil.wav; sourceTree = "<group>"; };
		48E71B201979A81900A2E7E8 /* star.wav */ = {isa = PBXFileReference; lastKnownFileType = audio.wav; path = star.wav; sourceTree = "<group>"; };
		48E71B211979A81900A2E7E8 /* tap.wav */ = {isa = PBXFileReference; lastKnownFileType = audio.wav; path = tap.wav; sourceTree = "<group>"; };
		48E71B221979A81900A2E7E8 /* won.caf */ = {isa = PBXFileReference; lastKnownFileType = file; path = won.caf; sourceTree = "<group>"; };
		48E71B231979A81900A2E7E8 /* wrong.wav */ = {isa = PBXFileReference; lastKnownFileType = audio.wav; path = wrong.wav; sourceTree = "<group>"; };
		A305F2A81945EAB800B62C6C /* iTunesArtwork */ = {isa = PBXFileReference; lastKnownFileType = file; path = iTunesArtwork; sourceTree = "<group>"; };
		A305F2B51945F0DB00B62C6C /* KKGameStateManager.h */ = {isa = PBXFileReference; fileEncoding = 4; lastKnownFileType = sourcecode.c.h; path = KKGameStateManager.h; sourceTree = "<group>"; };
		A305F2B61945F0DB00B62C6C /* KKGameStateManager.m */ = {isa = PBXFileReference; fileEncoding = 4; lastKnownFileType = sourcecode.c.objc; path = KKGameStateManager.m; sourceTree = "<group>"; };
		A314CCE0194F2B620002BECC /* KKStageSelectController.h */ = {isa = PBXFileReference; fileEncoding = 4; lastKnownFileType = sourcecode.c.h; path = KKStageSelectController.h; sourceTree = "<group>"; };
		A314CCE1194F2B620002BECC /* KKStageSelectController.m */ = {isa = PBXFileReference; fileEncoding = 4; lastKnownFileType = sourcecode.c.objc; path = KKStageSelectController.m; sourceTree = "<group>"; };
		A31B46F81971A50800EF6BF8 /* UserVoice.h */ = {isa = PBXFileReference; fileEncoding = 4; lastKnownFileType = sourcecode.c.h; path = UserVoice.h; sourceTree = "<group>"; };
		A31B46F91971A50800EF6BF8 /* UVConfig.h */ = {isa = PBXFileReference; fileEncoding = 4; lastKnownFileType = sourcecode.c.h; path = UVConfig.h; sourceTree = "<group>"; };
		A31B46FA1971A50800EF6BF8 /* UVDelegate.h */ = {isa = PBXFileReference; fileEncoding = 4; lastKnownFileType = sourcecode.c.h; path = UVDelegate.h; sourceTree = "<group>"; };
		A31B46FB1971A50800EF6BF8 /* UVStyleSheet.h */ = {isa = PBXFileReference; fileEncoding = 4; lastKnownFileType = sourcecode.c.h; path = UVStyleSheet.h; sourceTree = "<group>"; };
		A31B47C31971A70B00EF6BF8 /* libUserVoice.a */ = {isa = PBXFileReference; lastKnownFileType = archive.ar; path = libUserVoice.a; sourceTree = "<group>"; };
		A31B48251971A81D00EF6BF8 /* ca */ = {isa = PBXFileReference; lastKnownFileType = text.plist.strings; name = ca; path = ca.lproj/UserVoice.strings; sourceTree = "<group>"; };
		A31B48261971A81D00EF6BF8 /* cs */ = {isa = PBXFileReference; lastKnownFileType = text.plist.strings; name = cs; path = cs.lproj/UserVoice.strings; sourceTree = "<group>"; };
		A31B48271971A81D00EF6BF8 /* da */ = {isa = PBXFileReference; lastKnownFileType = text.plist.strings; name = da; path = da.lproj/UserVoice.strings; sourceTree = "<group>"; };
		A31B48281971A81D00EF6BF8 /* de */ = {isa = PBXFileReference; lastKnownFileType = text.plist.strings; name = de; path = de.lproj/UserVoice.strings; sourceTree = "<group>"; };
		A31B48291971A81D00EF6BF8 /* el */ = {isa = PBXFileReference; lastKnownFileType = text.plist.strings; name = el; path = el.lproj/UserVoice.strings; sourceTree = "<group>"; };
		A31B482A1971A81D00EF6BF8 /* en-GB */ = {isa = PBXFileReference; lastKnownFileType = text.plist.strings; name = "en-GB"; path = "en-GB.lproj/UserVoice.strings"; sourceTree = "<group>"; };
		A31B482B1971A81D00EF6BF8 /* en */ = {isa = PBXFileReference; lastKnownFileType = text.plist.strings; name = en; path = en.lproj/UserVoice.strings; sourceTree = "<group>"; };
		A31B482C1971A81D00EF6BF8 /* es */ = {isa = PBXFileReference; lastKnownFileType = text.plist.strings; name = es; path = es.lproj/UserVoice.strings; sourceTree = "<group>"; };
		A31B482D1971A81D00EF6BF8 /* fi */ = {isa = PBXFileReference; lastKnownFileType = text.plist.strings; name = fi; path = fi.lproj/UserVoice.strings; sourceTree = "<group>"; };
		A31B482E1971A81D00EF6BF8 /* fr */ = {isa = PBXFileReference; lastKnownFileType = text.plist.strings; name = fr; path = fr.lproj/UserVoice.strings; sourceTree = "<group>"; };
		A31B482F1971A81D00EF6BF8 /* hr */ = {isa = PBXFileReference; lastKnownFileType = text.plist.strings; name = hr; path = hr.lproj/UserVoice.strings; sourceTree = "<group>"; };
		A31B48301971A81D00EF6BF8 /* hu */ = {isa = PBXFileReference; lastKnownFileType = text.plist.strings; name = hu; path = hu.lproj/UserVoice.strings; sourceTree = "<group>"; };
		A31B48311971A81D00EF6BF8 /* id */ = {isa = PBXFileReference; lastKnownFileType = text.plist.strings; name = id; path = id.lproj/UserVoice.strings; sourceTree = "<group>"; };
		A31B48321971A81D00EF6BF8 /* it */ = {isa = PBXFileReference; lastKnownFileType = text.plist.strings; name = it; path = it.lproj/UserVoice.strings; sourceTree = "<group>"; };
		A31B48331971A81D00EF6BF8 /* ja */ = {isa = PBXFileReference; lastKnownFileType = text.plist.strings; name = ja; path = ja.lproj/UserVoice.strings; sourceTree = "<group>"; };
		A31B48341971A81D00EF6BF8 /* ko */ = {isa = PBXFileReference; lastKnownFileType = text.plist.strings; name = ko; path = ko.lproj/UserVoice.strings; sourceTree = "<group>"; };
		A31B48351971A81D00EF6BF8 /* ms */ = {isa = PBXFileReference; lastKnownFileType = text.plist.strings; name = ms; path = ms.lproj/UserVoice.strings; sourceTree = "<group>"; };
		A31B48361971A81D00EF6BF8 /* nb */ = {isa = PBXFileReference; lastKnownFileType = text.plist.strings; name = nb; path = nb.lproj/UserVoice.strings; sourceTree = "<group>"; };
		A31B48371971A81D00EF6BF8 /* nl */ = {isa = PBXFileReference; lastKnownFileType = text.plist.strings; name = nl; path = nl.lproj/UserVoice.strings; sourceTree = "<group>"; };
		A31B48381971A81D00EF6BF8 /* pl */ = {isa = PBXFileReference; lastKnownFileType = text.plist.strings; name = pl; path = pl.lproj/UserVoice.strings; sourceTree = "<group>"; };
		A31B48391971A81D00EF6BF8 /* pt-PT */ = {isa = PBXFileReference; lastKnownFileType = text.plist.strings; name = "pt-PT"; path = "pt-PT.lproj/UserVoice.strings"; sourceTree = "<group>"; };
		A31B483A1971A81D00EF6BF8 /* pt */ = {isa = PBXFileReference; lastKnownFileType = text.plist.strings; name = pt; path = pt.lproj/UserVoice.strings; sourceTree = "<group>"; };
		A31B483B1971A81D00EF6BF8 /* ro */ = {isa = PBXFileReference; lastKnownFileType = text.plist.strings; name = ro; path = ro.lproj/UserVoice.strings; sourceTree = "<group>"; };
		A31B483C1971A81D00EF6BF8 /* ru */ = {isa = PBXFileReference; lastKnownFileType = text.plist.strings; name = ru; path = ru.lproj/UserVoice.strings; sourceTree = "<group>"; };
		A31B483D1971A81D00EF6BF8 /* sk */ = {isa = PBXFileReference; lastKnownFileType = text.plist.strings; name = sk; path = sk.lproj/UserVoice.strings; sourceTree = "<group>"; };
		A31B483E1971A81D00EF6BF8 /* sv */ = {isa = PBXFileReference; lastKnownFileType = text.plist.strings; name = sv; path = sv.lproj/UserVoice.strings; sourceTree = "<group>"; };
		A31B483F1971A81D00EF6BF8 /* th */ = {isa = PBXFileReference; lastKnownFileType = text.plist.strings; name = th; path = th.lproj/UserVoice.strings; sourceTree = "<group>"; };
		A31B48401971A81D00EF6BF8 /* tr */ = {isa = PBXFileReference; lastKnownFileType = text.plist.strings; name = tr; path = tr.lproj/UserVoice.strings; sourceTree = "<group>"; };
		A31B48411971A81D00EF6BF8 /* uk */ = {isa = PBXFileReference; lastKnownFileType = text.plist.strings; name = uk; path = uk.lproj/UserVoice.strings; sourceTree = "<group>"; };
		A31B48421971A81D00EF6BF8 /* uv_article.png */ = {isa = PBXFileReference; lastKnownFileType = image.png; path = uv_article.png; sourceTree = "<group>"; };
		A31B48431971A81D00EF6BF8 /* uv_article@2x.png */ = {isa = PBXFileReference; lastKnownFileType = image.png; path = "uv_article@2x.png"; sourceTree = "<group>"; };
		A31B48441971A81D00EF6BF8 /* uv_heart.png */ = {isa = PBXFileReference; lastKnownFileType = image.png; path = uv_heart.png; sourceTree = "<group>"; };
		A31B48451971A81D00EF6BF8 /* uv_heart@2x.png */ = {isa = PBXFileReference; lastKnownFileType = image.png; path = "uv_heart@2x.png"; sourceTree = "<group>"; };
		A31B48461971A81D00EF6BF8 /* uv_idea.png */ = {isa = PBXFileReference; lastKnownFileType = image.png; path = uv_idea.png; sourceTree = "<group>"; };
		A31B48471971A81D00EF6BF8 /* uv_idea@2x.png */ = {isa = PBXFileReference; lastKnownFileType = image.png; path = "uv_idea@2x.png"; sourceTree = "<group>"; };
		A31B48481971A81D00EF6BF8 /* vi */ = {isa = PBXFileReference; lastKnownFileType = text.plist.strings; name = vi; path = vi.lproj/UserVoice.strings; sourceTree = "<group>"; };
		A31B48491971A81D00EF6BF8 /* zh-Hans */ = {isa = PBXFileReference; lastKnownFileType = text.plist.strings; name = "zh-Hans"; path = "zh-Hans.lproj/UserVoice.strings"; sourceTree = "<group>"; };
		A31B484A1971A81D00EF6BF8 /* zh-Hant */ = {isa = PBXFileReference; lastKnownFileType = text.plist.strings; name = "zh-Hant"; path = "zh-Hant.lproj/UserVoice.strings"; sourceTree = "<group>"; };
		A31D440D19AB757100A7F8B5 /* AppsFlyerTracker.h */ = {isa = PBXFileReference; fileEncoding = 4; lastKnownFileType = sourcecode.c.h; path = AppsFlyerTracker.h; sourceTree = "<group>"; };
		A31D440E19AB757100A7F8B5 /* libAppsFlyerLib.a */ = {isa = PBXFileReference; lastKnownFileType = archive.ar; path = libAppsFlyerLib.a; sourceTree = "<group>"; };
		A32F4E671987F79F009A20F9 /* iAdViewController.h */ = {isa = PBXFileReference; fileEncoding = 4; lastKnownFileType = sourcecode.c.h; path = iAdViewController.h; sourceTree = "<group>"; };
		A32F4E681987F79F009A20F9 /* iAdViewController.m */ = {isa = PBXFileReference; fileEncoding = 4; lastKnownFileType = sourcecode.c.objc; path = iAdViewController.m; sourceTree = "<group>"; };
		A32F4E6A1987F7F8009A20F9 /* iAd.framework */ = {isa = PBXFileReference; lastKnownFileType = wrapper.framework; name = iAd.framework; path = System/Library/Frameworks/iAd.framework; sourceTree = SDKROOT; };
		A3335FBC1955F09A000AA5B7 /* TTCarrot.h */ = {isa = PBXFileReference; fileEncoding = 4; lastKnownFileType = sourcecode.c.h; path = TTCarrot.h; sourceTree = "<group>"; };
		A3335FBD1955F09A000AA5B7 /* TTCarrot.m */ = {isa = PBXFileReference; fileEncoding = 4; lastKnownFileType = sourcecode.c.objc; path = TTCarrot.m; sourceTree = "<group>"; };
		A3335FC01956C2D1000AA5B7 /* KKLevelModal.h */ = {isa = PBXFileReference; fileEncoding = 4; lastKnownFileType = sourcecode.c.h; path = KKLevelModal.h; sourceTree = "<group>"; };
		A3335FC11956C2D1000AA5B7 /* KKLevelModal.m */ = {isa = PBXFileReference; fileEncoding = 4; lastKnownFileType = sourcecode.c.objc; path = KKLevelModal.m; sourceTree = "<group>"; };
		A3335FC31956C96F000AA5B7 /* KKItemModal.h */ = {isa = PBXFileReference; fileEncoding = 4; lastKnownFileType = sourcecode.c.h; path = KKItemModal.h; sourceTree = "<group>"; };
		A3335FC41956C96F000AA5B7 /* KKItemModal.m */ = {isa = PBXFileReference; fileEncoding = 4; lastKnownFileType = sourcecode.c.objc; path = KKItemModal.m; sourceTree = "<group>"; };
		A33D53D11966758A00D65131 /* TimerObject.h */ = {isa = PBXFileReference; fileEncoding = 4; lastKnownFileType = sourcecode.c.h; path = TimerObject.h; sourceTree = "<group>"; };
		A33D53D21966758A00D65131 /* TimerObject.m */ = {isa = PBXFileReference; fileEncoding = 4; lastKnownFileType = sourcecode.c.objc; path = TimerObject.m; sourceTree = "<group>"; };
		A3429BA619A85826007184DD /* TTMagicStick.h */ = {isa = PBXFileReference; fileEncoding = 4; lastKnownFileType = sourcecode.c.h; path = TTMagicStick.h; sourceTree = "<group>"; };
		A3429BA719A85826007184DD /* TTMagicStick.m */ = {isa = PBXFileReference; fileEncoding = 4; lastKnownFileType = sourcecode.c.objc; path = TTMagicStick.m; sourceTree = "<group>"; };
		A357D7A6196301350037C2B4 /* Flurry.h */ = {isa = PBXFileReference; fileEncoding = 4; lastKnownFileType = sourcecode.c.h; path = Flurry.h; sourceTree = "<group>"; };
		A357D7A7196301350037C2B4 /* libFlurry_5.1.0.a */ = {isa = PBXFileReference; lastKnownFileType = archive.ar; path = libFlurry_5.1.0.a; sourceTree = "<group>"; };
		A357D7AA196301A70037C2B4 /* Crashlytics.framework */ = {isa = PBXFileReference; lastKnownFileType = wrapper.framework; path = Crashlytics.framework; sourceTree = SOURCE_ROOT; };
		A35C2EA919B7728F003FBA1B /* GameData_iPhone.plist */ = {isa = PBXFileReference; fileEncoding = 4; lastKnownFileType = text.plist.xml; path = GameData_iPhone.plist; sourceTree = "<group>"; };
		A35DD6F219644730008D445C /* TTBottle.h */ = {isa = PBXFileReference; fileEncoding = 4; lastKnownFileType = sourcecode.c.h; path = TTBottle.h; sourceTree = "<group>"; };
		A35DD6F319644730008D445C /* TTBottle.m */ = {isa = PBXFileReference; fileEncoding = 4; lastKnownFileType = sourcecode.c.objc; path = TTBottle.m; sourceTree = "<group>"; };
		A360192A19B5FB44005DBD86 /* Images-2.xcassets */ = {isa = PBXFileReference; lastKnownFileType = folder.assetcatalog; path = "Images-2.xcassets"; sourceTree = "<group>"; };
		A3644FA01984EBC900FBD566 /* KachiKachi.entitlements */ = {isa = PBXFileReference; lastKnownFileType = text.xml; path = KachiKachi.entitlements; sourceTree = "<group>"; };
		A36734C719ACE40B00F2818E /* FacebookSDK.framework */ = {isa = PBXFileReference; lastKnownFileType = wrapper.framework; path = FacebookSDK.framework; sourceTree = "<group>"; };
		A36A12E5195495ED007F6355 /* TTDisc.h */ = {isa = PBXFileReference; fileEncoding = 4; lastKnownFileType = sourcecode.c.h; path = TTDisc.h; sourceTree = "<group>"; };
		A36A12E6195495ED007F6355 /* TTDisc.m */ = {isa = PBXFileReference; fileEncoding = 4; lastKnownFileType = sourcecode.c.objc; path = TTDisc.m; sourceTree = "<group>"; };
		A36A12E81954BB89007F6355 /* TTCandy.h */ = {isa = PBXFileReference; fileEncoding = 4; lastKnownFileType = sourcecode.c.h; path = TTCandy.h; sourceTree = "<group>"; };
		A36A12E91954BB89007F6355 /* TTCandy.m */ = {isa = PBXFileReference; fileEncoding = 4; lastKnownFileType = sourcecode.c.objc; path = TTCandy.m; sourceTree = "<group>"; };
		A36A12EB1954C090007F6355 /* TTChoc.h */ = {isa = PBXFileReference; fileEncoding = 4; lastKnownFileType = sourcecode.c.h; path = TTChoc.h; sourceTree = "<group>"; };
		A36A12EC1954C090007F6355 /* TTChoc.m */ = {isa = PBXFileReference; fileEncoding = 4; lastKnownFileType = sourcecode.c.objc; path = TTChoc.m; sourceTree = "<group>"; };
		A36A12EE1955510B007F6355 /* TTFish.h */ = {isa = PBXFileReference; fileEncoding = 4; lastKnownFileType = sourcecode.c.h; path = TTFish.h; sourceTree = "<group>"; };
		A36A12EF1955510B007F6355 /* TTFish.m */ = {isa = PBXFileReference; fileEncoding = 4; lastKnownFileType = sourcecode.c.objc; path = TTFish.m; sourceTree = "<group>"; };
		A36A12F119556DD6007F6355 /* TTApple.h */ = {isa = PBXFileReference; fileEncoding = 4; lastKnownFileType = sourcecode.c.h; path = TTApple.h; sourceTree = "<group>"; };
		A36A12F219556DD6007F6355 /* TTApple.m */ = {isa = PBXFileReference; fileEncoding = 4; lastKnownFileType = sourcecode.c.objc; path = TTApple.m; sourceTree = "<group>"; };
		A36C8E3A199CFE9B0071142B /* KKCustomAlertViewController.h */ = {isa = PBXFileReference; fileEncoding = 4; lastKnownFileType = sourcecode.c.h; path = KKCustomAlertViewController.h; sourceTree = "<group>"; };
		A36C8E3B199CFE9B0071142B /* KKCustomAlertViewController.m */ = {isa = PBXFileReference; fileEncoding = 4; lastKnownFileType = sourcecode.c.objc; path = KKCustomAlertViewController.m; sourceTree = "<group>"; };
		A38222CD197261AA00D7A856 /* NSData+MKBase64.h */ = {isa = PBXFileReference; fileEncoding = 4; lastKnownFileType = sourcecode.c.h; path = "NSData+MKBase64.h"; sourceTree = "<group>"; };
		A38222CE197261AA00D7A856 /* NSData+MKBase64.m */ = {isa = PBXFileReference; fileEncoding = 4; lastKnownFileType = sourcecode.c.objc; path = "NSData+MKBase64.m"; sourceTree = "<group>"; };
		A38222CF197261AA00D7A856 /* SFHFKeychainUtils.h */ = {isa = PBXFileReference; fileEncoding = 4; lastKnownFileType = sourcecode.c.h; path = SFHFKeychainUtils.h; sourceTree = "<group>"; };
		A38222D0197261AA00D7A856 /* SFHFKeychainUtils.m */ = {isa = PBXFileReference; fileEncoding = 4; lastKnownFileType = sourcecode.c.objc; path = SFHFKeychainUtils.m; sourceTree = "<group>"; };
		A38222D1197261AA00D7A856 /* MKSKProduct.h */ = {isa = PBXFileReference; fileEncoding = 4; lastKnownFileType = sourcecode.c.h; path = MKSKProduct.h; sourceTree = "<group>"; };
		A38222D2197261AA00D7A856 /* MKSKProduct.m */ = {isa = PBXFileReference; fileEncoding = 4; lastKnownFileType = sourcecode.c.objc; path = MKSKProduct.m; sourceTree = "<group>"; };
		A38222D3197261AA00D7A856 /* MKSKSubscriptionProduct.h */ = {isa = PBXFileReference; fileEncoding = 4; lastKnownFileType = sourcecode.c.h; path = MKSKSubscriptionProduct.h; sourceTree = "<group>"; };
		A38222D4197261AA00D7A856 /* MKSKSubscriptionProduct.m */ = {isa = PBXFileReference; fileEncoding = 4; lastKnownFileType = sourcecode.c.objc; path = MKSKSubscriptionProduct.m; sourceTree = "<group>"; };
		A38222D5197261AA00D7A856 /* MKStoreKitConfigs.h */ = {isa = PBXFileReference; fileEncoding = 4; lastKnownFileType = sourcecode.c.h; path = MKStoreKitConfigs.h; sourceTree = "<group>"; };
		A38222D6197261AA00D7A856 /* MKStoreKitConfigs.plist */ = {isa = PBXFileReference; fileEncoding = 4; lastKnownFileType = text.plist.xml; path = MKStoreKitConfigs.plist; sourceTree = "<group>"; };
		A38222D7197261AA00D7A856 /* MKStoreManager.h */ = {isa = PBXFileReference; fileEncoding = 4; lastKnownFileType = sourcecode.c.h; path = MKStoreManager.h; sourceTree = "<group>"; };
		A38222D8197261AA00D7A856 /* MKStoreManager.m */ = {isa = PBXFileReference; fileEncoding = 4; lastKnownFileType = sourcecode.c.objc; path = MKStoreManager.m; sourceTree = "<group>"; };
		A38222E21974B95200D7A856 /* en */ = {isa = PBXFileReference; lastKnownFileType = text.plist.strings; name = en; path = en.lproj/Localizable.strings; sourceTree = "<group>"; };
		A38222E519756B5E00D7A856 /* iRate.bundle */ = {isa = PBXFileReference; lastKnownFileType = "wrapper.plug-in"; path = iRate.bundle; sourceTree = "<group>"; };
		A38222E619756B5E00D7A856 /* iRate.h */ = {isa = PBXFileReference; fileEncoding = 4; lastKnownFileType = sourcecode.c.h; path = iRate.h; sourceTree = "<group>"; };
		A38222E719756B5E00D7A856 /* iRate.m */ = {isa = PBXFileReference; fileEncoding = 4; lastKnownFileType = sourcecode.c.objc; path = iRate.m; sourceTree = "<group>"; };
		A3A67E751902B67700BFAF7B /* KachiKachi.app */ = {isa = PBXFileReference; explicitFileType = wrapper.application; includeInIndex = 0; path = KachiKachi.app; sourceTree = BUILT_PRODUCTS_DIR; };
		A3A67E781902B67700BFAF7B /* Foundation.framework */ = {isa = PBXFileReference; lastKnownFileType = wrapper.framework; name = Foundation.framework; path = System/Library/Frameworks/Foundation.framework; sourceTree = SDKROOT; };
		A3A67E7A1902B67700BFAF7B /* CoreGraphics.framework */ = {isa = PBXFileReference; lastKnownFileType = wrapper.framework; name = CoreGraphics.framework; path = System/Library/Frameworks/CoreGraphics.framework; sourceTree = SDKROOT; };
		A3A67E7C1902B67700BFAF7B /* UIKit.framework */ = {isa = PBXFileReference; lastKnownFileType = wrapper.framework; name = UIKit.framework; path = System/Library/Frameworks/UIKit.framework; sourceTree = SDKROOT; };
		A3A67E801902B67700BFAF7B /* KachiKachi-Info.plist */ = {isa = PBXFileReference; lastKnownFileType = text.plist.xml; path = "KachiKachi-Info.plist"; sourceTree = "<group>"; };
		A3A67E821902B67700BFAF7B /* en */ = {isa = PBXFileReference; lastKnownFileType = text.plist.strings; name = en; path = en.lproj/InfoPlist.strings; sourceTree = "<group>"; };
		A3A67E841902B67700BFAF7B /* main.m */ = {isa = PBXFileReference; lastKnownFileType = sourcecode.c.objc; path = main.m; sourceTree = "<group>"; };
		A3A67E861902B67700BFAF7B /* KachiKachi-Prefix.pch */ = {isa = PBXFileReference; lastKnownFileType = sourcecode.c.h; path = "KachiKachi-Prefix.pch"; sourceTree = "<group>"; };
		A3A67E871902B67700BFAF7B /* AppDelegate.h */ = {isa = PBXFileReference; lastKnownFileType = sourcecode.c.h; path = AppDelegate.h; sourceTree = "<group>"; };
		A3A67E881902B67700BFAF7B /* AppDelegate.m */ = {isa = PBXFileReference; lastKnownFileType = sourcecode.c.objc; path = AppDelegate.m; sourceTree = "<group>"; };
		A3A67E8B1902B67700BFAF7B /* Base */ = {isa = PBXFileReference; lastKnownFileType = file.storyboard; name = Base; path = Base.lproj/Main_iPhone.storyboard; sourceTree = "<group>"; };
		A3A67E8E1902B67700BFAF7B /* Base */ = {isa = PBXFileReference; lastKnownFileType = file.storyboard; name = Base; path = Base.lproj/Main_iPad.storyboard; sourceTree = "<group>"; };
		A3A67E931902B67700BFAF7B /* Images.xcassets */ = {isa = PBXFileReference; lastKnownFileType = folder.assetcatalog; path = Images.xcassets; sourceTree = "<group>"; };
		A3A67E991902B67800BFAF7B /* KachiKachiTests.xctest */ = {isa = PBXFileReference; explicitFileType = wrapper.cfbundle; includeInIndex = 0; path = KachiKachiTests.xctest; sourceTree = BUILT_PRODUCTS_DIR; };
		A3A67E9A1902B67800BFAF7B /* XCTest.framework */ = {isa = PBXFileReference; lastKnownFileType = wrapper.framework; name = XCTest.framework; path = Library/Frameworks/XCTest.framework; sourceTree = DEVELOPER_DIR; };
		A3A67EB51902BE7E00BFAF7B /* KKGameSceneController.h */ = {isa = PBXFileReference; fileEncoding = 4; lastKnownFileType = sourcecode.c.h; name = KKGameSceneController.h; path = ../../KKGameSceneController.h; sourceTree = "<group>"; };
		A3A67EB61902BE7E00BFAF7B /* KKGameSceneController.m */ = {isa = PBXFileReference; fileEncoding = 4; lastKnownFileType = sourcecode.c.objc; name = KKGameSceneController.m; path = ../../KKGameSceneController.m; sourceTree = "<group>"; };
		A3A67EB81902C79B00BFAF7B /* GameData.plist */ = {isa = PBXFileReference; fileEncoding = 4; lastKnownFileType = text.plist.xml; path = GameData.plist; sourceTree = "<group>"; };
		A3A67EBD1902C95D00BFAF7B /* KKGameConfigManager.h */ = {isa = PBXFileReference; fileEncoding = 4; lastKnownFileType = sourcecode.c.h; name = KKGameConfigManager.h; path = ../KKGameConfigManager.h; sourceTree = "<group>"; };
		A3A67EBE1902C95D00BFAF7B /* KKGameConfigManager.m */ = {isa = PBXFileReference; fileEncoding = 4; lastKnownFileType = sourcecode.c.objc; name = KKGameConfigManager.m; path = ../KKGameConfigManager.m; sourceTree = "<group>"; };
		A3A67ECD1902E3D300BFAF7B /* TTBase.h */ = {isa = PBXFileReference; fileEncoding = 4; lastKnownFileType = sourcecode.c.h; path = TTBase.h; sourceTree = "<group>"; };
		A3A67ECE1902E3D300BFAF7B /* TTBase.m */ = {isa = PBXFileReference; fileEncoding = 4; lastKnownFileType = sourcecode.c.objc; path = TTBase.m; sourceTree = "<group>"; };
		A3A67ECF1902E3D300BFAF7B /* TTPencil.h */ = {isa = PBXFileReference; fileEncoding = 4; lastKnownFileType = sourcecode.c.h; path = TTPencil.h; sourceTree = "<group>"; };
		A3A67ED01902E3D300BFAF7B /* TTPencil.m */ = {isa = PBXFileReference; fileEncoding = 4; lastKnownFileType = sourcecode.c.objc; path = TTPencil.m; sourceTree = "<group>"; };
		A3A8DFF4199E5279001FF20D /* ILTranslucentView.h */ = {isa = PBXFileReference; fileEncoding = 4; lastKnownFileType = sourcecode.c.h; path = ILTranslucentView.h; sourceTree = "<group>"; };
		A3A8DFF5199E5279001FF20D /* ILTranslucentView.m */ = {isa = PBXFileReference; fileEncoding = 4; lastKnownFileType = sourcecode.c.objc; path = ILTranslucentView.m; sourceTree = "<group>"; };
		A3A8DFFC19A07662001FF20D /* PushApps.framework */ = {isa = PBXFileReference; lastKnownFileType = wrapper.framework; path = PushApps.framework; sourceTree = "<group>"; };
		A3B3C4EB1961B52700B62BD4 /* en */ = {isa = PBXFileReference; lastKnownFileType = text.plist.strings; name = en; path = InfoPlist.strings; sourceTree = "<group>"; };
		A3B3C4F21961C2F600B62BD4 /* CFNetwork.framework */ = {isa = PBXFileReference; lastKnownFileType = wrapper.framework; name = CFNetwork.framework; path = System/Library/Frameworks/CFNetwork.framework; sourceTree = SDKROOT; };
		A3B3C4F41961C31C00B62BD4 /* libsystem_network.dylib */ = {isa = PBXFileReference; lastKnownFileType = "compiled.mach-o.dylib"; name = libsystem_network.dylib; path = usr/lib/system/libsystem_network.dylib; sourceTree = SDKROOT; };
		A3B3C4F61961C4C100B62BD4 /* SystemConfiguration.framework */ = {isa = PBXFileReference; lastKnownFileType = wrapper.framework; name = SystemConfiguration.framework; path = System/Library/Frameworks/SystemConfiguration.framework; sourceTree = SDKROOT; };
		A3B3C4F91962F96600B62BD4 /* Crashlytics.framework */ = {isa = PBXFileReference; lastKnownFileType = wrapper.framework; path = Crashlytics.framework; sourceTree = "<group>"; };
		A3B97D691930F7AD0049DCEB /* SoundManager.h */ = {isa = PBXFileReference; fileEncoding = 4; lastKnownFileType = sourcecode.c.h; path = SoundManager.h; sourceTree = "<group>"; };
		A3B97D6A1930F7AD0049DCEB /* SoundManager.m */ = {isa = PBXFileReference; fileEncoding = 4; lastKnownFileType = sourcecode.c.objc; path = SoundManager.m; sourceTree = "<group>"; };
		A3BE4D79195329EF00C466ED /* TTLeave.h */ = {isa = PBXFileReference; fileEncoding = 4; lastKnownFileType = sourcecode.c.h; path = TTLeave.h; sourceTree = "<group>"; };
		A3BE4D7A195329EF00C466ED /* TTLeave.m */ = {isa = PBXFileReference; fileEncoding = 4; lastKnownFileType = sourcecode.c.objc; path = TTLeave.m; sourceTree = "<group>"; };
		A3D79A0719835ED40016DA23 /* StoreKit.framework */ = {isa = PBXFileReference; lastKnownFileType = wrapper.framework; name = StoreKit.framework; path = System/Library/Frameworks/StoreKit.framework; sourceTree = SDKROOT; };
		A3D832C2194315ED00C0908C /* TTKite.h */ = {isa = PBXFileReference; fileEncoding = 4; lastKnownFileType = sourcecode.c.h; path = TTKite.h; sourceTree = "<group>"; };
		A3D832C3194315ED00C0908C /* TTKite.m */ = {isa = PBXFileReference; fileEncoding = 4; lastKnownFileType = sourcecode.c.objc; path = TTKite.m; sourceTree = "<group>"; };
		A3E9E96C1944BA0A00898279 /* TTBalloon.h */ = {isa = PBXFileReference; fileEncoding = 4; lastKnownFileType = sourcecode.c.h; path = TTBalloon.h; sourceTree = "<group>"; };
		A3E9E96D1944BA0A00898279 /* TTBalloon.m */ = {isa = PBXFileReference; fileEncoding = 4; lastKnownFileType = sourcecode.c.objc; path = TTBalloon.m; sourceTree = "<group>"; };
		A3F1004E19546B080002CA97 /* KKMailComposerManager.h */ = {isa = PBXFileReference; fileEncoding = 4; lastKnownFileType = sourcecode.c.h; path = KKMailComposerManager.h; sourceTree = "<group>"; };
		A3F1004F19546B080002CA97 /* KKMailComposerManager.m */ = {isa = PBXFileReference; fileEncoding = 4; lastKnownFileType = sourcecode.c.objc; path = KKMailComposerManager.m; sourceTree = "<group>"; };
		A3FB4F4519125D070039585F /* Utility.h */ = {isa = PBXFileReference; fileEncoding = 4; lastKnownFileType = sourcecode.c.h; path = Utility.h; sourceTree = "<group>"; };
		A3FB4F4619125D070039585F /* Utility.m */ = {isa = PBXFileReference; fileEncoding = 4; lastKnownFileType = sourcecode.c.objc; path = Utility.m; sourceTree = "<group>"; };
		A3FF1530195B0796007CE275 /* KKLevelSelectViewController.h */ = {isa = PBXFileReference; fileEncoding = 4; lastKnownFileType = sourcecode.c.h; path = KKLevelSelectViewController.h; sourceTree = "<group>"; };
		A3FF1531195B0796007CE275 /* KKLevelSelectViewController.m */ = {isa = PBXFileReference; fileEncoding = 4; lastKnownFileType = sourcecode.c.objc; path = KKLevelSelectViewController.m; sourceTree = "<group>"; };
		A3FF1533195B07B8007CE275 /* KKCollectionViewCell.h */ = {isa = PBXFileReference; fileEncoding = 4; lastKnownFileType = sourcecode.c.h; path = KKCollectionViewCell.h; sourceTree = "<group>"; };
		A3FF1534195B07B8007CE275 /* KKCollectionViewCell.m */ = {isa = PBXFileReference; fileEncoding = 4; lastKnownFileType = sourcecode.c.objc; path = KKCollectionViewCell.m; sourceTree = "<group>"; };
		A3FF1536195B2191007CE275 /* TTBall.h */ = {isa = PBXFileReference; fileEncoding = 4; lastKnownFileType = sourcecode.c.h; path = TTBall.h; sourceTree = "<group>"; };
		A3FF1537195B2191007CE275 /* TTBall.m */ = {isa = PBXFileReference; fileEncoding = 4; lastKnownFileType = sourcecode.c.objc; path = TTBall.m; sourceTree = "<group>"; };
		A3FF1539195C4F48007CE275 /* TTBird.h */ = {isa = PBXFileReference; fileEncoding = 4; lastKnownFileType = sourcecode.c.h; path = TTBird.h; sourceTree = "<group>"; };
		A3FF153A195C4F48007CE275 /* TTBird.m */ = {isa = PBXFileReference; fileEncoding = 4; lastKnownFileType = sourcecode.c.objc; path = TTBird.m; sourceTree = "<group>"; };
		A3FF153C195C791E007CE275 /* TTCandle.h */ = {isa = PBXFileReference; fileEncoding = 4; lastKnownFileType = sourcecode.c.h; path = TTCandle.h; sourceTree = "<group>"; };
		A3FF153D195C791E007CE275 /* TTCandle.m */ = {isa = PBXFileReference; fileEncoding = 4; lastKnownFileType = sourcecode.c.objc; path = TTCandle.m; sourceTree = "<group>"; };
		A3FF153F195DDC2D007CE275 /* TTDvd.h */ = {isa = PBXFileReference; fileEncoding = 4; lastKnownFileType = sourcecode.c.h; path = TTDvd.h; sourceTree = "<group>"; };
		A3FF1540195DDC2D007CE275 /* TTDvd.m */ = {isa = PBXFileReference; fileEncoding = 4; lastKnownFileType = sourcecode.c.objc; path = TTDvd.m; sourceTree = "<group>"; };
		A3FF1542195E6711007CE275 /* TTStar.h */ = {isa = PBXFileReference; fileEncoding = 4; lastKnownFileType = sourcecode.c.h; path = TTStar.h; sourceTree = "<group>"; };
		A3FF1543195E6711007CE275 /* TTStar.m */ = {isa = PBXFileReference; fileEncoding = 4; lastKnownFileType = sourcecode.c.objc; path = TTStar.m; sourceTree = "<group>"; };
		A3FF1545195E6720007CE275 /* TTUmbrella.h */ = {isa = PBXFileReference; fileEncoding = 4; lastKnownFileType = sourcecode.c.h; path = TTUmbrella.h; sourceTree = "<group>"; };
		A3FF1546195E6720007CE275 /* TTUmbrella.m */ = {isa = PBXFileReference; fileEncoding = 4; lastKnownFileType = sourcecode.c.objc; path = TTUmbrella.m; sourceTree = "<group>"; };
		A3FF1548195E672C007CE275 /* TTKey.h */ = {isa = PBXFileReference; fileEncoding = 4; lastKnownFileType = sourcecode.c.h; path = TTKey.h; sourceTree = "<group>"; };
		A3FF1549195E672C007CE275 /* TTKey.m */ = {isa = PBXFileReference; fileEncoding = 4; lastKnownFileType = sourcecode.c.objc; path = TTKey.m; sourceTree = "<group>"; };
		A3FF154B195E6737007CE275 /* TTBrush.h */ = {isa = PBXFileReference; fileEncoding = 4; lastKnownFileType = sourcecode.c.h; path = TTBrush.h; sourceTree = "<group>"; };
		A3FF154C195E6737007CE275 /* TTBrush.m */ = {isa = PBXFileReference; fileEncoding = 4; lastKnownFileType = sourcecode.c.objc; path = TTBrush.m; sourceTree = "<group>"; };
/* End PBXFileReference section */

/* Begin PBXFrameworksBuildPhase section */
		A3A67E721902B67700BFAF7B /* Frameworks */ = {
			isa = PBXFrameworksBuildPhase;
			buildActionMask = 2147483647;
			files = (
				A3A8DFFD19A07662001FF20D /* PushApps.framework in Frameworks */,
				A32F4E6B1987F7F8009A20F9 /* iAd.framework in Frameworks */,
				A3D79A0819835ED40016DA23 /* StoreKit.framework in Frameworks */,
				A3B3C4F71961C4C100B62BD4 /* SystemConfiguration.framework in Frameworks */,
				A31B47C41971A70B00EF6BF8 /* libUserVoice.a in Frameworks */,
				A36734C819ACE40B00F2818E /* FacebookSDK.framework in Frameworks */,
				A357D7A9196301350037C2B4 /* libFlurry_5.1.0.a in Frameworks */,
				A3A67E7B1902B67700BFAF7B /* CoreGraphics.framework in Frameworks */,
				A3A67E7D1902B67700BFAF7B /* UIKit.framework in Frameworks */,
				A31D440F19AB757100A7F8B5 /* libAppsFlyerLib.a in Frameworks */,
				A357D7AB196301A70037C2B4 /* Crashlytics.framework in Frameworks */,
				A3A67E791902B67700BFAF7B /* Foundation.framework in Frameworks */,
			);
			runOnlyForDeploymentPostprocessing = 0;
		};
		A3A67E961902B67800BFAF7B /* Frameworks */ = {
			isa = PBXFrameworksBuildPhase;
			buildActionMask = 2147483647;
			files = (
				A3A67E9B1902B67800BFAF7B /* XCTest.framework in Frameworks */,
				A3A67E9D1902B67800BFAF7B /* UIKit.framework in Frameworks */,
				A3A67E9C1902B67800BFAF7B /* Foundation.framework in Frameworks */,
			);
			runOnlyForDeploymentPostprocessing = 0;
		};
/* End PBXFrameworksBuildPhase section */

/* Begin PBXGroup section */
		48E71B131979A81900A2E7E8 /* sounds */ = {
			isa = PBXGroup;
			children = (
				48E71B141979A81900A2E7E8 /* balloon.wav */,
				48E71B151979A81900A2E7E8 /* bird.wav */,
				48E71B161979A81900A2E7E8 /* bottle.wav */,
				48E71B171979A81900A2E7E8 /* candle.wav */,
				48E71B181979A81900A2E7E8 /* disc.wav */,
				48E71B191979A81900A2E7E8 /* dvd.wav */,
				48E71B1A1979A81900A2E7E8 /* fish.wav */,
				48E71B1B1979A81900A2E7E8 /* FunkGameLoop.m4a */,
				48E71B1C1979A81900A2E7E8 /* key.wav */,
				48E71B1D1979A81900A2E7E8 /* kite.wav */,
				48E71B1E1979A81900A2E7E8 /* lovesong.mp3 */,
				48E71B1F1979A81900A2E7E8 /* pencil.wav */,
				48E71B201979A81900A2E7E8 /* star.wav */,
				48E71B211979A81900A2E7E8 /* tap.wav */,
				48E71B221979A81900A2E7E8 /* won.caf */,
				48E71B231979A81900A2E7E8 /* wrong.wav */,
			);
			name = sounds;
			path = Sounds/sounds;
			sourceTree = "<group>";
		};
		A305F2B41945F0C100B62C6C /* Classes */ = {
			isa = PBXGroup;
			children = (
				A3A8DFF4199E5279001FF20D /* ILTranslucentView.h */,
				A3A8DFF5199E5279001FF20D /* ILTranslucentView.m */,
				A33D53D01966756600D65131 /* Timer */,
				A3A67EBD1902C95D00BFAF7B /* KKGameConfigManager.h */,
				A3A67EBE1902C95D00BFAF7B /* KKGameConfigManager.m */,
				A305F2B51945F0DB00B62C6C /* KKGameStateManager.h */,
				A305F2B61945F0DB00B62C6C /* KKGameStateManager.m */,
			);
			path = Classes;
			sourceTree = "<group>";
		};
		A314CCDF194F2ACF0002BECC /* controllers */ = {
			isa = PBXGroup;
			children = (
				A32F4E671987F79F009A20F9 /* iAdViewController.h */,
				A32F4E681987F79F009A20F9 /* iAdViewController.m */,
				A3FF152F195B0796007CE275 /* levelSelect */,
				A3335FBF1956C2BD000AA5B7 /* Models */,
				A314CCE0194F2B620002BECC /* KKStageSelectController.h */,
				A314CCE1194F2B620002BECC /* KKStageSelectController.m */,
				A3A67EB51902BE7E00BFAF7B /* KKGameSceneController.h */,
				A3A67EB61902BE7E00BFAF7B /* KKGameSceneController.m */,
				A36C8E3A199CFE9B0071142B /* KKCustomAlertViewController.h */,
				A36C8E3B199CFE9B0071142B /* KKCustomAlertViewController.m */,
			);
			name = controllers;
			path = Classes/controllers;
			sourceTree = "<group>";
		};
		A31B46F61971A50800EF6BF8 /* UserVoice */ = {
			isa = PBXGroup;
			children = (
				A31B47C31971A70B00EF6BF8 /* libUserVoice.a */,
				A31B46F71971A50800EF6BF8 /* Include */,
			);
			path = UserVoice;
			sourceTree = "<group>";
		};
		A31B46F71971A50800EF6BF8 /* Include */ = {
			isa = PBXGroup;
			children = (
				A31B46F81971A50800EF6BF8 /* UserVoice.h */,
				A31B46F91971A50800EF6BF8 /* UVConfig.h */,
				A31B46FA1971A50800EF6BF8 /* UVDelegate.h */,
				A31B46FB1971A50800EF6BF8 /* UVStyleSheet.h */,
			);
			path = Include;
			sourceTree = "<group>";
		};
		A31B48231971A81D00EF6BF8 /* Resources */ = {
			isa = PBXGroup;
			children = (
				A31B48241971A81D00EF6BF8 /* UserVoice.strings */,
				A31B48421971A81D00EF6BF8 /* uv_article.png */,
				A31B48431971A81D00EF6BF8 /* uv_article@2x.png */,
				A31B48441971A81D00EF6BF8 /* uv_heart.png */,
				A31B48451971A81D00EF6BF8 /* uv_heart@2x.png */,
				A31B48461971A81D00EF6BF8 /* uv_idea.png */,
				A31B48471971A81D00EF6BF8 /* uv_idea@2x.png */,
			);
			name = Resources;
			path = UserVoice/Resources;
			sourceTree = "<group>";
		};
		A31D440C19AB757100A7F8B5 /* AF-iOS-SDK-v2.5.3.10 */ = {
			isa = PBXGroup;
			children = (
				A31D440D19AB757100A7F8B5 /* AppsFlyerTracker.h */,
				A31D440E19AB757100A7F8B5 /* libAppsFlyerLib.a */,
			);
			path = "AF-iOS-SDK-v2.5.3.10";
			sourceTree = "<group>";
		};
		A3335FBF1956C2BD000AA5B7 /* Models */ = {
			isa = PBXGroup;
			children = (
				A3335FC01956C2D1000AA5B7 /* KKLevelModal.h */,
				A3335FC11956C2D1000AA5B7 /* KKLevelModal.m */,
				A3335FC31956C96F000AA5B7 /* KKItemModal.h */,
				A3335FC41956C96F000AA5B7 /* KKItemModal.m */,
			);
			path = Models;
			sourceTree = "<group>";
		};
		A33D53D01966756600D65131 /* Timer */ = {
			isa = PBXGroup;
			children = (
				A33D53D11966758A00D65131 /* TimerObject.h */,
				A33D53D21966758A00D65131 /* TimerObject.m */,
			);
			path = Timer;
			sourceTree = "<group>";
		};
		A357D7A3196301350037C2B4 /* ThirdParty */ = {
			isa = PBXGroup;
			children = (
				A36734C619ACE40B00F2818E /* facebook */,
				A31D440C19AB757100A7F8B5 /* AF-iOS-SDK-v2.5.3.10 */,
				A3A8DFFA19A07662001FF20D /* PushApp */,
				A38222E419756B5E00D7A856 /* iRate */,
				A38222CB197261AA00D7A856 /* inAppPurchase */,
				A31B48231971A81D00EF6BF8 /* Resources */,
				A31B46F61971A50800EF6BF8 /* UserVoice */,
				A357D7AA196301A70037C2B4 /* Crashlytics.framework */,
				A357D7A5196301350037C2B4 /* Flurry */,
			);
			path = ThirdParty;
			sourceTree = "<group>";
		};
		A357D7A5196301350037C2B4 /* Flurry */ = {
			isa = PBXGroup;
			children = (
				A357D7A6196301350037C2B4 /* Flurry.h */,
				A357D7A7196301350037C2B4 /* libFlurry_5.1.0.a */,
			);
			path = Flurry;
			sourceTree = "<group>";
		};
		A36734C619ACE40B00F2818E /* facebook */ = {
			isa = PBXGroup;
			children = (
				A36734C719ACE40B00F2818E /* FacebookSDK.framework */,
			);
			path = facebook;
			sourceTree = "<group>";
		};
		A38222CB197261AA00D7A856 /* inAppPurchase */ = {
			isa = PBXGroup;
			children = (
				A38222CC197261AA00D7A856 /* Externals */,
				A38222D1197261AA00D7A856 /* MKSKProduct.h */,
				A38222D2197261AA00D7A856 /* MKSKProduct.m */,
				A38222D3197261AA00D7A856 /* MKSKSubscriptionProduct.h */,
				A38222D4197261AA00D7A856 /* MKSKSubscriptionProduct.m */,
				A38222D5197261AA00D7A856 /* MKStoreKitConfigs.h */,
				A38222D6197261AA00D7A856 /* MKStoreKitConfigs.plist */,
				A38222D7197261AA00D7A856 /* MKStoreManager.h */,
				A38222D8197261AA00D7A856 /* MKStoreManager.m */,
			);
			path = inAppPurchase;
			sourceTree = "<group>";
		};
		A38222CC197261AA00D7A856 /* Externals */ = {
			isa = PBXGroup;
			children = (
				A38222CD197261AA00D7A856 /* NSData+MKBase64.h */,
				A38222CE197261AA00D7A856 /* NSData+MKBase64.m */,
				A38222CF197261AA00D7A856 /* SFHFKeychainUtils.h */,
				A38222D0197261AA00D7A856 /* SFHFKeychainUtils.m */,
			);
			path = Externals;
			sourceTree = "<group>";
		};
		A38222E419756B5E00D7A856 /* iRate */ = {
			isa = PBXGroup;
			children = (
				A38222E519756B5E00D7A856 /* iRate.bundle */,
				A38222E619756B5E00D7A856 /* iRate.h */,
				A38222E719756B5E00D7A856 /* iRate.m */,
			);
			path = iRate;
			sourceTree = "<group>";
		};
		A3A67E6C1902B67700BFAF7B = {
			isa = PBXGroup;
			children = (
				A3A67E7E1902B67700BFAF7B /* KachiKachi */,
				A3A67EA01902B67800BFAF7B /* KachiKachiTests */,
				A3A67E771902B67700BFAF7B /* Frameworks */,
				A3A67E761902B67700BFAF7B /* Products */,
			);
			sourceTree = "<group>";
		};
		A3A67E761902B67700BFAF7B /* Products */ = {
			isa = PBXGroup;
			children = (
				A3A67E751902B67700BFAF7B /* KachiKachi.app */,
				A3A67E991902B67800BFAF7B /* KachiKachiTests.xctest */,
			);
			name = Products;
			sourceTree = "<group>";
		};
		A3A67E771902B67700BFAF7B /* Frameworks */ = {
			isa = PBXGroup;
			children = (
				A32F4E6A1987F7F8009A20F9 /* iAd.framework */,
				A3D79A0719835ED40016DA23 /* StoreKit.framework */,
				A3B3C4F91962F96600B62BD4 /* Crashlytics.framework */,
				A3B3C4F61961C4C100B62BD4 /* SystemConfiguration.framework */,
				A3B3C4F41961C31C00B62BD4 /* libsystem_network.dylib */,
				A3B3C4F21961C2F600B62BD4 /* CFNetwork.framework */,
				A3A67E781902B67700BFAF7B /* Foundation.framework */,
				A3A67E7A1902B67700BFAF7B /* CoreGraphics.framework */,
				A3A67E7C1902B67700BFAF7B /* UIKit.framework */,
				A3A67E9A1902B67800BFAF7B /* XCTest.framework */,
			);
			name = Frameworks;
			sourceTree = "<group>";
		};
		A3A67E7E1902B67700BFAF7B /* KachiKachi */ = {
			isa = PBXGroup;
			children = (
				A3644FA01984EBC900FBD566 /* KachiKachi.entitlements */,
				A357D7A3196301350037C2B4 /* ThirdParty */,
				A3F1004A1954699C0002CA97 /* mail */,
				A314CCDF194F2ACF0002BECC /* controllers */,
				A305F2B41945F0C100B62C6C /* Classes */,
				A3A67E871902B67700BFAF7B /* AppDelegate.h */,
				A3A67E881902B67700BFAF7B /* AppDelegate.m */,
				A3A67E8A1902B67700BFAF7B /* Main_iPhone.storyboard */,
				A3A67E8D1902B67700BFAF7B /* Main_iPad.storyboard */,
				A35C2EA919B7728F003FBA1B /* GameData_iPhone.plist */,
				A3A67EB81902C79B00BFAF7B /* GameData.plist */,
				A3B97D681930F7AD0049DCEB /* Sound */,
				A3A67ECC1902E3D300BFAF7B /* Elements */,
				A3A67E931902B67700BFAF7B /* Images.xcassets */,
				A3A67E7F1902B67700BFAF7B /* Supporting Files */,
				A3FB4F4519125D070039585F /* Utility.h */,
				A3FB4F4619125D070039585F /* Utility.m */,
				A360192A19B5FB44005DBD86 /* Images-2.xcassets */,
			);
			path = KachiKachi;
			sourceTree = "<group>";
		};
		A3A67E7F1902B67700BFAF7B /* Supporting Files */ = {
			isa = PBXGroup;
			children = (
				48E71B131979A81900A2E7E8 /* sounds */,
				A305F2A81945EAB800B62C6C /* iTunesArtwork */,
				A3A67E801902B67700BFAF7B /* KachiKachi-Info.plist */,
				A3A67E811902B67700BFAF7B /* InfoPlist.strings */,
				A3A67E841902B67700BFAF7B /* main.m */,
				A3A67E861902B67700BFAF7B /* KachiKachi-Prefix.pch */,
				A38222E31974B95200D7A856 /* Localizable.strings */,
			);
			name = "Supporting Files";
			sourceTree = "<group>";
		};
		A3A67EA01902B67800BFAF7B /* KachiKachiTests */ = {
			isa = PBXGroup;
			children = (
				A3A67EA11902B67800BFAF7B /* Supporting Files */,
			);
			path = KachiKachiTests;
			sourceTree = "<group>";
		};
		A3A67EA11902B67800BFAF7B /* Supporting Files */ = {
			isa = PBXGroup;
			children = (
				A3B3C4E91961B52700B62BD4 /* en.lproj */,
			);
			name = "Supporting Files";
			sourceTree = "<group>";
		};
		A3A67ECC1902E3D300BFAF7B /* Elements */ = {
			isa = PBXGroup;
			children = (
				A3A67ECD1902E3D300BFAF7B /* TTBase.h */,
				A3A67ECE1902E3D300BFAF7B /* TTBase.m */,
				A3A67ECF1902E3D300BFAF7B /* TTPencil.h */,
				A3A67ED01902E3D300BFAF7B /* TTPencil.m */,
				A3D832C2194315ED00C0908C /* TTKite.h */,
				A3D832C3194315ED00C0908C /* TTKite.m */,
				A3E9E96C1944BA0A00898279 /* TTBalloon.h */,
				A3E9E96D1944BA0A00898279 /* TTBalloon.m */,
				A3BE4D79195329EF00C466ED /* TTLeave.h */,
				A3BE4D7A195329EF00C466ED /* TTLeave.m */,
				A36A12E5195495ED007F6355 /* TTDisc.h */,
				A36A12E6195495ED007F6355 /* TTDisc.m */,
				A36A12E81954BB89007F6355 /* TTCandy.h */,
				A36A12E91954BB89007F6355 /* TTCandy.m */,
				A36A12EB1954C090007F6355 /* TTChoc.h */,
				A36A12EC1954C090007F6355 /* TTChoc.m */,
				A36A12EE1955510B007F6355 /* TTFish.h */,
				A36A12EF1955510B007F6355 /* TTFish.m */,
				A36A12F119556DD6007F6355 /* TTApple.h */,
				A36A12F219556DD6007F6355 /* TTApple.m */,
				A3335FBC1955F09A000AA5B7 /* TTCarrot.h */,
				A3335FBD1955F09A000AA5B7 /* TTCarrot.m */,
				A3FF1536195B2191007CE275 /* TTBall.h */,
				A3FF1537195B2191007CE275 /* TTBall.m */,
				A3FF1539195C4F48007CE275 /* TTBird.h */,
				A3FF153A195C4F48007CE275 /* TTBird.m */,
				A3FF153C195C791E007CE275 /* TTCandle.h */,
				A3FF153D195C791E007CE275 /* TTCandle.m */,
				A3FF153F195DDC2D007CE275 /* TTDvd.h */,
				A3FF1540195DDC2D007CE275 /* TTDvd.m */,
				A3FF1542195E6711007CE275 /* TTStar.h */,
				A3FF1543195E6711007CE275 /* TTStar.m */,
				A3FF1545195E6720007CE275 /* TTUmbrella.h */,
				A3FF1546195E6720007CE275 /* TTUmbrella.m */,
				A3FF1548195E672C007CE275 /* TTKey.h */,
				A3FF1549195E672C007CE275 /* TTKey.m */,
				A3FF154B195E6737007CE275 /* TTBrush.h */,
				A3FF154C195E6737007CE275 /* TTBrush.m */,
				A35DD6F219644730008D445C /* TTBottle.h */,
				A35DD6F319644730008D445C /* TTBottle.m */,
				A3429BA619A85826007184DD /* TTMagicStick.h */,
				A3429BA719A85826007184DD /* TTMagicStick.m */,
			);
			path = Elements;
			sourceTree = "<group>";
		};
		A3A8DFFA19A07662001FF20D /* PushApp */ = {
			isa = PBXGroup;
			children = (
				A3A8DFFB19A07662001FF20D /* SDK */,
			);
			path = PushApp;
			sourceTree = "<group>";
		};
		A3A8DFFB19A07662001FF20D /* SDK */ = {
			isa = PBXGroup;
			children = (
				A3A8DFFC19A07662001FF20D /* PushApps.framework */,
			);
			path = SDK;
			sourceTree = "<group>";
		};
		A3B3C4E91961B52700B62BD4 /* en.lproj */ = {
			isa = PBXGroup;
			children = (
				A3B3C4EA1961B52700B62BD4 /* InfoPlist.strings */,
			);
			name = en.lproj;
			path = KachiKachi/en.lproj;
			sourceTree = SOURCE_ROOT;
		};
		A3B97D681930F7AD0049DCEB /* Sound */ = {
			isa = PBXGroup;
			children = (
				A3B97D691930F7AD0049DCEB /* SoundManager.h */,
				A3B97D6A1930F7AD0049DCEB /* SoundManager.m */,
			);
			path = Sound;
			sourceTree = "<group>";
		};
		A3F1004A1954699C0002CA97 /* mail */ = {
			isa = PBXGroup;
			children = (
				A3F1004E19546B080002CA97 /* KKMailComposerManager.h */,
				A3F1004F19546B080002CA97 /* KKMailComposerManager.m */,
			);
			name = mail;
			path = Classes/mail;
			sourceTree = "<group>";
		};
		A3FF152F195B0796007CE275 /* levelSelect */ = {
			isa = PBXGroup;
			children = (
				A3FF1530195B0796007CE275 /* KKLevelSelectViewController.h */,
				A3FF1531195B0796007CE275 /* KKLevelSelectViewController.m */,
				A3FF1533195B07B8007CE275 /* KKCollectionViewCell.h */,
				A3FF1534195B07B8007CE275 /* KKCollectionViewCell.m */,
			);
			name = levelSelect;
			path = KachiKachi/Classes/levelSelect;
			sourceTree = SOURCE_ROOT;
		};
/* End PBXGroup section */

/* Begin PBXNativeTarget section */
		A3A67E741902B67700BFAF7B /* KachiKachi */ = {
			isa = PBXNativeTarget;
			buildConfigurationList = A3A67EAA1902B67800BFAF7B /* Build configuration list for PBXNativeTarget "KachiKachi" */;
			buildPhases = (
				A3A67E711902B67700BFAF7B /* Sources */,
				A3A67E721902B67700BFAF7B /* Frameworks */,
				A3A67E731902B67700BFAF7B /* Resources */,
				A3B3C4F81962F79100B62BD4 /* ShellScript */,
			);
			buildRules = (
			);
			dependencies = (
			);
			name = KachiKachi;
			productName = KachiKachi;
			productReference = A3A67E751902B67700BFAF7B /* KachiKachi.app */;
			productType = "com.apple.product-type.application";
		};
		A3A67E981902B67800BFAF7B /* KachiKachiTests */ = {
			isa = PBXNativeTarget;
			buildConfigurationList = A3A67EAD1902B67800BFAF7B /* Build configuration list for PBXNativeTarget "KachiKachiTests" */;
			buildPhases = (
				A3A67E951902B67800BFAF7B /* Sources */,
				A3A67E961902B67800BFAF7B /* Frameworks */,
				A3A67E971902B67800BFAF7B /* Resources */,
			);
			buildRules = (
			);
			dependencies = (
				A3A67E9F1902B67800BFAF7B /* PBXTargetDependency */,
			);
			name = KachiKachiTests;
			productName = KachiKachiTests;
			productReference = A3A67E991902B67800BFAF7B /* KachiKachiTests.xctest */;
			productType = "com.apple.product-type.bundle.unit-test";
		};
/* End PBXNativeTarget section */

/* Begin PBXProject section */
		A3A67E6D1902B67700BFAF7B /* Project object */ = {
			isa = PBXProject;
			attributes = {
				LastUpgradeCheck = 0510;
				ORGANIZATIONNAME = Chanddan;
				TargetAttributes = {
					A3A67E741902B67700BFAF7B = {
						DevelopmentTeam = J3X836PV78;
						SystemCapabilities = {
							com.apple.InAppPurchase = {
								enabled = 1;
							};
							com.apple.Keychain = {
								enabled = 1;
							};
							com.apple.iCloud = {
								enabled = 1;
							};
						};
					};
					A3A67E981902B67800BFAF7B = {
						TestTargetID = A3A67E741902B67700BFAF7B;
					};
				};
			};
			buildConfigurationList = A3A67E701902B67700BFAF7B /* Build configuration list for PBXProject "KachiKachi" */;
			compatibilityVersion = "Xcode 3.2";
			developmentRegion = English;
			hasScannedForEncodings = 0;
			knownRegions = (
				en,
				Base,
				ca,
				cs,
				da,
				de,
				el,
				"en-GB",
				es,
				fi,
				fr,
				hr,
				hu,
				id,
				it,
				ja,
				ko,
				ms,
				nb,
				nl,
				pl,
				"pt-PT",
				pt,
				ro,
				ru,
				sk,
				sv,
				th,
				tr,
				uk,
				vi,
				"zh-Hans",
				"zh-Hant",
			);
			mainGroup = A3A67E6C1902B67700BFAF7B;
			productRefGroup = A3A67E761902B67700BFAF7B /* Products */;
			projectDirPath = "";
			projectRoot = "";
			targets = (
				A3A67E741902B67700BFAF7B /* KachiKachi */,
				A3A67E981902B67800BFAF7B /* KachiKachiTests */,
			);
		};
/* End PBXProject section */

/* Begin PBXResourcesBuildPhase section */
		A3A67E731902B67700BFAF7B /* Resources */ = {
			isa = PBXResourcesBuildPhase;
			buildActionMask = 2147483647;
			files = (
				48E71B301979A81900A2E7E8 /* star.wav in Resources */,
				48E71B2C1979A81900A2E7E8 /* key.wav in Resources */,
				A38222DD197261AA00D7A856 /* MKStoreKitConfigs.plist in Resources */,
				A31B484E1971A81D00EF6BF8 /* uv_heart.png in Resources */,
				48E71B271979A81900A2E7E8 /* candle.wav in Resources */,
				A38222E11974B95200D7A856 /* Localizable.strings in Resources */,
				A360192B19B5FB44005DBD86 /* Images-2.xcassets in Resources */,
				48E71B331979A81900A2E7E8 /* wrong.wav in Resources */,
				48E71B281979A81900A2E7E8 /* disc.wav in Resources */,
				48E71B2E1979A81900A2E7E8 /* lovesong.mp3 in Resources */,
				48E71B2A1979A81900A2E7E8 /* fish.wav in Resources */,
				48E71B261979A81900A2E7E8 /* bottle.wav in Resources */,
				48E71B311979A81900A2E7E8 /* tap.wav in Resources */,
				A3A67E8F1902B67700BFAF7B /* Main_iPad.storyboard in Resources */,
				A31B484C1971A81D00EF6BF8 /* uv_article.png in Resources */,
				48E71B241979A81900A2E7E8 /* balloon.wav in Resources */,
				A305F2A91945EAB800B62C6C /* iTunesArtwork in Resources */,
				A3A67EB91902C79B00BFAF7B /* GameData.plist in Resources */,
				A31B484B1971A81D00EF6BF8 /* UserVoice.strings in Resources */,
				48E71B2F1979A81900A2E7E8 /* pencil.wav in Resources */,
				48E71B321979A81900A2E7E8 /* won.caf in Resources */,
				A35C2EAA19B7728F003FBA1B /* GameData_iPhone.plist in Resources */,
				48E71B251979A81900A2E7E8 /* bird.wav in Resources */,
				A31B484D1971A81D00EF6BF8 /* uv_article@2x.png in Resources */,
				A31B48501971A81D00EF6BF8 /* uv_idea.png in Resources */,
				A31B484F1971A81D00EF6BF8 /* uv_heart@2x.png in Resources */,
				A31B48511971A81D00EF6BF8 /* uv_idea@2x.png in Resources */,
				A3A67E941902B67700BFAF7B /* Images.xcassets in Resources */,
				A3A67E8C1902B67700BFAF7B /* Main_iPhone.storyboard in Resources */,
				A3B3C4EC1961B52700B62BD4 /* InfoPlist.strings in Resources */,
				A38222E819756B5E00D7A856 /* iRate.bundle in Resources */,
				48E71B2D1979A81900A2E7E8 /* kite.wav in Resources */,
				48E71B291979A81900A2E7E8 /* dvd.wav in Resources */,
				48E71B2B1979A81900A2E7E8 /* FunkGameLoop.m4a in Resources */,
			);
			runOnlyForDeploymentPostprocessing = 0;
		};
		A3A67E971902B67800BFAF7B /* Resources */ = {
			isa = PBXResourcesBuildPhase;
			buildActionMask = 2147483647;
			files = (
			);
			runOnlyForDeploymentPostprocessing = 0;
		};
/* End PBXResourcesBuildPhase section */

/* Begin PBXShellScriptBuildPhase section */
		A3B3C4F81962F79100B62BD4 /* ShellScript */ = {
			isa = PBXShellScriptBuildPhase;
			buildActionMask = 8;
			files = (
			);
			inputPaths = (
			);
			outputPaths = (
			);
			runOnlyForDeploymentPostprocessing = 1;
			shellPath = "./Crashlytics.framework/run ef1df6810a8ae85dc6971ad31a2311a71214d012 c6faaa2cc18e8a76c8c012d105a704a016c7f22a38ce681934ab9d777a54e1d0";
			shellScript = "";
		};
/* End PBXShellScriptBuildPhase section */

/* Begin PBXSourcesBuildPhase section */
		A3A67E711902B67700BFAF7B /* Sources */ = {
			isa = PBXSourcesBuildPhase;
			buildActionMask = 2147483647;
			files = (
				A3D832C4194315ED00C0908C /* TTKite.m in Sources */,
				A38222DC197261AA00D7A856 /* MKSKSubscriptionProduct.m in Sources */,
				A3FF1544195E6711007CE275 /* TTStar.m in Sources */,
				A3FB4F4719125D070039585F /* Utility.m in Sources */,
				A38222DB197261AA00D7A856 /* MKSKProduct.m in Sources */,
				A3A67EB71902BE7E00BFAF7B /* KKGameSceneController.m in Sources */,
				A36C8E3C199CFE9B0071142B /* KKCustomAlertViewController.m in Sources */,
				A314CCE2194F2B620002BECC /* KKStageSelectController.m in Sources */,
				A3FF1547195E6720007CE275 /* TTUmbrella.m in Sources */,
				A3FF153B195C4F48007CE275 /* TTBird.m in Sources */,
				A3335FBE1955F09A000AA5B7 /* TTCarrot.m in Sources */,
				A38222DE197261AA00D7A856 /* MKStoreManager.m in Sources */,
				A3A67E891902B67700BFAF7B /* AppDelegate.m in Sources */,
				A3335FC51956C96F000AA5B7 /* KKItemModal.m in Sources */,
				A38222D9197261AA00D7A856 /* NSData+MKBase64.m in Sources */,
				A3FF1532195B0796007CE275 /* KKLevelSelectViewController.m in Sources */,
				A3429BA819A85826007184DD /* TTMagicStick.m in Sources */,
				A3FF153E195C791E007CE275 /* TTCandle.m in Sources */,
				A3A67E851902B67700BFAF7B /* main.m in Sources */,
				A3335FC21956C2D1000AA5B7 /* KKLevelModal.m in Sources */,
				A32F4E691987F79F009A20F9 /* iAdViewController.m in Sources */,
				A3E9E96E1944BA0A00898279 /* TTBalloon.m in Sources */,
				A36A12ED1954C090007F6355 /* TTChoc.m in Sources */,
				A3FF154D195E6737007CE275 /* TTBrush.m in Sources */,
				A38222E919756B5E00D7A856 /* iRate.m in Sources */,
				A38222DA197261AA00D7A856 /* SFHFKeychainUtils.m in Sources */,
				A305F2B71945F0DB00B62C6C /* KKGameStateManager.m in Sources */,
				A36A12F319556DD6007F6355 /* TTApple.m in Sources */,
				A3FF1535195B07B8007CE275 /* KKCollectionViewCell.m in Sources */,
				A35DD6F419644730008D445C /* TTBottle.m in Sources */,
				A3BE4D7B195329EF00C466ED /* TTLeave.m in Sources */,
				A33D53D31966758A00D65131 /* TimerObject.m in Sources */,
				A36A12F01955510B007F6355 /* TTFish.m in Sources */,
				A3A67ED11902E3D300BFAF7B /* TTBase.m in Sources */,
				A3B97D6B1930F7AD0049DCEB /* SoundManager.m in Sources */,
				A3A67ED21902E3D300BFAF7B /* TTPencil.m in Sources */,
				A3A67EBF1902C95D00BFAF7B /* KKGameConfigManager.m in Sources */,
				A36A12E7195495ED007F6355 /* TTDisc.m in Sources */,
				A3A8DFF6199E5279001FF20D /* ILTranslucentView.m in Sources */,
				A3FF1541195DDC2D007CE275 /* TTDvd.m in Sources */,
				A3FF154A195E672C007CE275 /* TTKey.m in Sources */,
				A3F1005019546B080002CA97 /* KKMailComposerManager.m in Sources */,
				A3FF1538195B2191007CE275 /* TTBall.m in Sources */,
				A36A12EA1954BB89007F6355 /* TTCandy.m in Sources */,
			);
			runOnlyForDeploymentPostprocessing = 0;
		};
		A3A67E951902B67800BFAF7B /* Sources */ = {
			isa = PBXSourcesBuildPhase;
			buildActionMask = 2147483647;
			files = (
			);
			runOnlyForDeploymentPostprocessing = 0;
		};
/* End PBXSourcesBuildPhase section */

/* Begin PBXTargetDependency section */
		A3A67E9F1902B67800BFAF7B /* PBXTargetDependency */ = {
			isa = PBXTargetDependency;
			target = A3A67E741902B67700BFAF7B /* KachiKachi */;
			targetProxy = A3A67E9E1902B67800BFAF7B /* PBXContainerItemProxy */;
		};
/* End PBXTargetDependency section */

/* Begin PBXVariantGroup section */
		A31B48241971A81D00EF6BF8 /* UserVoice.strings */ = {
			isa = PBXVariantGroup;
			children = (
				A31B48251971A81D00EF6BF8 /* ca */,
				A31B48261971A81D00EF6BF8 /* cs */,
				A31B48271971A81D00EF6BF8 /* da */,
				A31B48281971A81D00EF6BF8 /* de */,
				A31B48291971A81D00EF6BF8 /* el */,
				A31B482A1971A81D00EF6BF8 /* en-GB */,
				A31B482B1971A81D00EF6BF8 /* en */,
				A31B482C1971A81D00EF6BF8 /* es */,
				A31B482D1971A81D00EF6BF8 /* fi */,
				A31B482E1971A81D00EF6BF8 /* fr */,
				A31B482F1971A81D00EF6BF8 /* hr */,
				A31B48301971A81D00EF6BF8 /* hu */,
				A31B48311971A81D00EF6BF8 /* id */,
				A31B48321971A81D00EF6BF8 /* it */,
				A31B48331971A81D00EF6BF8 /* ja */,
				A31B48341971A81D00EF6BF8 /* ko */,
				A31B48351971A81D00EF6BF8 /* ms */,
				A31B48361971A81D00EF6BF8 /* nb */,
				A31B48371971A81D00EF6BF8 /* nl */,
				A31B48381971A81D00EF6BF8 /* pl */,
				A31B48391971A81D00EF6BF8 /* pt-PT */,
				A31B483A1971A81D00EF6BF8 /* pt */,
				A31B483B1971A81D00EF6BF8 /* ro */,
				A31B483C1971A81D00EF6BF8 /* ru */,
				A31B483D1971A81D00EF6BF8 /* sk */,
				A31B483E1971A81D00EF6BF8 /* sv */,
				A31B483F1971A81D00EF6BF8 /* th */,
				A31B48401971A81D00EF6BF8 /* tr */,
				A31B48411971A81D00EF6BF8 /* uk */,
				A31B48481971A81D00EF6BF8 /* vi */,
				A31B48491971A81D00EF6BF8 /* zh-Hans */,
				A31B484A1971A81D00EF6BF8 /* zh-Hant */,
			);
			name = UserVoice.strings;
			sourceTree = "<group>";
		};
		A38222E31974B95200D7A856 /* Localizable.strings */ = {
			isa = PBXVariantGroup;
			children = (
				A38222E21974B95200D7A856 /* en */,
			);
			name = Localizable.strings;
			sourceTree = "<group>";
		};
		A3A67E811902B67700BFAF7B /* InfoPlist.strings */ = {
			isa = PBXVariantGroup;
			children = (
				A3A67E821902B67700BFAF7B /* en */,
			);
			name = InfoPlist.strings;
			sourceTree = "<group>";
		};
		A3A67E8A1902B67700BFAF7B /* Main_iPhone.storyboard */ = {
			isa = PBXVariantGroup;
			children = (
				A3A67E8B1902B67700BFAF7B /* Base */,
			);
			name = Main_iPhone.storyboard;
			sourceTree = "<group>";
		};
		A3A67E8D1902B67700BFAF7B /* Main_iPad.storyboard */ = {
			isa = PBXVariantGroup;
			children = (
				A3A67E8E1902B67700BFAF7B /* Base */,
			);
			name = Main_iPad.storyboard;
			sourceTree = "<group>";
		};
		A3B3C4EA1961B52700B62BD4 /* InfoPlist.strings */ = {
			isa = PBXVariantGroup;
			children = (
				A3B3C4EB1961B52700B62BD4 /* en */,
			);
			name = InfoPlist.strings;
			sourceTree = "<group>";
		};
/* End PBXVariantGroup section */

/* Begin XCBuildConfiguration section */
		A3A67EA81902B67800BFAF7B /* Debug */ = {
			isa = XCBuildConfiguration;
			buildSettings = {
				ALWAYS_SEARCH_USER_PATHS = NO;
				CLANG_CXX_LANGUAGE_STANDARD = "gnu++0x";
				CLANG_CXX_LIBRARY = "libc++";
				CLANG_ENABLE_MODULES = YES;
				CLANG_ENABLE_OBJC_ARC = YES;
				CLANG_WARN_BOOL_CONVERSION = YES;
				CLANG_WARN_CONSTANT_CONVERSION = YES;
				CLANG_WARN_DIRECT_OBJC_ISA_USAGE = YES_ERROR;
				CLANG_WARN_EMPTY_BODY = YES;
				CLANG_WARN_ENUM_CONVERSION = YES;
				CLANG_WARN_INT_CONVERSION = YES;
				CLANG_WARN_OBJC_ROOT_CLASS = YES_ERROR;
				CLANG_WARN__DUPLICATE_METHOD_MATCH = YES;
				"CODE_SIGN_IDENTITY[sdk=iphoneos*]" = "iPhone Developer";
				COPY_PHASE_STRIP = NO;
				GCC_C_LANGUAGE_STANDARD = gnu99;
				GCC_DYNAMIC_NO_PIC = NO;
				GCC_OPTIMIZATION_LEVEL = 0;
				GCC_PREPROCESSOR_DEFINITIONS = (
					"DEBUG=1",
					"$(inherited)",
				);
				GCC_SYMBOLS_PRIVATE_EXTERN = NO;
				GCC_WARN_64_TO_32_BIT_CONVERSION = YES;
				GCC_WARN_ABOUT_RETURN_TYPE = YES_ERROR;
				GCC_WARN_UNDECLARED_SELECTOR = YES;
				GCC_WARN_UNINITIALIZED_AUTOS = YES_AGGRESSIVE;
				GCC_WARN_UNUSED_FUNCTION = YES;
				GCC_WARN_UNUSED_VARIABLE = YES;
				IPHONEOS_DEPLOYMENT_TARGET = 7.0;
				ONLY_ACTIVE_ARCH = YES;
				"OTHER_LDFLAGS[arch=*]" = "-ObjC";
				SDKROOT = iphoneos;
				TARGETED_DEVICE_FAMILY = "1,2";
			};
			name = Debug;
		};
		A3A67EA91902B67800BFAF7B /* Release */ = {
			isa = XCBuildConfiguration;
			buildSettings = {
				ALWAYS_SEARCH_USER_PATHS = NO;
				CLANG_CXX_LANGUAGE_STANDARD = "gnu++0x";
				CLANG_CXX_LIBRARY = "libc++";
				CLANG_ENABLE_MODULES = YES;
				CLANG_ENABLE_OBJC_ARC = YES;
				CLANG_WARN_BOOL_CONVERSION = YES;
				CLANG_WARN_CONSTANT_CONVERSION = YES;
				CLANG_WARN_DIRECT_OBJC_ISA_USAGE = YES_ERROR;
				CLANG_WARN_EMPTY_BODY = YES;
				CLANG_WARN_ENUM_CONVERSION = YES;
				CLANG_WARN_INT_CONVERSION = YES;
				CLANG_WARN_OBJC_ROOT_CLASS = YES_ERROR;
				CLANG_WARN__DUPLICATE_METHOD_MATCH = YES;
				"CODE_SIGN_IDENTITY[sdk=iphoneos*]" = "iPhone Developer";
				COPY_PHASE_STRIP = YES;
				ENABLE_NS_ASSERTIONS = NO;
				GCC_C_LANGUAGE_STANDARD = gnu99;
				GCC_WARN_64_TO_32_BIT_CONVERSION = YES;
				GCC_WARN_ABOUT_RETURN_TYPE = YES_ERROR;
				GCC_WARN_UNDECLARED_SELECTOR = YES;
				GCC_WARN_UNINITIALIZED_AUTOS = YES_AGGRESSIVE;
				GCC_WARN_UNUSED_FUNCTION = YES;
				GCC_WARN_UNUSED_VARIABLE = YES;
				IPHONEOS_DEPLOYMENT_TARGET = 7.0;
				"OTHER_LDFLAGS[arch=*]" = "-ObjC";
				SDKROOT = iphoneos;
				TARGETED_DEVICE_FAMILY = "1,2";
				VALIDATE_PRODUCT = YES;
			};
			name = Release;
		};
		A3A67EAB1902B67800BFAF7B /* Debug */ = {
			isa = XCBuildConfiguration;
			buildSettings = {
				ASSETCATALOG_COMPILER_APPICON_NAME = AppIcon;
				ASSETCATALOG_COMPILER_LAUNCHIMAGE_NAME = LaunchImage;
				CODE_SIGN_ENTITLEMENTS = KachiKachi/KachiKachi.entitlements;
				CODE_SIGN_IDENTITY = "iPhone Developer";
				"CODE_SIGN_IDENTITY[sdk=iphoneos*]" = "iPhone Developer: Ashish Prajapati (WYZSNN3FK4)";
				FRAMEWORK_SEARCH_PATHS = (
					"$(inherited)",
					"$(PROJECT_DIR)",
					"$(PROJECT_DIR)/KachiKachi/ThirdParty",
					"$(PROJECT_DIR)/KachiKachi/ThirdParty/PushApp/SDK",
					"$(PROJECT_DIR)/KachiKachi/ThirdParty/facebook",
				);
				GCC_PRECOMPILE_PREFIX_HEADER = YES;
				GCC_PREFIX_HEADER = "KachiKachi/KachiKachi-Prefix.pch";
				INFOPLIST_FILE = "KachiKachi/KachiKachi-Info.plist";
				IPHONEOS_DEPLOYMENT_TARGET = 6.0;
				LIBRARY_SEARCH_PATHS = (
					"$(inherited)",
					"$(SDKROOT)/usr/lib/system",
					"$(PROJECT_DIR)/KachiKachi/ThirdParty/Flurry",
					"$(PROJECT_DIR)/KachiKachi/ThirdParty/UserVoice",
					"$(PROJECT_DIR)/KachiKachi/ThirdParty/AF-iOS-SDK-v2.5.3.10",
				);
				PRODUCT_NAME = "$(TARGET_NAME)";
				PROVISIONING_PROFILE = "8dbf03ea-4747-4b38-8917-a30bfe567e1f";
				TARGETED_DEVICE_FAMILY = "1,2";
				WRAPPER_EXTENSION = app;
			};
			name = Debug;
		};
		A3A67EAC1902B67800BFAF7B /* Release */ = {
			isa = XCBuildConfiguration;
			buildSettings = {
				ASSETCATALOG_COMPILER_APPICON_NAME = AppIcon;
				ASSETCATALOG_COMPILER_LAUNCHIMAGE_NAME = LaunchImage;
				CODE_SIGN_ENTITLEMENTS = KachiKachi/KachiKachi.entitlements;
				CODE_SIGN_IDENTITY = "iPhone Distribution";
				"CODE_SIGN_IDENTITY[sdk=iphoneos*]" = "iPhone Distribution: Aismobileapps (J3X836PV78)";
				FRAMEWORK_SEARCH_PATHS = (
					"$(inherited)",
					"$(PROJECT_DIR)",
					"$(PROJECT_DIR)/KachiKachi/ThirdParty",
					"$(PROJECT_DIR)/KachiKachi/ThirdParty/PushApp/SDK",
					"$(PROJECT_DIR)/KachiKachi/ThirdParty/facebook",
				);
				GCC_PRECOMPILE_PREFIX_HEADER = YES;
				GCC_PREFIX_HEADER = "KachiKachi/KachiKachi-Prefix.pch";
				INFOPLIST_FILE = "KachiKachi/KachiKachi-Info.plist";
				IPHONEOS_DEPLOYMENT_TARGET = 6.0;
				LIBRARY_SEARCH_PATHS = (
					"$(inherited)",
					"$(SDKROOT)/usr/lib/system",
					"$(PROJECT_DIR)/KachiKachi/ThirdParty/Flurry",
					"$(PROJECT_DIR)/KachiKachi/ThirdParty/UserVoice",
					"$(PROJECT_DIR)/KachiKachi/ThirdParty/AF-iOS-SDK-v2.5.3.10",
				);
				PRODUCT_NAME = "$(TARGET_NAME)";
				PROVISIONING_PROFILE = "5e2cdc03-fd83-4e36-b0c1-468fe75abb64";
				TARGETED_DEVICE_FAMILY = "1,2";
				WRAPPER_EXTENSION = app;
			};
			name = Release;
		};
		A3A67EAE1902B67800BFAF7B /* Debug */ = {
			isa = XCBuildConfiguration;
			buildSettings = {
				BUNDLE_LOADER = "$(BUILT_PRODUCTS_DIR)/KachiKachi.app/KachiKachi";
				FRAMEWORK_SEARCH_PATHS = (
					"$(SDKROOT)/Developer/Library/Frameworks",
					"$(inherited)",
					"$(DEVELOPER_FRAMEWORKS_DIR)",
				);
				GCC_PRECOMPILE_PREFIX_HEADER = YES;
				GCC_PREFIX_HEADER = "KachiKachi/KachiKachi-Prefix.pch";
				GCC_PREPROCESSOR_DEFINITIONS = (
					"DEBUG=1",
					"$(inherited)",
				);
				INFOPLIST_FILE = "KachiKachiTests/KachiKachiTests-Info.plist";
				PRODUCT_NAME = "$(TARGET_NAME)";
				TEST_HOST = "$(BUNDLE_LOADER)";
				WRAPPER_EXTENSION = xctest;
			};
			name = Debug;
		};
		A3A67EAF1902B67800BFAF7B /* Release */ = {
			isa = XCBuildConfiguration;
			buildSettings = {
				BUNDLE_LOADER = "$(BUILT_PRODUCTS_DIR)/KachiKachi.app/KachiKachi";
				FRAMEWORK_SEARCH_PATHS = (
					"$(SDKROOT)/Developer/Library/Frameworks",
					"$(inherited)",
					"$(DEVELOPER_FRAMEWORKS_DIR)",
				);
				GCC_PRECOMPILE_PREFIX_HEADER = YES;
				GCC_PREFIX_HEADER = "KachiKachi/KachiKachi-Prefix.pch";
				INFOPLIST_FILE = "KachiKachiTests/KachiKachiTests-Info.plist";
				PRODUCT_NAME = "$(TARGET_NAME)";
				TEST_HOST = "$(BUNDLE_LOADER)";
				WRAPPER_EXTENSION = xctest;
			};
			name = Release;
		};
/* End XCBuildConfiguration section */

/* Begin XCConfigurationList section */
		A3A67E701902B67700BFAF7B /* Build configuration list for PBXProject "KachiKachi" */ = {
			isa = XCConfigurationList;
			buildConfigurations = (
				A3A67EA81902B67800BFAF7B /* Debug */,
				A3A67EA91902B67800BFAF7B /* Release */,
			);
			defaultConfigurationIsVisible = 0;
			defaultConfigurationName = Release;
		};
		A3A67EAA1902B67800BFAF7B /* Build configuration list for PBXNativeTarget "KachiKachi" */ = {
			isa = XCConfigurationList;
			buildConfigurations = (
				A3A67EAB1902B67800BFAF7B /* Debug */,
				A3A67EAC1902B67800BFAF7B /* Release */,
			);
			defaultConfigurationIsVisible = 0;
			defaultConfigurationName = Release;
		};
		A3A67EAD1902B67800BFAF7B /* Build configuration list for PBXNativeTarget "KachiKachiTests" */ = {
			isa = XCConfigurationList;
			buildConfigurations = (
				A3A67EAE1902B67800BFAF7B /* Debug */,
				A3A67EAF1902B67800BFAF7B /* Release */,
			);
			defaultConfigurationIsVisible = 0;
			defaultConfigurationName = Release;
		};
/* End XCConfigurationList section */
	};
	rootObject = A3A67E6D1902B67700BFAF7B /* Project object */;
}
